// !$*UTF8*$!
{
	archiveVersion = 1;
	classes = {
	};
	objectVersion = 46;
	objects = {

/* Begin PBXAggregateTarget section */
		1E4F61E91621AD970033EFC5 /* AppInsights-iOS Framework */ = {
			isa = PBXAggregateTarget;
			buildConfigurationList = 1E4F61EA1621AD970033EFC5 /* Build configuration list for PBXAggregateTarget "AppInsights-iOS Framework" */;
			buildPhases = (
				1E4F61ED1621ADE70033EFC5 /* Build universal embedded framework */,
			);
			dependencies = (
				1E754E431621F6290070AB92 /* PBXTargetDependency */,
			);
			name = "AppInsights-iOS Framework";
			productName = "HockeySDK Framework";
		};
		1E8E66AD15BC3D7700632A2E /* AppInsights-iOS Documentation */ = {
			isa = PBXAggregateTarget;
			buildConfigurationList = 1E8E66B015BC3D7700632A2E /* Build configuration list for PBXAggregateTarget "AppInsights-iOS Documentation" */;
			buildPhases = (
				1E8E66B215BC3D8200632A2E /* ShellScript */,
			);
			dependencies = (
			);
			name = "AppInsights-iOS Documentation";
			productName = Documentation;
		};
/* End PBXAggregateTarget section */

/* Begin PBXBuildFile section */
		1B53FEBF1A6425240082F2E9 /* CrashReporter.framework in Frameworks */ = {isa = PBXBuildFile; fileRef = 1B53FEBE1A6425240082F2E9 /* CrashReporter.framework */; };
		1B53FEC01A6425240082F2E9 /* CrashReporter.framework in Frameworks */ = {isa = PBXBuildFile; fileRef = 1B53FEBE1A6425240082F2E9 /* CrashReporter.framework */; };
		1B62F4D81A692A3200EB5AD0 /* MSAIContext.h in Headers */ = {isa = PBXBuildFile; fileRef = 1B62F4D61A692A3200EB5AD0 /* MSAIContext.h */; };
		1B62F4D91A692A3200EB5AD0 /* MSAIContext.m in Sources */ = {isa = PBXBuildFile; fileRef = 1B62F4D71A692A3200EB5AD0 /* MSAIContext.m */; };
		1B8688D51A6D852E0008CEE9 /* AppInsights-iOS-Info.plist in Resources */ = {isa = PBXBuildFile; fileRef = 1EDA60CF15C2C1450032D10B /* AppInsights-iOS-Info.plist */; };
		1BBBCF341A6594AE00253031 /* MSAIChannel.h in Headers */ = {isa = PBXBuildFile; fileRef = 1BBBCF2E1A6594AE00253031 /* MSAIChannel.h */; };
		1BBBCF351A6594AE00253031 /* MSAIChannel.m in Sources */ = {isa = PBXBuildFile; fileRef = 1BBBCF2F1A6594AE00253031 /* MSAIChannel.m */; };
		1BBBCF361A6594AE00253031 /* MSAITelemetryContext.h in Headers */ = {isa = PBXBuildFile; fileRef = 1BBBCF301A6594AE00253031 /* MSAITelemetryContext.h */; };
		1BBBCF371A6594AE00253031 /* MSAITelemetryContext.m in Sources */ = {isa = PBXBuildFile; fileRef = 1BBBCF311A6594AE00253031 /* MSAITelemetryContext.m */; };
		1BC4F2241A66D7B500A80E7F /* MSAIApplication.h in Headers */ = {isa = PBXBuildFile; fileRef = 1BC4F1F31A66D7B500A80E7F /* MSAIApplication.h */; };
		1BC4F2251A66D7B500A80E7F /* MSAIApplication.m in Sources */ = {isa = PBXBuildFile; fileRef = 1BC4F1F41A66D7B500A80E7F /* MSAIApplication.m */; };
		1BC4F2261A66D7B500A80E7F /* MSAIBase.h in Headers */ = {isa = PBXBuildFile; fileRef = 1BC4F1F51A66D7B500A80E7F /* MSAIBase.h */; };
		1BC4F2271A66D7B500A80E7F /* MSAIBase.m in Sources */ = {isa = PBXBuildFile; fileRef = 1BC4F1F61A66D7B500A80E7F /* MSAIBase.m */; };
		1BC4F2281A66D7B500A80E7F /* MSAIData.h in Headers */ = {isa = PBXBuildFile; fileRef = 1BC4F1F71A66D7B500A80E7F /* MSAIData.h */; };
		1BC4F2291A66D7B500A80E7F /* MSAIData.m in Sources */ = {isa = PBXBuildFile; fileRef = 1BC4F1F81A66D7B500A80E7F /* MSAIData.m */; };
		1BC4F22A1A66D7B500A80E7F /* MSAIDataPoint.h in Headers */ = {isa = PBXBuildFile; fileRef = 1BC4F1F91A66D7B500A80E7F /* MSAIDataPoint.h */; };
		1BC4F22B1A66D7B500A80E7F /* MSAIDataPoint.m in Sources */ = {isa = PBXBuildFile; fileRef = 1BC4F1FA1A66D7B500A80E7F /* MSAIDataPoint.m */; };
		1BC4F22C1A66D7B500A80E7F /* MSAIDataPointType.h in Headers */ = {isa = PBXBuildFile; fileRef = 1BC4F1FB1A66D7B500A80E7F /* MSAIDataPointType.h */; };
		1BC4F22D1A66D7B500A80E7F /* MSAIDependencyKind.h in Headers */ = {isa = PBXBuildFile; fileRef = 1BC4F1FC1A66D7B500A80E7F /* MSAIDependencyKind.h */; };
		1BC4F22E1A66D7B500A80E7F /* MSAIDependencySourceType.h in Headers */ = {isa = PBXBuildFile; fileRef = 1BC4F1FD1A66D7B500A80E7F /* MSAIDependencySourceType.h */; };
		1BC4F22F1A66D7B500A80E7F /* MSAIDevice.h in Headers */ = {isa = PBXBuildFile; fileRef = 1BC4F1FE1A66D7B500A80E7F /* MSAIDevice.h */; };
		1BC4F2301A66D7B500A80E7F /* MSAIDevice.m in Sources */ = {isa = PBXBuildFile; fileRef = 1BC4F1FF1A66D7B500A80E7F /* MSAIDevice.m */; };
		1BC4F2311A66D7B500A80E7F /* MSAIDomain.h in Headers */ = {isa = PBXBuildFile; fileRef = 1BC4F2001A66D7B500A80E7F /* MSAIDomain.h */; };
		1BC4F2321A66D7B500A80E7F /* MSAIDomain.m in Sources */ = {isa = PBXBuildFile; fileRef = 1BC4F2011A66D7B500A80E7F /* MSAIDomain.m */; };
		1BC4F2331A66D7B500A80E7F /* MSAIEnums.h in Headers */ = {isa = PBXBuildFile; fileRef = 1BC4F2021A66D7B500A80E7F /* MSAIEnums.h */; };
		1BC4F2341A66D7B500A80E7F /* MSAIEnvelope.h in Headers */ = {isa = PBXBuildFile; fileRef = 1BC4F2031A66D7B500A80E7F /* MSAIEnvelope.h */; };
		1BC4F2351A66D7B500A80E7F /* MSAIEnvelope.m in Sources */ = {isa = PBXBuildFile; fileRef = 1BC4F2041A66D7B500A80E7F /* MSAIEnvelope.m */; };
		1BC4F2361A66D7B500A80E7F /* MSAIEventData.h in Headers */ = {isa = PBXBuildFile; fileRef = 1BC4F2051A66D7B500A80E7F /* MSAIEventData.h */; };
		1BC4F2371A66D7B500A80E7F /* MSAIEventData.m in Sources */ = {isa = PBXBuildFile; fileRef = 1BC4F2061A66D7B500A80E7F /* MSAIEventData.m */; };
		1BC4F2381A66D7B500A80E7F /* MSAIExceptionData.h in Headers */ = {isa = PBXBuildFile; fileRef = 1BC4F2071A66D7B500A80E7F /* MSAIExceptionData.h */; };
		1BC4F2391A66D7B500A80E7F /* MSAIExceptionData.m in Sources */ = {isa = PBXBuildFile; fileRef = 1BC4F2081A66D7B500A80E7F /* MSAIExceptionData.m */; };
		1BC4F23A1A66D7B500A80E7F /* MSAIExceptionDetails.h in Headers */ = {isa = PBXBuildFile; fileRef = 1BC4F2091A66D7B500A80E7F /* MSAIExceptionDetails.h */; };
		1BC4F23B1A66D7B500A80E7F /* MSAIExceptionDetails.m in Sources */ = {isa = PBXBuildFile; fileRef = 1BC4F20A1A66D7B500A80E7F /* MSAIExceptionDetails.m */; };
		1BC4F23C1A66D7B500A80E7F /* MSAIInternal.h in Headers */ = {isa = PBXBuildFile; fileRef = 1BC4F20B1A66D7B500A80E7F /* MSAIInternal.h */; };
		1BC4F23D1A66D7B500A80E7F /* MSAIInternal.m in Sources */ = {isa = PBXBuildFile; fileRef = 1BC4F20C1A66D7B500A80E7F /* MSAIInternal.m */; };
		1BC4F23E1A66D7B500A80E7F /* MSAILocation.h in Headers */ = {isa = PBXBuildFile; fileRef = 1BC4F20D1A66D7B500A80E7F /* MSAILocation.h */; };
		1BC4F23F1A66D7B500A80E7F /* MSAILocation.m in Sources */ = {isa = PBXBuildFile; fileRef = 1BC4F20E1A66D7B500A80E7F /* MSAILocation.m */; };
		1BC4F2401A66D7B500A80E7F /* MSAIMessageData.h in Headers */ = {isa = PBXBuildFile; fileRef = 1BC4F20F1A66D7B500A80E7F /* MSAIMessageData.h */; };
		1BC4F2411A66D7B500A80E7F /* MSAIMessageData.m in Sources */ = {isa = PBXBuildFile; fileRef = 1BC4F2101A66D7B500A80E7F /* MSAIMessageData.m */; };
		1BC4F2421A66D7B500A80E7F /* MSAIMetricData.h in Headers */ = {isa = PBXBuildFile; fileRef = 1BC4F2111A66D7B500A80E7F /* MSAIMetricData.h */; };
		1BC4F2431A66D7B500A80E7F /* MSAIMetricData.m in Sources */ = {isa = PBXBuildFile; fileRef = 1BC4F2121A66D7B500A80E7F /* MSAIMetricData.m */; };
		1BC4F2441A66D7B500A80E7F /* MSAIOperation.h in Headers */ = {isa = PBXBuildFile; fileRef = 1BC4F2131A66D7B500A80E7F /* MSAIOperation.h */; };
		1BC4F2451A66D7B500A80E7F /* MSAIOperation.m in Sources */ = {isa = PBXBuildFile; fileRef = 1BC4F2141A66D7B500A80E7F /* MSAIOperation.m */; };
		1BC4F2461A66D7B500A80E7F /* MSAIPageViewData.h in Headers */ = {isa = PBXBuildFile; fileRef = 1BC4F2151A66D7B500A80E7F /* MSAIPageViewData.h */; };
		1BC4F2471A66D7B500A80E7F /* MSAIPageViewData.m in Sources */ = {isa = PBXBuildFile; fileRef = 1BC4F2161A66D7B500A80E7F /* MSAIPageViewData.m */; };
		1BC4F2481A66D7B500A80E7F /* MSAIPageViewPerfData.h in Headers */ = {isa = PBXBuildFile; fileRef = 1BC4F2171A66D7B500A80E7F /* MSAIPageViewPerfData.h */; };
		1BC4F2491A66D7B500A80E7F /* MSAIPageViewPerfData.m in Sources */ = {isa = PBXBuildFile; fileRef = 1BC4F2181A66D7B500A80E7F /* MSAIPageViewPerfData.m */; };
		1BC4F24A1A66D7B500A80E7F /* MSAIRemoteDependencyData.h in Headers */ = {isa = PBXBuildFile; fileRef = 1BC4F2191A66D7B500A80E7F /* MSAIRemoteDependencyData.h */; };
		1BC4F24B1A66D7B500A80E7F /* MSAIRemoteDependencyData.m in Sources */ = {isa = PBXBuildFile; fileRef = 1BC4F21A1A66D7B500A80E7F /* MSAIRemoteDependencyData.m */; };
		1BC4F24C1A66D7B500A80E7F /* MSAIRequestData.h in Headers */ = {isa = PBXBuildFile; fileRef = 1BC4F21B1A66D7B500A80E7F /* MSAIRequestData.h */; };
		1BC4F24D1A66D7B500A80E7F /* MSAIRequestData.m in Sources */ = {isa = PBXBuildFile; fileRef = 1BC4F21C1A66D7B500A80E7F /* MSAIRequestData.m */; };
		1BC4F24E1A66D7B500A80E7F /* MSAISession.h in Headers */ = {isa = PBXBuildFile; fileRef = 1BC4F21D1A66D7B500A80E7F /* MSAISession.h */; };
		1BC4F24F1A66D7B500A80E7F /* MSAISession.m in Sources */ = {isa = PBXBuildFile; fileRef = 1BC4F21E1A66D7B500A80E7F /* MSAISession.m */; };
		1BC4F2501A66D7B500A80E7F /* MSAISeverityLevel.h in Headers */ = {isa = PBXBuildFile; fileRef = 1BC4F21F1A66D7B500A80E7F /* MSAISeverityLevel.h */; };
		1BC4F2511A66D7B500A80E7F /* MSAIStackFrame.h in Headers */ = {isa = PBXBuildFile; fileRef = 1BC4F2201A66D7B500A80E7F /* MSAIStackFrame.h */; };
		1BC4F2521A66D7B500A80E7F /* MSAIStackFrame.m in Sources */ = {isa = PBXBuildFile; fileRef = 1BC4F2211A66D7B500A80E7F /* MSAIStackFrame.m */; };
		1BC4F2531A66D7B500A80E7F /* MSAIUser.h in Headers */ = {isa = PBXBuildFile; fileRef = 1BC4F2221A66D7B500A80E7F /* MSAIUser.h */; };
		1BC4F2541A66D7B500A80E7F /* MSAIUser.m in Sources */ = {isa = PBXBuildFile; fileRef = 1BC4F2231A66D7B500A80E7F /* MSAIUser.m */; };
		1BC4F2591A66D7BE00A80E7F /* MSAIObject.h in Headers */ = {isa = PBXBuildFile; fileRef = 1BC4F2551A66D7BE00A80E7F /* MSAIObject.h */; };
		1BC4F25A1A66D7BE00A80E7F /* MSAIObject.m in Sources */ = {isa = PBXBuildFile; fileRef = 1BC4F2561A66D7BE00A80E7F /* MSAIObject.m */; };
		1BC4F25B1A66D7BE00A80E7F /* MSAITelemetryData.h in Headers */ = {isa = PBXBuildFile; fileRef = 1BC4F2571A66D7BE00A80E7F /* MSAITelemetryData.h */; };
		1BC4F25C1A66D7BE00A80E7F /* MSAITelemetryData.m in Sources */ = {isa = PBXBuildFile; fileRef = 1BC4F2581A66D7BE00A80E7F /* MSAITelemetryData.m */; };
		1BE29B371A6E58860014A10F /* MSAIMetricsManagerTests.m in Sources */ = {isa = PBXBuildFile; fileRef = 1BE29B361A6E58860014A10F /* MSAIMetricsManagerTests.m */; };
		1BE29B391A6E76490014A10F /* MSAIChannelTests.m in Sources */ = {isa = PBXBuildFile; fileRef = 1BE29B381A6E76490014A10F /* MSAIChannelTests.m */; };
		1E0FEE28173BDB260061331F /* MSAIKeychainUtils.h in Headers */ = {isa = PBXBuildFile; fileRef = 1E0FEE26173BDB260061331F /* MSAIKeychainUtils.h */; };
		1E0FEE29173BDB260061331F /* MSAIKeychainUtils.m in Sources */ = {isa = PBXBuildFile; fileRef = 1E0FEE27173BDB260061331F /* MSAIKeychainUtils.m */; };
		1E49A4AF161222B900463151 /* MSAIBaseManager.h in Headers */ = {isa = PBXBuildFile; fileRef = 1E49A4A0161222B900463151 /* MSAIBaseManager.h */; settings = {ATTRIBUTES = (Public, ); }; };
		1E49A4B2161222B900463151 /* MSAIBaseManager.m in Sources */ = {isa = PBXBuildFile; fileRef = 1E49A4A1161222B900463151 /* MSAIBaseManager.m */; };
		1E49A4BE161222B900463151 /* MSAIHelper.h in Headers */ = {isa = PBXBuildFile; fileRef = 1E49A4A5161222B900463151 /* MSAIHelper.h */; };
		1E49A4C1161222B900463151 /* MSAIHelper.m in Sources */ = {isa = PBXBuildFile; fileRef = 1E49A4A6161222B900463151 /* MSAIHelper.m */; };
		1E49A4D8161222D400463151 /* AppInsightsPrivate.h in Headers */ = {isa = PBXBuildFile; fileRef = 1E49A4D4161222D400463151 /* AppInsightsPrivate.h */; };
		1E49A4DB161222D400463151 /* AppInsightsPrivate.m in Sources */ = {isa = PBXBuildFile; fileRef = 1E49A4D5161222D400463151 /* AppInsightsPrivate.m */; };
		1E566D071A275C4C0070F514 /* MSAICrashReportTextFormatterTests.m in Sources */ = {isa = PBXBuildFile; fileRef = 1E566D061A275C4C0070F514 /* MSAICrashReportTextFormatterTests.m */; };
		1E5954D315B6F24A00A03429 /* MSAITelemetryManager.m in Sources */ = {isa = PBXBuildFile; fileRef = E41EB466148D7BF50015DEDC /* MSAITelemetryManager.m */; };
		1E5954DC15B6F24A00A03429 /* Foundation.framework in Frameworks */ = {isa = PBXBuildFile; fileRef = E400561D148D79B500EB22B9 /* Foundation.framework */; };
		1E59559A15B6FDA500A03429 /* MSAITelemetryManager.h in Headers */ = {isa = PBXBuildFile; fileRef = E41EB465148D7BF50015DEDC /* MSAITelemetryManager.h */; settings = {ATTRIBUTES = (Public, ); }; };
		1E59559B15B6FDA500A03429 /* AppInsights.h in Headers */ = {isa = PBXBuildFile; fileRef = 1E71509A15B5C76F004E88FF /* AppInsights.h */; settings = {ATTRIBUTES = (Public, ); }; };
		1E5955FD15B7877B00A03429 /* MSAITelemetryManagerDelegate.h in Headers */ = {isa = PBXBuildFile; fileRef = 1E5955FA15B7877A00A03429 /* MSAITelemetryManagerDelegate.h */; settings = {ATTRIBUTES = (Public, ); }; };
		1E5A459516F0DFC200B55C04 /* Foundation.framework in Frameworks */ = {isa = PBXBuildFile; fileRef = E400561D148D79B500EB22B9 /* Foundation.framework */; };
		1E67961719816B9200B6DA20 /* CFNetwork.framework in Frameworks */ = {isa = PBXBuildFile; fileRef = 1E67961619816B9200B6DA20 /* CFNetwork.framework */; };
		1E67961819816B9A00B6DA20 /* CFNetwork.framework in Frameworks */ = {isa = PBXBuildFile; fileRef = 1E67961619816B9200B6DA20 /* CFNetwork.framework */; };
		1E70A23217F2F982001BB32D /* live_report_empty.plcrash in Resources */ = {isa = PBXBuildFile; fileRef = 1E70A22F17F2F982001BB32D /* live_report_empty.plcrash */; };
		1E70A23317F2F982001BB32D /* live_report_exception.plcrash in Resources */ = {isa = PBXBuildFile; fileRef = 1E70A23017F2F982001BB32D /* live_report_exception.plcrash */; };
		1E70A23417F2F982001BB32D /* live_report_signal.plcrash in Resources */ = {isa = PBXBuildFile; fileRef = 1E70A23117F2F982001BB32D /* live_report_signal.plcrash */; };
		1E70A23617F31B82001BB32D /* MSAIHelperTests.m in Sources */ = {isa = PBXBuildFile; fileRef = 1E70A23517F31B82001BB32D /* MSAIHelperTests.m */; };
		1E754E5C1621FBB70070AB92 /* MSAICrashManager.h in Headers */ = {isa = PBXBuildFile; fileRef = 1E754E561621FBB70070AB92 /* MSAICrashManager.h */; settings = {ATTRIBUTES = (Public, ); }; };
		1E754E5D1621FBB70070AB92 /* MSAICrashManager.m in Sources */ = {isa = PBXBuildFile; fileRef = 1E754E571621FBB70070AB92 /* MSAICrashManager.m */; };
		1E754E5E1621FBB70070AB92 /* MSAICrashManagerDelegate.h in Headers */ = {isa = PBXBuildFile; fileRef = 1E754E581621FBB70070AB92 /* MSAICrashManagerDelegate.h */; settings = {ATTRIBUTES = (Public, ); }; };
		1E754E601621FBB70070AB92 /* MSAICrashReportTextFormatter.h in Headers */ = {isa = PBXBuildFile; fileRef = 1E754E5A1621FBB70070AB92 /* MSAICrashReportTextFormatter.h */; };
		1E754E611621FBB70070AB92 /* MSAICrashReportTextFormatter.m in Sources */ = {isa = PBXBuildFile; fileRef = 1E754E5B1621FBB70070AB92 /* MSAICrashReportTextFormatter.m */; };
		1E7A45FC16F54FB5005B08F1 /* OCHamcrestIOS.framework in Frameworks */ = {isa = PBXBuildFile; fileRef = 1E7A45FA16F54FB5005B08F1 /* OCHamcrestIOS.framework */; };
		1E7A45FD16F54FB5005B08F1 /* OCMockitoIOS.framework in Frameworks */ = {isa = PBXBuildFile; fileRef = 1E7A45FB16F54FB5005B08F1 /* OCMockitoIOS.framework */; };
		1E84DB3417E099BA00AC83FD /* AppInsightsFeatureConfig.h in Headers */ = {isa = PBXBuildFile; fileRef = 1E84DB3317E0977C00AC83FD /* AppInsightsFeatureConfig.h */; settings = {ATTRIBUTES = (Public, ); }; };
		1E90FD7318EDB86400CF0417 /* MSAICrashDetails.h in Headers */ = {isa = PBXBuildFile; fileRef = 1E90FD7118EDB86400CF0417 /* MSAICrashDetails.h */; settings = {ATTRIBUTES = (Public, ); }; };
		1E90FD7418EDB86400CF0417 /* MSAICrashDetails.m in Sources */ = {isa = PBXBuildFile; fileRef = 1E90FD7218EDB86400CF0417 /* MSAICrashDetails.m */; };
		1EA1170016F4D32C001C015C /* libAppInsights-iOS.a in Frameworks */ = {isa = PBXBuildFile; fileRef = 1E5954F215B6F24A00A03429 /* libAppInsights-iOS.a */; };
		1EA1170716F53B91001C015C /* MSAITestHelper.m in Sources */ = {isa = PBXBuildFile; fileRef = 1EA1170616F53B91001C015C /* MSAITestHelper.m */; };
		1EB2E4C618FD4CEA008BB1CF /* MSAIMetricsManager.h in Headers */ = {isa = PBXBuildFile; fileRef = 1EB2E4C418FD4CEA008BB1CF /* MSAIMetricsManager.h */; settings = {ATTRIBUTES = (Public, ); }; };
		1EB2E4C718FD4CEA008BB1CF /* MSAIMetricsManager.m in Sources */ = {isa = PBXBuildFile; fileRef = 1EB2E4C518FD4CEA008BB1CF /* MSAIMetricsManager.m */; };
		1EC29CD11A5EE7DD0031071D /* MSAIMetricsSession.h in Headers */ = {isa = PBXBuildFile; fileRef = 1EC29CCF1A5EE7DD0031071D /* MSAIMetricsSession.h */; };
		1EC29CD21A5EE7DD0031071D /* MSAIMetricsSession.m in Sources */ = {isa = PBXBuildFile; fileRef = 1EC29CD01A5EE7DD0031071D /* MSAIMetricsSession.m */; };
		1ECA8F4D192B5BD8006B9416 /* MSAICrashDetailsPrivate.h in Headers */ = {isa = PBXBuildFile; fileRef = 1ECA8F4B192B5BD8006B9416 /* MSAICrashDetailsPrivate.h */; };
		1ECA8F51192B6954006B9416 /* MSAICrashMetaData.h in Headers */ = {isa = PBXBuildFile; fileRef = 1ECA8F4F192B6954006B9416 /* MSAICrashMetaData.h */; settings = {ATTRIBUTES = (Public, ); }; };
		1ECA8F52192B6954006B9416 /* MSAICrashMetaData.m in Sources */ = {isa = PBXBuildFile; fileRef = 1ECA8F50192B6954006B9416 /* MSAICrashMetaData.m */; };
		1EFF03E517F2485500A5F13C /* MSAICrashManagerTests.m in Sources */ = {isa = PBXBuildFile; fileRef = 1EFF03E417F2485500A5F13C /* MSAICrashManagerTests.m */; };
		E40E0B0917DA19DC005E38C1 /* MSAIAppClientTests.m in Sources */ = {isa = PBXBuildFile; fileRef = E40E0B0817DA19DC005E38C1 /* MSAIAppClientTests.m */; };
		E40E0B0C17DA1AFF005E38C1 /* MSAIAppClient.h in Headers */ = {isa = PBXBuildFile; fileRef = E40E0B0A17DA1AFF005E38C1 /* MSAIAppClient.h */; };
		E40E0B0D17DA1AFF005E38C1 /* MSAIAppClient.m in Sources */ = {isa = PBXBuildFile; fileRef = E40E0B0B17DA1AFF005E38C1 /* MSAIAppClient.m */; };
		E4507E4317F0658F00171A0D /* MSAIKeychainUtilsTests.m in Sources */ = {isa = PBXBuildFile; fileRef = E4507E4217F0658F00171A0D /* MSAIKeychainUtilsTests.m */; };
		E4933E8017B66CDA00B11ACC /* MSAIHTTPOperation.h in Headers */ = {isa = PBXBuildFile; fileRef = E4933E7E17B66CDA00B11ACC /* MSAIHTTPOperation.h */; };
		E4933E8117B66CDA00B11ACC /* MSAIHTTPOperation.m in Sources */ = {isa = PBXBuildFile; fileRef = E4933E7F17B66CDA00B11ACC /* MSAIHTTPOperation.m */; };
/* End PBXBuildFile section */

/* Begin PBXContainerItemProxy section */
		1E754E421621F6290070AB92 /* PBXContainerItemProxy */ = {
			isa = PBXContainerItemProxy;
			containerPortal = E4005611148D79B500EB22B9 /* Project object */;
			proxyType = 1;
			remoteGlobalIDString = 1E8E66AD15BC3D7700632A2E;
			remoteInfo = "HockeySDK Documentation";
		};
		1EA116FE16F4D302001C015C /* PBXContainerItemProxy */ = {
			isa = PBXContainerItemProxy;
			containerPortal = E4005611148D79B500EB22B9 /* Project object */;
			proxyType = 1;
			remoteGlobalIDString = 1E5954CB15B6F24A00A03429;
			remoteInfo = HockeySDK;
		};
/* End PBXContainerItemProxy section */

/* Begin PBXFileReference section */
		1B4D17E41A666EE30079D948 /* MSAIChannelPrivate.h */ = {isa = PBXFileReference; lastKnownFileType = sourcecode.c.h; path = MSAIChannelPrivate.h; sourceTree = "<group>"; };
		1B53FEBE1A6425240082F2E9 /* CrashReporter.framework */ = {isa = PBXFileReference; lastKnownFileType = wrapper.framework; name = CrashReporter.framework; path = ../Vendor/CrashReporter.framework; sourceTree = "<group>"; };
		1B62F4D61A692A3200EB5AD0 /* MSAIContext.h */ = {isa = PBXFileReference; fileEncoding = 4; lastKnownFileType = sourcecode.c.h; path = MSAIContext.h; sourceTree = "<group>"; };
		1B62F4D71A692A3200EB5AD0 /* MSAIContext.m */ = {isa = PBXFileReference; fileEncoding = 4; lastKnownFileType = sourcecode.c.objc; path = MSAIContext.m; sourceTree = "<group>"; };
		1B62F4DA1A692A6F00EB5AD0 /* MSAIContextPrivate.h */ = {isa = PBXFileReference; lastKnownFileType = sourcecode.c.h; path = MSAIContextPrivate.h; sourceTree = "<group>"; };
		1B62F4DB1A692B0D00EB5AD0 /* MSAIBaseManagerPrivate.h */ = {isa = PBXFileReference; lastKnownFileType = sourcecode.c.h; path = MSAIBaseManagerPrivate.h; sourceTree = "<group>"; };
		1BBBCF2E1A6594AE00253031 /* MSAIChannel.h */ = {isa = PBXFileReference; fileEncoding = 4; lastKnownFileType = sourcecode.c.h; path = MSAIChannel.h; sourceTree = "<group>"; };
		1BBBCF2F1A6594AE00253031 /* MSAIChannel.m */ = {isa = PBXFileReference; fileEncoding = 4; lastKnownFileType = sourcecode.c.objc; path = MSAIChannel.m; sourceTree = "<group>"; };
		1BBBCF301A6594AE00253031 /* MSAITelemetryContext.h */ = {isa = PBXFileReference; fileEncoding = 4; lastKnownFileType = sourcecode.c.h; path = MSAITelemetryContext.h; sourceTree = "<group>"; };
		1BBBCF311A6594AE00253031 /* MSAITelemetryContext.m */ = {isa = PBXFileReference; fileEncoding = 4; lastKnownFileType = sourcecode.c.objc; path = MSAITelemetryContext.m; sourceTree = "<group>"; };
		1BC4F1F31A66D7B500A80E7F /* MSAIApplication.h */ = {isa = PBXFileReference; fileEncoding = 4; lastKnownFileType = sourcecode.c.h; path = MSAIApplication.h; sourceTree = "<group>"; };
		1BC4F1F41A66D7B500A80E7F /* MSAIApplication.m */ = {isa = PBXFileReference; fileEncoding = 4; lastKnownFileType = sourcecode.c.objc; path = MSAIApplication.m; sourceTree = "<group>"; };
		1BC4F1F51A66D7B500A80E7F /* MSAIBase.h */ = {isa = PBXFileReference; fileEncoding = 4; lastKnownFileType = sourcecode.c.h; path = MSAIBase.h; sourceTree = "<group>"; };
		1BC4F1F61A66D7B500A80E7F /* MSAIBase.m */ = {isa = PBXFileReference; fileEncoding = 4; lastKnownFileType = sourcecode.c.objc; path = MSAIBase.m; sourceTree = "<group>"; };
		1BC4F1F71A66D7B500A80E7F /* MSAIData.h */ = {isa = PBXFileReference; fileEncoding = 4; lastKnownFileType = sourcecode.c.h; path = MSAIData.h; sourceTree = "<group>"; };
		1BC4F1F81A66D7B500A80E7F /* MSAIData.m */ = {isa = PBXFileReference; fileEncoding = 4; lastKnownFileType = sourcecode.c.objc; path = MSAIData.m; sourceTree = "<group>"; };
		1BC4F1F91A66D7B500A80E7F /* MSAIDataPoint.h */ = {isa = PBXFileReference; fileEncoding = 4; lastKnownFileType = sourcecode.c.h; path = MSAIDataPoint.h; sourceTree = "<group>"; };
		1BC4F1FA1A66D7B500A80E7F /* MSAIDataPoint.m */ = {isa = PBXFileReference; fileEncoding = 4; lastKnownFileType = sourcecode.c.objc; path = MSAIDataPoint.m; sourceTree = "<group>"; };
		1BC4F1FB1A66D7B500A80E7F /* MSAIDataPointType.h */ = {isa = PBXFileReference; fileEncoding = 4; lastKnownFileType = sourcecode.c.h; path = MSAIDataPointType.h; sourceTree = "<group>"; };
		1BC4F1FC1A66D7B500A80E7F /* MSAIDependencyKind.h */ = {isa = PBXFileReference; fileEncoding = 4; lastKnownFileType = sourcecode.c.h; path = MSAIDependencyKind.h; sourceTree = "<group>"; };
		1BC4F1FD1A66D7B500A80E7F /* MSAIDependencySourceType.h */ = {isa = PBXFileReference; fileEncoding = 4; lastKnownFileType = sourcecode.c.h; path = MSAIDependencySourceType.h; sourceTree = "<group>"; };
		1BC4F1FE1A66D7B500A80E7F /* MSAIDevice.h */ = {isa = PBXFileReference; fileEncoding = 4; lastKnownFileType = sourcecode.c.h; path = MSAIDevice.h; sourceTree = "<group>"; };
		1BC4F1FF1A66D7B500A80E7F /* MSAIDevice.m */ = {isa = PBXFileReference; fileEncoding = 4; lastKnownFileType = sourcecode.c.objc; path = MSAIDevice.m; sourceTree = "<group>"; };
		1BC4F2001A66D7B500A80E7F /* MSAIDomain.h */ = {isa = PBXFileReference; fileEncoding = 4; lastKnownFileType = sourcecode.c.h; path = MSAIDomain.h; sourceTree = "<group>"; };
		1BC4F2011A66D7B500A80E7F /* MSAIDomain.m */ = {isa = PBXFileReference; fileEncoding = 4; lastKnownFileType = sourcecode.c.objc; path = MSAIDomain.m; sourceTree = "<group>"; };
		1BC4F2021A66D7B500A80E7F /* MSAIEnums.h */ = {isa = PBXFileReference; fileEncoding = 4; lastKnownFileType = sourcecode.c.h; path = MSAIEnums.h; sourceTree = "<group>"; };
		1BC4F2031A66D7B500A80E7F /* MSAIEnvelope.h */ = {isa = PBXFileReference; fileEncoding = 4; lastKnownFileType = sourcecode.c.h; path = MSAIEnvelope.h; sourceTree = "<group>"; };
		1BC4F2041A66D7B500A80E7F /* MSAIEnvelope.m */ = {isa = PBXFileReference; fileEncoding = 4; lastKnownFileType = sourcecode.c.objc; path = MSAIEnvelope.m; sourceTree = "<group>"; };
		1BC4F2051A66D7B500A80E7F /* MSAIEventData.h */ = {isa = PBXFileReference; fileEncoding = 4; lastKnownFileType = sourcecode.c.h; path = MSAIEventData.h; sourceTree = "<group>"; };
		1BC4F2061A66D7B500A80E7F /* MSAIEventData.m */ = {isa = PBXFileReference; fileEncoding = 4; lastKnownFileType = sourcecode.c.objc; path = MSAIEventData.m; sourceTree = "<group>"; };
		1BC4F2071A66D7B500A80E7F /* MSAIExceptionData.h */ = {isa = PBXFileReference; fileEncoding = 4; lastKnownFileType = sourcecode.c.h; path = MSAIExceptionData.h; sourceTree = "<group>"; };
		1BC4F2081A66D7B500A80E7F /* MSAIExceptionData.m */ = {isa = PBXFileReference; fileEncoding = 4; lastKnownFileType = sourcecode.c.objc; path = MSAIExceptionData.m; sourceTree = "<group>"; };
		1BC4F2091A66D7B500A80E7F /* MSAIExceptionDetails.h */ = {isa = PBXFileReference; fileEncoding = 4; lastKnownFileType = sourcecode.c.h; path = MSAIExceptionDetails.h; sourceTree = "<group>"; };
		1BC4F20A1A66D7B500A80E7F /* MSAIExceptionDetails.m */ = {isa = PBXFileReference; fileEncoding = 4; lastKnownFileType = sourcecode.c.objc; path = MSAIExceptionDetails.m; sourceTree = "<group>"; };
		1BC4F20B1A66D7B500A80E7F /* MSAIInternal.h */ = {isa = PBXFileReference; fileEncoding = 4; lastKnownFileType = sourcecode.c.h; path = MSAIInternal.h; sourceTree = "<group>"; };
		1BC4F20C1A66D7B500A80E7F /* MSAIInternal.m */ = {isa = PBXFileReference; fileEncoding = 4; lastKnownFileType = sourcecode.c.objc; path = MSAIInternal.m; sourceTree = "<group>"; };
		1BC4F20D1A66D7B500A80E7F /* MSAILocation.h */ = {isa = PBXFileReference; fileEncoding = 4; lastKnownFileType = sourcecode.c.h; path = MSAILocation.h; sourceTree = "<group>"; };
		1BC4F20E1A66D7B500A80E7F /* MSAILocation.m */ = {isa = PBXFileReference; fileEncoding = 4; lastKnownFileType = sourcecode.c.objc; path = MSAILocation.m; sourceTree = "<group>"; };
		1BC4F20F1A66D7B500A80E7F /* MSAIMessageData.h */ = {isa = PBXFileReference; fileEncoding = 4; lastKnownFileType = sourcecode.c.h; path = MSAIMessageData.h; sourceTree = "<group>"; };
		1BC4F2101A66D7B500A80E7F /* MSAIMessageData.m */ = {isa = PBXFileReference; fileEncoding = 4; lastKnownFileType = sourcecode.c.objc; path = MSAIMessageData.m; sourceTree = "<group>"; };
		1BC4F2111A66D7B500A80E7F /* MSAIMetricData.h */ = {isa = PBXFileReference; fileEncoding = 4; lastKnownFileType = sourcecode.c.h; path = MSAIMetricData.h; sourceTree = "<group>"; };
		1BC4F2121A66D7B500A80E7F /* MSAIMetricData.m */ = {isa = PBXFileReference; fileEncoding = 4; lastKnownFileType = sourcecode.c.objc; path = MSAIMetricData.m; sourceTree = "<group>"; };
		1BC4F2131A66D7B500A80E7F /* MSAIOperation.h */ = {isa = PBXFileReference; fileEncoding = 4; lastKnownFileType = sourcecode.c.h; path = MSAIOperation.h; sourceTree = "<group>"; };
		1BC4F2141A66D7B500A80E7F /* MSAIOperation.m */ = {isa = PBXFileReference; fileEncoding = 4; lastKnownFileType = sourcecode.c.objc; path = MSAIOperation.m; sourceTree = "<group>"; };
		1BC4F2151A66D7B500A80E7F /* MSAIPageViewData.h */ = {isa = PBXFileReference; fileEncoding = 4; lastKnownFileType = sourcecode.c.h; path = MSAIPageViewData.h; sourceTree = "<group>"; };
		1BC4F2161A66D7B500A80E7F /* MSAIPageViewData.m */ = {isa = PBXFileReference; fileEncoding = 4; lastKnownFileType = sourcecode.c.objc; path = MSAIPageViewData.m; sourceTree = "<group>"; };
		1BC4F2171A66D7B500A80E7F /* MSAIPageViewPerfData.h */ = {isa = PBXFileReference; fileEncoding = 4; lastKnownFileType = sourcecode.c.h; path = MSAIPageViewPerfData.h; sourceTree = "<group>"; };
		1BC4F2181A66D7B500A80E7F /* MSAIPageViewPerfData.m */ = {isa = PBXFileReference; fileEncoding = 4; lastKnownFileType = sourcecode.c.objc; path = MSAIPageViewPerfData.m; sourceTree = "<group>"; };
		1BC4F2191A66D7B500A80E7F /* MSAIRemoteDependencyData.h */ = {isa = PBXFileReference; fileEncoding = 4; lastKnownFileType = sourcecode.c.h; path = MSAIRemoteDependencyData.h; sourceTree = "<group>"; };
		1BC4F21A1A66D7B500A80E7F /* MSAIRemoteDependencyData.m */ = {isa = PBXFileReference; fileEncoding = 4; lastKnownFileType = sourcecode.c.objc; path = MSAIRemoteDependencyData.m; sourceTree = "<group>"; };
		1BC4F21B1A66D7B500A80E7F /* MSAIRequestData.h */ = {isa = PBXFileReference; fileEncoding = 4; lastKnownFileType = sourcecode.c.h; path = MSAIRequestData.h; sourceTree = "<group>"; };
		1BC4F21C1A66D7B500A80E7F /* MSAIRequestData.m */ = {isa = PBXFileReference; fileEncoding = 4; lastKnownFileType = sourcecode.c.objc; path = MSAIRequestData.m; sourceTree = "<group>"; };
		1BC4F21D1A66D7B500A80E7F /* MSAISession.h */ = {isa = PBXFileReference; fileEncoding = 4; lastKnownFileType = sourcecode.c.h; path = MSAISession.h; sourceTree = "<group>"; };
		1BC4F21E1A66D7B500A80E7F /* MSAISession.m */ = {isa = PBXFileReference; fileEncoding = 4; lastKnownFileType = sourcecode.c.objc; path = MSAISession.m; sourceTree = "<group>"; };
		1BC4F21F1A66D7B500A80E7F /* MSAISeverityLevel.h */ = {isa = PBXFileReference; fileEncoding = 4; lastKnownFileType = sourcecode.c.h; path = MSAISeverityLevel.h; sourceTree = "<group>"; };
		1BC4F2201A66D7B500A80E7F /* MSAIStackFrame.h */ = {isa = PBXFileReference; fileEncoding = 4; lastKnownFileType = sourcecode.c.h; path = MSAIStackFrame.h; sourceTree = "<group>"; };
		1BC4F2211A66D7B500A80E7F /* MSAIStackFrame.m */ = {isa = PBXFileReference; fileEncoding = 4; lastKnownFileType = sourcecode.c.objc; path = MSAIStackFrame.m; sourceTree = "<group>"; };
		1BC4F2221A66D7B500A80E7F /* MSAIUser.h */ = {isa = PBXFileReference; fileEncoding = 4; lastKnownFileType = sourcecode.c.h; path = MSAIUser.h; sourceTree = "<group>"; };
		1BC4F2231A66D7B500A80E7F /* MSAIUser.m */ = {isa = PBXFileReference; fileEncoding = 4; lastKnownFileType = sourcecode.c.objc; path = MSAIUser.m; sourceTree = "<group>"; };
		1BC4F2551A66D7BE00A80E7F /* MSAIObject.h */ = {isa = PBXFileReference; fileEncoding = 4; lastKnownFileType = sourcecode.c.h; path = MSAIObject.h; sourceTree = "<group>"; };
		1BC4F2561A66D7BE00A80E7F /* MSAIObject.m */ = {isa = PBXFileReference; fileEncoding = 4; lastKnownFileType = sourcecode.c.objc; path = MSAIObject.m; sourceTree = "<group>"; };
		1BC4F2571A66D7BE00A80E7F /* MSAITelemetryData.h */ = {isa = PBXFileReference; fileEncoding = 4; lastKnownFileType = sourcecode.c.h; path = MSAITelemetryData.h; sourceTree = "<group>"; };
		1BC4F2581A66D7BE00A80E7F /* MSAITelemetryData.m */ = {isa = PBXFileReference; fileEncoding = 4; lastKnownFileType = sourcecode.c.objc; path = MSAITelemetryData.m; sourceTree = "<group>"; };
		1BE29B361A6E58860014A10F /* MSAIMetricsManagerTests.m */ = {isa = PBXFileReference; fileEncoding = 4; lastKnownFileType = sourcecode.c.objc; path = MSAIMetricsManagerTests.m; sourceTree = "<group>"; };
		1BE29B381A6E76490014A10F /* MSAIChannelTests.m */ = {isa = PBXFileReference; fileEncoding = 4; lastKnownFileType = sourcecode.c.objc; path = MSAIChannelTests.m; sourceTree = "<group>"; };
		1E0FEE26173BDB260061331F /* MSAIKeychainUtils.h */ = {isa = PBXFileReference; fileEncoding = 4; lastKnownFileType = sourcecode.c.h; path = MSAIKeychainUtils.h; sourceTree = "<group>"; };
		1E0FEE27173BDB260061331F /* MSAIKeychainUtils.m */ = {isa = PBXFileReference; fileEncoding = 4; lastKnownFileType = sourcecode.c.objc; path = MSAIKeychainUtils.m; sourceTree = "<group>"; };
		1E3A2B4C19645DC800D5BD66 /* AppInsights-Prefix.pch */ = {isa = PBXFileReference; lastKnownFileType = sourcecode.c.h; path = "AppInsights-Prefix.pch"; sourceTree = "<group>"; };
		1E49A4A0161222B900463151 /* MSAIBaseManager.h */ = {isa = PBXFileReference; fileEncoding = 4; lastKnownFileType = sourcecode.c.h; path = MSAIBaseManager.h; sourceTree = "<group>"; };
		1E49A4A1161222B900463151 /* MSAIBaseManager.m */ = {isa = PBXFileReference; fileEncoding = 4; lastKnownFileType = sourcecode.c.objc; path = MSAIBaseManager.m; sourceTree = "<group>"; };
		1E49A4A5161222B900463151 /* MSAIHelper.h */ = {isa = PBXFileReference; fileEncoding = 4; lastKnownFileType = sourcecode.c.h; path = MSAIHelper.h; sourceTree = "<group>"; };
		1E49A4A6161222B900463151 /* MSAIHelper.m */ = {isa = PBXFileReference; fileEncoding = 4; lastKnownFileType = sourcecode.c.objc; path = MSAIHelper.m; sourceTree = "<group>"; };
		1E49A4D4161222D400463151 /* AppInsightsPrivate.h */ = {isa = PBXFileReference; fileEncoding = 4; lastKnownFileType = sourcecode.c.h; path = AppInsightsPrivate.h; sourceTree = "<group>"; };
		1E49A4D5161222D400463151 /* AppInsightsPrivate.m */ = {isa = PBXFileReference; fileEncoding = 4; lastKnownFileType = sourcecode.c.objc; path = AppInsightsPrivate.m; sourceTree = "<group>"; };
		1E566D061A275C4C0070F514 /* MSAICrashReportTextFormatterTests.m */ = {isa = PBXFileReference; fileEncoding = 4; lastKnownFileType = sourcecode.c.objc; path = MSAICrashReportTextFormatterTests.m; sourceTree = "<group>"; };
		1E5954F215B6F24A00A03429 /* libAppInsights-iOS.a */ = {isa = PBXFileReference; explicitFileType = archive.ar; includeInIndex = 0; path = "libAppInsights-iOS.a"; sourceTree = BUILT_PRODUCTS_DIR; };
		1E5955FA15B7877A00A03429 /* MSAITelemetryManagerDelegate.h */ = {isa = PBXFileReference; fileEncoding = 4; lastKnownFileType = sourcecode.c.h; path = MSAITelemetryManagerDelegate.h; sourceTree = "<group>"; };
		1E5A459016F0DFC200B55C04 /* AppInsights-iOSTests.xctest */ = {isa = PBXFileReference; explicitFileType = wrapper.cfbundle; includeInIndex = 0; path = "AppInsights-iOSTests.xctest"; sourceTree = BUILT_PRODUCTS_DIR; };
		1E5A459816F0DFC200B55C04 /* AppInsights-iOSTests-Info.plist */ = {isa = PBXFileReference; lastKnownFileType = text.plist.xml; path = "AppInsights-iOSTests-Info.plist"; sourceTree = "<group>"; };
		1E5A459F16F0DFC200B55C04 /* AppInsights-iOSTests-Prefix.pch */ = {isa = PBXFileReference; lastKnownFileType = sourcecode.c.h; path = "AppInsights-iOSTests-Prefix.pch"; sourceTree = "<group>"; };
		1E66CA9115D4100500F35BED /* buildnumber.xcconfig */ = {isa = PBXFileReference; lastKnownFileType = text.xcconfig; path = buildnumber.xcconfig; sourceTree = "<group>"; };
		1E67961619816B9200B6DA20 /* CFNetwork.framework */ = {isa = PBXFileReference; lastKnownFileType = wrapper.framework; name = CFNetwork.framework; path = System/Library/Frameworks/CFNetwork.framework; sourceTree = SDKROOT; };
		1E70A22F17F2F982001BB32D /* live_report_empty.plcrash */ = {isa = PBXFileReference; fileEncoding = 4; lastKnownFileType = text; path = live_report_empty.plcrash; sourceTree = "<group>"; };
		1E70A23017F2F982001BB32D /* live_report_exception.plcrash */ = {isa = PBXFileReference; lastKnownFileType = file; path = live_report_exception.plcrash; sourceTree = "<group>"; };
		1E70A23117F2F982001BB32D /* live_report_signal.plcrash */ = {isa = PBXFileReference; lastKnownFileType = file; path = live_report_signal.plcrash; sourceTree = "<group>"; };
		1E70A23517F31B82001BB32D /* MSAIHelperTests.m */ = {isa = PBXFileReference; fileEncoding = 4; lastKnownFileType = sourcecode.c.objc; path = MSAIHelperTests.m; sourceTree = "<group>"; };
		1E71509A15B5C76F004E88FF /* AppInsights.h */ = {isa = PBXFileReference; fileEncoding = 4; lastKnownFileType = sourcecode.c.h; path = AppInsights.h; sourceTree = "<group>"; };
		1E754DC61621BC170070AB92 /* AppInsights.xcconfig */ = {isa = PBXFileReference; lastKnownFileType = text.xcconfig; path = AppInsights.xcconfig; sourceTree = "<group>"; };
		1E754E561621FBB70070AB92 /* MSAICrashManager.h */ = {isa = PBXFileReference; fileEncoding = 4; lastKnownFileType = sourcecode.c.h; path = MSAICrashManager.h; sourceTree = "<group>"; };
		1E754E571621FBB70070AB92 /* MSAICrashManager.m */ = {isa = PBXFileReference; fileEncoding = 4; lastKnownFileType = sourcecode.c.objc; path = MSAICrashManager.m; sourceTree = "<group>"; };
		1E754E581621FBB70070AB92 /* MSAICrashManagerDelegate.h */ = {isa = PBXFileReference; fileEncoding = 4; lastKnownFileType = sourcecode.c.h; path = MSAICrashManagerDelegate.h; sourceTree = "<group>"; };
		1E754E5A1621FBB70070AB92 /* MSAICrashReportTextFormatter.h */ = {isa = PBXFileReference; fileEncoding = 4; lastKnownFileType = sourcecode.c.h; path = MSAICrashReportTextFormatter.h; sourceTree = "<group>"; };
		1E754E5B1621FBB70070AB92 /* MSAICrashReportTextFormatter.m */ = {isa = PBXFileReference; fileEncoding = 4; lastKnownFileType = sourcecode.c.objc; path = MSAICrashReportTextFormatter.m; sourceTree = "<group>"; };
		1E7A45FA16F54FB5005B08F1 /* OCHamcrestIOS.framework */ = {isa = PBXFileReference; lastKnownFileType = wrapper.framework; path = OCHamcrestIOS.framework; sourceTree = "<group>"; };
		1E7A45FB16F54FB5005B08F1 /* OCMockitoIOS.framework */ = {isa = PBXFileReference; lastKnownFileType = wrapper.framework; path = OCMockitoIOS.framework; sourceTree = "<group>"; };
		1E84DB3317E0977C00AC83FD /* AppInsightsFeatureConfig.h */ = {isa = PBXFileReference; lastKnownFileType = sourcecode.c.h; path = AppInsightsFeatureConfig.h; sourceTree = "<group>"; };
		1E90FD7118EDB86400CF0417 /* MSAICrashDetails.h */ = {isa = PBXFileReference; fileEncoding = 4; lastKnownFileType = sourcecode.c.h; path = MSAICrashDetails.h; sourceTree = "<group>"; };
		1E90FD7218EDB86400CF0417 /* MSAICrashDetails.m */ = {isa = PBXFileReference; fileEncoding = 4; lastKnownFileType = sourcecode.c.objc; path = MSAICrashDetails.m; sourceTree = "<group>"; };
		1E91D84619B924E600E9616D /* module.modulemap */ = {isa = PBXFileReference; lastKnownFileType = "sourcecode.module-map"; path = module.modulemap; sourceTree = "<group>"; };
		1EA1170516F53B91001C015C /* MSAITestHelper.h */ = {isa = PBXFileReference; fileEncoding = 4; lastKnownFileType = sourcecode.c.h; path = MSAITestHelper.h; sourceTree = "<group>"; };
		1EA1170616F53B91001C015C /* MSAITestHelper.m */ = {isa = PBXFileReference; fileEncoding = 4; lastKnownFileType = sourcecode.c.objc; path = MSAITestHelper.m; sourceTree = "<group>"; };
		1EB2E4C418FD4CEA008BB1CF /* MSAIMetricsManager.h */ = {isa = PBXFileReference; fileEncoding = 4; lastKnownFileType = sourcecode.c.h; path = MSAIMetricsManager.h; sourceTree = "<group>"; };
		1EB2E4C518FD4CEA008BB1CF /* MSAIMetricsManager.m */ = {isa = PBXFileReference; fileEncoding = 4; lastKnownFileType = sourcecode.c.objc; path = MSAIMetricsManager.m; sourceTree = "<group>"; };
		1EB2E4C818FD4E90008BB1CF /* MSAIMetricsManagerPrivate.h */ = {isa = PBXFileReference; lastKnownFileType = sourcecode.c.h; path = MSAIMetricsManagerPrivate.h; sourceTree = "<group>"; };
		1EC29CCF1A5EE7DD0031071D /* MSAIMetricsSession.h */ = {isa = PBXFileReference; fileEncoding = 4; lastKnownFileType = sourcecode.c.h; path = MSAIMetricsSession.h; sourceTree = "<group>"; };
		1EC29CD01A5EE7DD0031071D /* MSAIMetricsSession.m */ = {isa = PBXFileReference; fileEncoding = 4; lastKnownFileType = sourcecode.c.objc; path = MSAIMetricsSession.m; sourceTree = "<group>"; };
		1ECA8F4B192B5BD8006B9416 /* MSAICrashDetailsPrivate.h */ = {isa = PBXFileReference; fileEncoding = 4; lastKnownFileType = sourcecode.c.h; path = MSAICrashDetailsPrivate.h; sourceTree = "<group>"; };
		1ECA8F4F192B6954006B9416 /* MSAICrashMetaData.h */ = {isa = PBXFileReference; fileEncoding = 4; lastKnownFileType = sourcecode.c.h; path = MSAICrashMetaData.h; sourceTree = "<group>"; };
		1ECA8F50192B6954006B9416 /* MSAICrashMetaData.m */ = {isa = PBXFileReference; fileEncoding = 4; lastKnownFileType = sourcecode.c.objc; path = MSAICrashMetaData.m; sourceTree = "<group>"; };
		1EDA60CF15C2C1450032D10B /* AppInsights-iOS-Info.plist */ = {isa = PBXFileReference; lastKnownFileType = text.plist.xml; path = "AppInsights-iOS-Info.plist"; sourceTree = "<group>"; };
		1EFF03D717F20F8300A5F13C /* MSAICrashManagerPrivate.h */ = {isa = PBXFileReference; lastKnownFileType = sourcecode.c.h; path = MSAICrashManagerPrivate.h; sourceTree = "<group>"; };
		1EFF03E417F2485500A5F13C /* MSAICrashManagerTests.m */ = {isa = PBXFileReference; fileEncoding = 4; lastKnownFileType = sourcecode.c.objc; path = MSAICrashManagerTests.m; sourceTree = "<group>"; };
		9760F6C318BB4D2D00959B93 /* AssetsLibrary.framework */ = {isa = PBXFileReference; lastKnownFileType = wrapper.framework; name = AssetsLibrary.framework; path = System/Library/Frameworks/AssetsLibrary.framework; sourceTree = SDKROOT; };
		97BD9BD4191109730043FD59 /* QuickLook.framework */ = {isa = PBXFileReference; lastKnownFileType = wrapper.framework; name = QuickLook.framework; path = System/Library/Frameworks/QuickLook.framework; sourceTree = SDKROOT; };
		97CC11F81917C0310028768F /* MobileCoreServices.framework */ = {isa = PBXFileReference; lastKnownFileType = wrapper.framework; name = MobileCoreServices.framework; path = System/Library/Frameworks/MobileCoreServices.framework; sourceTree = SDKROOT; };
		E400561D148D79B500EB22B9 /* Foundation.framework */ = {isa = PBXFileReference; lastKnownFileType = wrapper.framework; name = Foundation.framework; path = System/Library/Frameworks/Foundation.framework; sourceTree = SDKROOT; };
		E40E0B0817DA19DC005E38C1 /* MSAIAppClientTests.m */ = {isa = PBXFileReference; fileEncoding = 4; lastKnownFileType = sourcecode.c.objc; path = MSAIAppClientTests.m; sourceTree = "<group>"; };
		E40E0B0A17DA1AFF005E38C1 /* MSAIAppClient.h */ = {isa = PBXFileReference; fileEncoding = 4; lastKnownFileType = sourcecode.c.h; path = MSAIAppClient.h; sourceTree = "<group>"; };
		E40E0B0B17DA1AFF005E38C1 /* MSAIAppClient.m */ = {isa = PBXFileReference; fileEncoding = 4; lastKnownFileType = sourcecode.c.objc; path = MSAIAppClient.m; sourceTree = "<group>"; };
		E41EB465148D7BF50015DEDC /* MSAITelemetryManager.h */ = {isa = PBXFileReference; fileEncoding = 4; lastKnownFileType = sourcecode.c.h; path = MSAITelemetryManager.h; sourceTree = "<group>"; };
		E41EB466148D7BF50015DEDC /* MSAITelemetryManager.m */ = {isa = PBXFileReference; fileEncoding = 4; lastKnownFileType = sourcecode.c.objc; path = MSAITelemetryManager.m; sourceTree = "<group>"; };
		E4507E4217F0658F00171A0D /* MSAIKeychainUtilsTests.m */ = {isa = PBXFileReference; fileEncoding = 4; lastKnownFileType = sourcecode.c.objc; path = MSAIKeychainUtilsTests.m; sourceTree = "<group>"; };
		E4933E7E17B66CDA00B11ACC /* MSAIHTTPOperation.h */ = {isa = PBXFileReference; fileEncoding = 4; lastKnownFileType = sourcecode.c.h; path = MSAIHTTPOperation.h; sourceTree = "<group>"; };
		E4933E7F17B66CDA00B11ACC /* MSAIHTTPOperation.m */ = {isa = PBXFileReference; fileEncoding = 4; lastKnownFileType = sourcecode.c.objc; path = MSAIHTTPOperation.m; sourceTree = "<group>"; };
/* End PBXFileReference section */

/* Begin PBXFrameworksBuildPhase section */
		1E5954DB15B6F24A00A03429 /* Frameworks */ = {
			isa = PBXFrameworksBuildPhase;
			buildActionMask = 2147483647;
			files = (
				1E67961819816B9A00B6DA20 /* CFNetwork.framework in Frameworks */,
				1E5954DC15B6F24A00A03429 /* Foundation.framework in Frameworks */,
				1B53FEBF1A6425240082F2E9 /* CrashReporter.framework in Frameworks */,
			);
			runOnlyForDeploymentPostprocessing = 0;
		};
		1E5A458C16F0DFC200B55C04 /* Frameworks */ = {
			isa = PBXFrameworksBuildPhase;
			buildActionMask = 2147483647;
			files = (
				1B53FEC01A6425240082F2E9 /* CrashReporter.framework in Frameworks */,
				1E67961719816B9200B6DA20 /* CFNetwork.framework in Frameworks */,
				1EA1170016F4D32C001C015C /* libAppInsights-iOS.a in Frameworks */,
				1E5A459516F0DFC200B55C04 /* Foundation.framework in Frameworks */,
				1E7A45FC16F54FB5005B08F1 /* OCHamcrestIOS.framework in Frameworks */,
				1E7A45FD16F54FB5005B08F1 /* OCMockitoIOS.framework in Frameworks */,
			);
			runOnlyForDeploymentPostprocessing = 0;
		};
/* End PBXFrameworksBuildPhase section */

/* Begin PBXGroup section */
		1BBBCEC21A65927400253031 /* Channel */ = {
			isa = PBXGroup;
			children = (
				1BBBCF2E1A6594AE00253031 /* MSAIChannel.h */,
				1BBBCF2F1A6594AE00253031 /* MSAIChannel.m */,
				1B4D17E41A666EE30079D948 /* MSAIChannelPrivate.h */,
				1BBBCF301A6594AE00253031 /* MSAITelemetryContext.h */,
				1BBBCF311A6594AE00253031 /* MSAITelemetryContext.m */,
				1BBBCEC31A65927900253031 /* Contract */,
			);
			name = Channel;
			sourceTree = "<group>";
		};
		1BBBCEC31A65927900253031 /* Contract */ = {
			isa = PBXGroup;
			children = (
				1BC4F2551A66D7BE00A80E7F /* MSAIObject.h */,
				1BC4F2561A66D7BE00A80E7F /* MSAIObject.m */,
				1BC4F2571A66D7BE00A80E7F /* MSAITelemetryData.h */,
				1BC4F2581A66D7BE00A80E7F /* MSAITelemetryData.m */,
				1BC4F1F31A66D7B500A80E7F /* MSAIApplication.h */,
				1BC4F1F41A66D7B500A80E7F /* MSAIApplication.m */,
				1BC4F1F51A66D7B500A80E7F /* MSAIBase.h */,
				1BC4F1F61A66D7B500A80E7F /* MSAIBase.m */,
				1BC4F1F71A66D7B500A80E7F /* MSAIData.h */,
				1BC4F1F81A66D7B500A80E7F /* MSAIData.m */,
				1BC4F1F91A66D7B500A80E7F /* MSAIDataPoint.h */,
				1BC4F1FA1A66D7B500A80E7F /* MSAIDataPoint.m */,
				1BC4F1FB1A66D7B500A80E7F /* MSAIDataPointType.h */,
				1BC4F1FC1A66D7B500A80E7F /* MSAIDependencyKind.h */,
				1BC4F1FD1A66D7B500A80E7F /* MSAIDependencySourceType.h */,
				1BC4F1FE1A66D7B500A80E7F /* MSAIDevice.h */,
				1BC4F1FF1A66D7B500A80E7F /* MSAIDevice.m */,
				1BC4F2001A66D7B500A80E7F /* MSAIDomain.h */,
				1BC4F2011A66D7B500A80E7F /* MSAIDomain.m */,
				1BC4F2021A66D7B500A80E7F /* MSAIEnums.h */,
				1BC4F2031A66D7B500A80E7F /* MSAIEnvelope.h */,
				1BC4F2041A66D7B500A80E7F /* MSAIEnvelope.m */,
				1BC4F2051A66D7B500A80E7F /* MSAIEventData.h */,
				1BC4F2061A66D7B500A80E7F /* MSAIEventData.m */,
				1BC4F2071A66D7B500A80E7F /* MSAIExceptionData.h */,
				1BC4F2081A66D7B500A80E7F /* MSAIExceptionData.m */,
				1BC4F2091A66D7B500A80E7F /* MSAIExceptionDetails.h */,
				1BC4F20A1A66D7B500A80E7F /* MSAIExceptionDetails.m */,
				1BC4F20B1A66D7B500A80E7F /* MSAIInternal.h */,
				1BC4F20C1A66D7B500A80E7F /* MSAIInternal.m */,
				1BC4F20D1A66D7B500A80E7F /* MSAILocation.h */,
				1BC4F20E1A66D7B500A80E7F /* MSAILocation.m */,
				1BC4F20F1A66D7B500A80E7F /* MSAIMessageData.h */,
				1BC4F2101A66D7B500A80E7F /* MSAIMessageData.m */,
				1BC4F2111A66D7B500A80E7F /* MSAIMetricData.h */,
				1BC4F2121A66D7B500A80E7F /* MSAIMetricData.m */,
				1BC4F2131A66D7B500A80E7F /* MSAIOperation.h */,
				1BC4F2141A66D7B500A80E7F /* MSAIOperation.m */,
				1BC4F2151A66D7B500A80E7F /* MSAIPageViewData.h */,
				1BC4F2161A66D7B500A80E7F /* MSAIPageViewData.m */,
				1BC4F2171A66D7B500A80E7F /* MSAIPageViewPerfData.h */,
				1BC4F2181A66D7B500A80E7F /* MSAIPageViewPerfData.m */,
				1BC4F2191A66D7B500A80E7F /* MSAIRemoteDependencyData.h */,
				1BC4F21A1A66D7B500A80E7F /* MSAIRemoteDependencyData.m */,
				1BC4F21B1A66D7B500A80E7F /* MSAIRequestData.h */,
				1BC4F21C1A66D7B500A80E7F /* MSAIRequestData.m */,
				1BC4F21D1A66D7B500A80E7F /* MSAISession.h */,
				1BC4F21E1A66D7B500A80E7F /* MSAISession.m */,
				1BC4F21F1A66D7B500A80E7F /* MSAISeverityLevel.h */,
				1BC4F2201A66D7B500A80E7F /* MSAIStackFrame.h */,
				1BC4F2211A66D7B500A80E7F /* MSAIStackFrame.m */,
				1BC4F2221A66D7B500A80E7F /* MSAIUser.h */,
				1BC4F2231A66D7B500A80E7F /* MSAIUser.m */,
			);
			name = Contract;
			sourceTree = "<group>";
		};
		1E5A459616F0DFC200B55C04 /* AppInsights-iOSTests */ = {
			isa = PBXGroup;
			children = (
				1EA1170216F53B49001C015C /* Fixtures */,
				1E5A459716F0DFC200B55C04 /* Supporting Files */,
				1EFF03E417F2485500A5F13C /* MSAICrashManagerTests.m */,
				E40E0B0817DA19DC005E38C1 /* MSAIAppClientTests.m */,
				E4507E4217F0658F00171A0D /* MSAIKeychainUtilsTests.m */,
				1E70A23517F31B82001BB32D /* MSAIHelperTests.m */,
				1E566D061A275C4C0070F514 /* MSAICrashReportTextFormatterTests.m */,
				1BE29B361A6E58860014A10F /* MSAIMetricsManagerTests.m */,
				1BE29B381A6E76490014A10F /* MSAIChannelTests.m */,
			);
			path = "AppInsights-iOSTests";
			sourceTree = "<group>";
		};
		1E5A459716F0DFC200B55C04 /* Supporting Files */ = {
			isa = PBXGroup;
			children = (
				1E7A45FA16F54FB5005B08F1 /* OCHamcrestIOS.framework */,
				1E7A45FB16F54FB5005B08F1 /* OCMockitoIOS.framework */,
				1E5A459816F0DFC200B55C04 /* AppInsights-iOSTests-Info.plist */,
				1E5A459F16F0DFC200B55C04 /* AppInsights-iOSTests-Prefix.pch */,
				1EA1170516F53B91001C015C /* MSAITestHelper.h */,
				1EA1170616F53B91001C015C /* MSAITestHelper.m */,
			);
			name = "Supporting Files";
			sourceTree = "<group>";
		};
		1E66CA8F15D40FF600F35BED /* Support */ = {
			isa = PBXGroup;
			children = (
				1E754DC61621BC170070AB92 /* AppInsights.xcconfig */,
				1E66CA9115D4100500F35BED /* buildnumber.xcconfig */,
				1E91D84619B924E600E9616D /* module.modulemap */,
			);
			name = Support;
			sourceTree = "<group>";
		};
		1E754E441621F95E0070AB92 /* Helper */ = {
			isa = PBXGroup;
			children = (
				1E49A4D4161222D400463151 /* AppInsightsPrivate.h */,
				1E49A4D5161222D400463151 /* AppInsightsPrivate.m */,
				1E49A4A0161222B900463151 /* MSAIBaseManager.h */,
				1E49A4A1161222B900463151 /* MSAIBaseManager.m */,
				1B62F4DB1A692B0D00EB5AD0 /* MSAIBaseManagerPrivate.h */,
				1E49A4A5161222B900463151 /* MSAIHelper.h */,
				1E49A4A6161222B900463151 /* MSAIHelper.m */,
				1E0FEE26173BDB260061331F /* MSAIKeychainUtils.h */,
				1E0FEE27173BDB260061331F /* MSAIKeychainUtils.m */,
				1B62F4D61A692A3200EB5AD0 /* MSAIContext.h */,
				1B62F4D71A692A3200EB5AD0 /* MSAIContext.m */,
				1B62F4DA1A692A6F00EB5AD0 /* MSAIContextPrivate.h */,
			);
			name = Helper;
			sourceTree = "<group>";
		};
		1E754E551621FBAF0070AB92 /* CrashReports */ = {
			isa = PBXGroup;
			children = (
				1E754E561621FBB70070AB92 /* MSAICrashManager.h */,
				1E754E571621FBB70070AB92 /* MSAICrashManager.m */,
				1EFF03D717F20F8300A5F13C /* MSAICrashManagerPrivate.h */,
				1E754E581621FBB70070AB92 /* MSAICrashManagerDelegate.h */,
				1E90FD7118EDB86400CF0417 /* MSAICrashDetails.h */,
				1E90FD7218EDB86400CF0417 /* MSAICrashDetails.m */,
				1ECA8F4B192B5BD8006B9416 /* MSAICrashDetailsPrivate.h */,
				1ECA8F4F192B6954006B9416 /* MSAICrashMetaData.h */,
				1ECA8F50192B6954006B9416 /* MSAICrashMetaData.m */,
				1E754E5A1621FBB70070AB92 /* MSAICrashReportTextFormatter.h */,
				1E754E5B1621FBB70070AB92 /* MSAICrashReportTextFormatter.m */,
			);
			name = CrashReports;
			sourceTree = "<group>";
		};
		1EA1170216F53B49001C015C /* Fixtures */ = {
			isa = PBXGroup;
			children = (
				1E70A22F17F2F982001BB32D /* live_report_empty.plcrash */,
				1E70A23017F2F982001BB32D /* live_report_exception.plcrash */,
				1E70A23117F2F982001BB32D /* live_report_signal.plcrash */,
			);
			path = Fixtures;
			sourceTree = "<group>";
		};
		1EB2E4C318FD4CBC008BB1CF /* Metrics */ = {
			isa = PBXGroup;
			children = (
				1BBBCEC21A65927400253031 /* Channel */,
				1EC29CCF1A5EE7DD0031071D /* MSAIMetricsSession.h */,
				1EC29CD01A5EE7DD0031071D /* MSAIMetricsSession.m */,
				1EB2E4C418FD4CEA008BB1CF /* MSAIMetricsManager.h */,
				1EB2E4C518FD4CEA008BB1CF /* MSAIMetricsManager.m */,
				1EB2E4C818FD4E90008BB1CF /* MSAIMetricsManagerPrivate.h */,
			);
			name = Metrics;
			sourceTree = "<group>";
		};
		E400560F148D79B500EB22B9 = {
			isa = PBXGroup;
			children = (
				E41EB489148D7BF90015DEDC /* AppInsights-iOS */,
				1E5A459616F0DFC200B55C04 /* AppInsights-iOSTests */,
				E400561C148D79B500EB22B9 /* Frameworks */,
				E4005648148D7A3000EB22B9 /* Resources */,
				1E66CA8F15D40FF600F35BED /* Support */,
				E400561B148D79B500EB22B9 /* Products */,
			);
			indentWidth = 2;
			sourceTree = "<group>";
			tabWidth = 2;
			usesTabs = 0;
		};
		E400561B148D79B500EB22B9 /* Products */ = {
			isa = PBXGroup;
			children = (
				1E5954F215B6F24A00A03429 /* libAppInsights-iOS.a */,
				1E5A459016F0DFC200B55C04 /* AppInsights-iOSTests.xctest */,
			);
			name = Products;
			sourceTree = "<group>";
		};
		E400561C148D79B500EB22B9 /* Frameworks */ = {
			isa = PBXGroup;
			children = (
				1B53FEBE1A6425240082F2E9 /* CrashReporter.framework */,
				1E67961619816B9200B6DA20 /* CFNetwork.framework */,
				97CC11F81917C0310028768F /* MobileCoreServices.framework */,
				97BD9BD4191109730043FD59 /* QuickLook.framework */,
				9760F6C318BB4D2D00959B93 /* AssetsLibrary.framework */,
				E400561D148D79B500EB22B9 /* Foundation.framework */,
			);
			name = Frameworks;
			sourceTree = "<group>";
		};
		E4005648148D7A3000EB22B9 /* Resources */ = {
			isa = PBXGroup;
			children = (
				1EDA60CF15C2C1450032D10B /* AppInsights-iOS-Info.plist */,
			);
			name = Resources;
			path = ../Resources;
			sourceTree = "<group>";
		};
		E41EB458148D7BF50015DEDC /* Classes */ = {
			isa = PBXGroup;
			children = (
				E48A3DE917B3ECF900924C3D /* Network */,
				1E754E441621F95E0070AB92 /* Helper */,
				1E754E551621FBAF0070AB92 /* CrashReports */,
				1EB2E4C318FD4CBC008BB1CF /* Metrics */,
				E41EB465148D7BF50015DEDC /* MSAITelemetryManager.h */,
				E41EB466148D7BF50015DEDC /* MSAITelemetryManager.m */,
				1E5955FA15B7877A00A03429 /* MSAITelemetryManagerDelegate.h */,
				1E71509A15B5C76F004E88FF /* AppInsights.h */,
				1E84DB3317E0977C00AC83FD /* AppInsightsFeatureConfig.h */,
				1E3A2B4C19645DC800D5BD66 /* AppInsights-Prefix.pch */,
			);
			name = Classes;
			path = ../Classes;
			sourceTree = "<group>";
		};
		E41EB489148D7BF90015DEDC /* AppInsights-iOS */ = {
			isa = PBXGroup;
			children = (
				E41EB458148D7BF50015DEDC /* Classes */,
			);
			name = "AppInsights-iOS";
			sourceTree = "<group>";
		};
		E48A3DE917B3ECF900924C3D /* Network */ = {
			isa = PBXGroup;
			children = (
				E48A3DF017B408D800924C3D /* private */,
				E40E0B0A17DA1AFF005E38C1 /* MSAIAppClient.h */,
				E40E0B0B17DA1AFF005E38C1 /* MSAIAppClient.m */,
			);
			name = Network;
			sourceTree = "<group>";
		};
		E48A3DF017B408D800924C3D /* private */ = {
			isa = PBXGroup;
			children = (
				E4933E7E17B66CDA00B11ACC /* MSAIHTTPOperation.h */,
				E4933E7F17B66CDA00B11ACC /* MSAIHTTPOperation.m */,
			);
			name = private;
			sourceTree = "<group>";
		};
/* End PBXGroup section */

/* Begin PBXHeadersBuildPhase section */
		1E59558B15B6FD8800A03429 /* Headers */ = {
			isa = PBXHeadersBuildPhase;
			buildActionMask = 2147483647;
			files = (
				1BC4F2311A66D7B500A80E7F /* MSAIDomain.h in Headers */,
				1BC4F24A1A66D7B500A80E7F /* MSAIRemoteDependencyData.h in Headers */,
				1E59559B15B6FDA500A03429 /* AppInsights.h in Headers */,
				1E59559A15B6FDA500A03429 /* MSAITelemetryManager.h in Headers */,
				1E5955FD15B7877B00A03429 /* MSAITelemetryManagerDelegate.h in Headers */,
				1BC4F2241A66D7B500A80E7F /* MSAIApplication.h in Headers */,
				1BC4F2591A66D7BE00A80E7F /* MSAIObject.h in Headers */,
				1BC4F2281A66D7B500A80E7F /* MSAIData.h in Headers */,
				1BC4F22C1A66D7B500A80E7F /* MSAIDataPointType.h in Headers */,
				1BC4F2461A66D7B500A80E7F /* MSAIPageViewData.h in Headers */,
				1BBBCF341A6594AE00253031 /* MSAIChannel.h in Headers */,
				1BC4F2501A66D7B500A80E7F /* MSAISeverityLevel.h in Headers */,
				1BC4F2381A66D7B500A80E7F /* MSAIExceptionData.h in Headers */,
				1EC29CD11A5EE7DD0031071D /* MSAIMetricsSession.h in Headers */,
				1BC4F22D1A66D7B500A80E7F /* MSAIDependencyKind.h in Headers */,
				1E754E5C1621FBB70070AB92 /* MSAICrashManager.h in Headers */,
				1BC4F2481A66D7B500A80E7F /* MSAIPageViewPerfData.h in Headers */,
				1BC4F2261A66D7B500A80E7F /* MSAIBase.h in Headers */,
				1BC4F2341A66D7B500A80E7F /* MSAIEnvelope.h in Headers */,
				1BC4F24E1A66D7B500A80E7F /* MSAISession.h in Headers */,
				1B62F4D81A692A3200EB5AD0 /* MSAIContext.h in Headers */,
				1BC4F23A1A66D7B500A80E7F /* MSAIExceptionDetails.h in Headers */,
				1E754E5E1621FBB70070AB92 /* MSAICrashManagerDelegate.h in Headers */,
				1BC4F23E1A66D7B500A80E7F /* MSAILocation.h in Headers */,
				1BBBCF361A6594AE00253031 /* MSAITelemetryContext.h in Headers */,
				1ECA8F51192B6954006B9416 /* MSAICrashMetaData.h in Headers */,
				1BC4F2531A66D7B500A80E7F /* MSAIUser.h in Headers */,
				1E90FD7318EDB86400CF0417 /* MSAICrashDetails.h in Headers */,
				1BC4F22E1A66D7B500A80E7F /* MSAIDependencySourceType.h in Headers */,
				1BC4F2331A66D7B500A80E7F /* MSAIEnums.h in Headers */,
				1EB2E4C618FD4CEA008BB1CF /* MSAIMetricsManager.h in Headers */,
				1BC4F2421A66D7B500A80E7F /* MSAIMetricData.h in Headers */,
				1BC4F24C1A66D7B500A80E7F /* MSAIRequestData.h in Headers */,
				1ECA8F4D192B5BD8006B9416 /* MSAICrashDetailsPrivate.h in Headers */,
				E40E0B0C17DA1AFF005E38C1 /* MSAIAppClient.h in Headers */,
				1BC4F2401A66D7B500A80E7F /* MSAIMessageData.h in Headers */,
				1BC4F2511A66D7B500A80E7F /* MSAIStackFrame.h in Headers */,
				1BC4F2361A66D7B500A80E7F /* MSAIEventData.h in Headers */,
				1BC4F25B1A66D7BE00A80E7F /* MSAITelemetryData.h in Headers */,
				1E49A4AF161222B900463151 /* MSAIBaseManager.h in Headers */,
				E4933E8017B66CDA00B11ACC /* MSAIHTTPOperation.h in Headers */,
				1E49A4BE161222B900463151 /* MSAIHelper.h in Headers */,
				1BC4F2441A66D7B500A80E7F /* MSAIOperation.h in Headers */,
				1E49A4D8161222D400463151 /* AppInsightsPrivate.h in Headers */,
				1E754E601621FBB70070AB92 /* MSAICrashReportTextFormatter.h in Headers */,
				1BC4F23C1A66D7B500A80E7F /* MSAIInternal.h in Headers */,
				1BC4F22F1A66D7B500A80E7F /* MSAIDevice.h in Headers */,
				1E84DB3417E099BA00AC83FD /* AppInsightsFeatureConfig.h in Headers */,
				1E0FEE28173BDB260061331F /* MSAIKeychainUtils.h in Headers */,
				1BC4F22A1A66D7B500A80E7F /* MSAIDataPoint.h in Headers */,
			);
			runOnlyForDeploymentPostprocessing = 0;
		};
/* End PBXHeadersBuildPhase section */

/* Begin PBXNativeTarget section */
		1E5954CB15B6F24A00A03429 /* AppInsights-iOS */ = {
			isa = PBXNativeTarget;
			buildConfigurationList = 1E5954EF15B6F24A00A03429 /* Build configuration list for PBXNativeTarget "AppInsights-iOS" */;
			buildPhases = (
				1E5954CC15B6F24A00A03429 /* Sources */,
				1E5954DB15B6F24A00A03429 /* Frameworks */,
				1E59558B15B6FD8800A03429 /* Headers */,
				1EE9071A16F6871F003DDE1D /* ShellScript */,
			);
			buildRules = (
			);
			dependencies = (
			);
			name = "AppInsights-iOS";
			productName = HockeySDK;
			productReference = 1E5954F215B6F24A00A03429 /* libAppInsights-iOS.a */;
			productType = "com.apple.product-type.library.static";
		};
		1E5A458F16F0DFC200B55C04 /* AppInsights-iOSTests */ = {
			isa = PBXNativeTarget;
			buildConfigurationList = 1E5A45A216F0DFC200B55C04 /* Build configuration list for PBXNativeTarget "AppInsights-iOSTests" */;
			buildPhases = (
				1E5A458B16F0DFC200B55C04 /* Sources */,
				1E5A458C16F0DFC200B55C04 /* Frameworks */,
				1E5A458D16F0DFC200B55C04 /* Resources */,
			);
			buildRules = (
			);
			dependencies = (
				1EA116FF16F4D302001C015C /* PBXTargetDependency */,
			);
			name = "AppInsights-iOSTests";
			productName = HockeySDKTests;
			productReference = 1E5A459016F0DFC200B55C04 /* AppInsights-iOSTests.xctest */;
			productType = "com.apple.product-type.bundle.unit-test";
		};
/* End PBXNativeTarget section */

/* Begin PBXProject section */
		E4005611148D79B500EB22B9 /* Project object */ = {
			isa = PBXProject;
			attributes = {
				LastTestingUpgradeCheck = 0600;
				LastUpgradeCheck = 0600;
			};
			buildConfigurationList = E4005614148D79B500EB22B9 /* Build configuration list for PBXProject "AppInsights-iOS" */;
			compatibilityVersion = "Xcode 3.2";
			developmentRegion = English;
			hasScannedForEncodings = 0;
			knownRegions = (
				en,
			);
			mainGroup = E400560F148D79B500EB22B9;
			productRefGroup = E400561B148D79B500EB22B9 /* Products */;
			projectDirPath = "";
			projectRoot = "";
			targets = (
				1E5954CB15B6F24A00A03429 /* AppInsights-iOS */,
				1E8E66AD15BC3D7700632A2E /* AppInsights-iOS Documentation */,
				1E4F61E91621AD970033EFC5 /* AppInsights-iOS Framework */,
				1E5A458F16F0DFC200B55C04 /* AppInsights-iOSTests */,
			);
		};
/* End PBXProject section */

/* Begin PBXResourcesBuildPhase section */
		1E5A458D16F0DFC200B55C04 /* Resources */ = {
			isa = PBXResourcesBuildPhase;
			buildActionMask = 2147483647;
			files = (
				1B8688D51A6D852E0008CEE9 /* AppInsights-iOS-Info.plist in Resources */,
				1E70A23417F2F982001BB32D /* live_report_signal.plcrash in Resources */,
				1E70A23317F2F982001BB32D /* live_report_exception.plcrash in Resources */,
				1E70A23217F2F982001BB32D /* live_report_empty.plcrash in Resources */,
			);
			runOnlyForDeploymentPostprocessing = 0;
		};
/* End PBXResourcesBuildPhase section */

/* Begin PBXShellScriptBuildPhase section */
		1E4F61ED1621ADE70033EFC5 /* Build universal embedded framework */ = {
			isa = PBXShellScriptBuildPhase;
			buildActionMask = 2147483647;
			files = (
			);
			inputPaths = (
			);
			name = "Build universal embedded framework";
			outputPaths = (
			);
			runOnlyForDeploymentPostprocessing = 0;
			shellPath = /bin/sh;
			shellScript = "# Sets the target folders and the final framework product.\nFMK_NAME=AppInsights\nFMK_VERSION=A\n\n# Documentation\nAIS_DOCSET_VERSION_NAME=\"com.microsoft.applicationinsights.${AIS_DOCSET_NAME}-${VERSION_STRING}\"\n\n# Install dir will be the final output to the framework.\n# The following line create it in the root folder of the current project.\nPRODUCTS_DIR=${SRCROOT}/../Products\nZIP_FOLDER=AppInsights-iOS\nTEMP_DIR=${PRODUCTS_DIR}/${ZIP_FOLDER}\nINSTALL_DIR=${TEMP_DIR}/${FMK_NAME}.framework\n\n# Working dir will be deleted after the framework creation.\nWRK_DIR=build\nDEVICE_DIR=${WRK_DIR}/Release-iphoneos\nSIMULATOR_DIR=${WRK_DIR}/Release-iphonesimulator\n\n# Building the full featured SDK\n\n# Building both architectures.\nxcodebuild -project \"AppInsights-iOS.xcodeproj\" -configuration \"Release\" -target \"${FMK_NAME}\" -sdk iphoneos\nxcodebuild -project \"AppInsights-iOS.xcodeproj\" -configuration \"Release\" -target \"${FMK_NAME}\" -sdk iphonesimulator\n\n# Cleaning the oldest.\nif [ -d \"${TEMP_DIR}\" ]\nthen\nrm -rf \"${TEMP_DIR}\"\nfi\n\n# Creates and renews the final product folder.\nmkdir -p \"${INSTALL_DIR}\"\nmkdir -p \"${INSTALL_DIR}/Modules\"\nmkdir -p \"${INSTALL_DIR}/Versions\"\nmkdir -p \"${INSTALL_DIR}/Versions/${FMK_VERSION}\"\nmkdir -p \"${INSTALL_DIR}/Versions/${FMK_VERSION}/Resources\"\nmkdir -p \"${INSTALL_DIR}/Versions/${FMK_VERSION}/Headers\"\n\n# Creates the internal links.\n# It MUST uses relative path, otherwise will not work when the folder is copied/moved.\nln -s \"${FMK_VERSION}\" \"${INSTALL_DIR}/Versions/Current\"\nln -s \"Versions/Current/Headers\" \"${INSTALL_DIR}/Headers\"\nln -s \"Versions/Current/Resources\" \"${INSTALL_DIR}/Resources\"\nln -s \"Versions/Current/${FMK_NAME}\" \"${INSTALL_DIR}/${FMK_NAME}\"\n\n# Copy the swift import file\ncp -f \"${SRCROOT}/module.modulemap\" \"${INSTALL_DIR}/Modules/\"\n\n# Copies the headers and resources files to the final product folder.\ncp -R \"${SRCROOT}/build/Release-iphoneos/include/AppInsights-iOS/\" \"${INSTALL_DIR}/Versions/${FMK_VERSION}/Headers/\"\ncp -f \"${SRCROOT}/${FMK_NAME}.xcconfig\" \"${INSTALL_DIR}/Versions/${FMK_VERSION}/Resources/\"\n\n# Uses the Lipo Tool to merge both binary files (i386 + armv6/armv7) into one Universal final product.\nlipo -create \"${DEVICE_DIR}/lib${FMK_NAME}.a\" \"${SIMULATOR_DIR}/lib${FMK_NAME}.a\" -output \"${INSTALL_DIR}/Versions/${FMK_VERSION}/${FMK_NAME}\"\n\n# Combine the CrashReporter static library into a new AppInsights static library file if they are not already present and copy the public headers too\nif [ -z $(otool -L \"${INSTALL_DIR}/Versions/${FMK_VERSION}/${FMK_NAME}\" | grep 'libCrashReporter') ]\nthen\nlibtool -static -o \"${INSTALL_DIR}/Versions/${FMK_VERSION}/${FMK_NAME}\" \"${INSTALL_DIR}/Versions/${FMK_VERSION}/${FMK_NAME}\" \"${SRCROOT}/../Vendor/CrashReporter.framework/Versions/A/CrashReporter\"\nfi\n\n# Move the crash reporting only framework into a new folder\nmkdir \"${INSTALL_DIR}/../${FMK_NAME}CrashOnly\"\nmv \"${INSTALL_DIR}\" \"${INSTALL_DIR}/../${FMK_NAME}CrashOnly/${FMK_NAME}.framework\"\n\nrm -r \"${WRK_DIR}\"\n\n\n\n# copy license, changelog, documentation, integration json\ncp -f \"${SRCROOT}/../Docs/Changelog-template.md\" \"${TEMP_DIR}/CHANGELOG\"\ncp -f \"${SRCROOT}/../Docs/Guide-Installation-Setup-template.md\" \"${TEMP_DIR}/README.md\"\ncp -f \"${SRCROOT}/../LICENSE\" \"${TEMP_DIR}\"\nmkdir \"${TEMP_DIR}/${AIS_DOCSET_VERSION_NAME}.docset\"\ncp -R \"${SRCROOT}/../documentation/docset/Contents\" \"${TEMP_DIR}/${AIS_DOCSET_VERSION_NAME}.docset\"\n\n# build zip\ncd \"${PRODUCTS_DIR}\"\nrm -f \"${FMK_NAME}-iOS-${VERSION_STRING}.zip\"\nzip -yr \"${FMK_NAME}-iOS-${VERSION_STRING}.zip\" \"${ZIP_FOLDER}\" -x \\*/.*\n";
		};
		1E8E66B215BC3D8200632A2E /* ShellScript */ = {
			isa = PBXShellScriptBuildPhase;
			buildActionMask = 2147483647;
			files = (
			);
			inputPaths = (
			);
			outputPaths = (
			);
			runOnlyForDeploymentPostprocessing = 0;
			shellPath = /bin/sh;
			shellScript = "/usr/local/bin/appledoc \\\n  --output \"${SOURCE_ROOT}/../documentation\" \\\n  --ignore Vendor \\\n  --ignore Products \\\n  --ignore Support \\\n  --ignore .m \\\n  --ignore *Private.h \\\n  --create-html \\\n  --create-docset \\\n  --install-docset \\\n  --keep-intermediate-files \\\n  --project-name \"${AIS_DOCSET_NAME} ${VERSION_STRING}\" \\\n  --project-version \"${VERSION_STRING}\" \\\n  --project-company \"Microsoft\" \\\n  --company-id \"com.microsoft\" \\\n  --docset-bundle-name \"${AIS_DOCSET_NAME} ${VERSION_STRING}\" \\\n  --docset-feed-name \"${AIS_DOCSET_NAME}\" \\\n  --docset-desc \"\" \\\n  --docset-platform-family \"iphoneos\" \\\n  --index-desc \"${SOURCE_ROOT}/../docs/index.md\" \\\n  --include \"${SOURCE_ROOT}/../docs/index.html\" \\\n  --include \"${SOURCE_ROOT}/../docs/\" \\\n  --merge-categories \\\n  --no-repeat-first-par \\\n  --warn-undocumented-object \\\n  --warn-undocumented-member \\\n  --warn-empty-description \\\n  --warn-unknown-directive \\\n  --warn-invalid-crossref \\\n  --warn-missing-arg \\\n  --logformat xcode \\\n  --exit-threshold 2 \\\n  \"${SOURCE_ROOT}/../\"\n";
		};
		1EE9071A16F6871F003DDE1D /* ShellScript */ = {
			isa = PBXShellScriptBuildPhase;
			buildActionMask = 2147483647;
			files = (
			);
			inputPaths = (
			);
			outputPaths = (
			);
			runOnlyForDeploymentPostprocessing = 0;
			shellPath = /bin/sh;
			shellScript = "\"${SRCROOT}/../Vendor/XcodeCoverage/exportenv.sh\"";
		};
/* End PBXShellScriptBuildPhase section */

/* Begin PBXSourcesBuildPhase section */
		1E5954CC15B6F24A00A03429 /* Sources */ = {
			isa = PBXSourcesBuildPhase;
			buildActionMask = 2147483647;
			files = (
				1BC4F25A1A66D7BE00A80E7F /* MSAIObject.m in Sources */,
				1BC4F25C1A66D7BE00A80E7F /* MSAITelemetryData.m in Sources */,
				1E5954D315B6F24A00A03429 /* MSAITelemetryManager.m in Sources */,
				1BBBCF371A6594AE00253031 /* MSAITelemetryContext.m in Sources */,
				E40E0B0D17DA1AFF005E38C1 /* MSAIAppClient.m in Sources */,
				1BC4F2351A66D7B500A80E7F /* MSAIEnvelope.m in Sources */,
				1ECA8F52192B6954006B9416 /* MSAICrashMetaData.m in Sources */,
				1BC4F24B1A66D7B500A80E7F /* MSAIRemoteDependencyData.m in Sources */,
				1BC4F2371A66D7B500A80E7F /* MSAIEventData.m in Sources */,
				1BC4F24F1A66D7B500A80E7F /* MSAISession.m in Sources */,
				1BC4F23F1A66D7B500A80E7F /* MSAILocation.m in Sources */,
				1BC4F2451A66D7B500A80E7F /* MSAIOperation.m in Sources */,
				E4933E8117B66CDA00B11ACC /* MSAIHTTPOperation.m in Sources */,
				1BC4F2291A66D7B500A80E7F /* MSAIData.m in Sources */,
				1BC4F2471A66D7B500A80E7F /* MSAIPageViewData.m in Sources */,
				1E49A4C1161222B900463151 /* MSAIHelper.m in Sources */,
				1BC4F2321A66D7B500A80E7F /* MSAIDomain.m in Sources */,
				1BC4F2271A66D7B500A80E7F /* MSAIBase.m in Sources */,
				1E49A4B2161222B900463151 /* MSAIBaseManager.m in Sources */,
				1BC4F2411A66D7B500A80E7F /* MSAIMessageData.m in Sources */,
				1BC4F2521A66D7B500A80E7F /* MSAIStackFrame.m in Sources */,
				1BC4F23D1A66D7B500A80E7F /* MSAIInternal.m in Sources */,
				1EB2E4C718FD4CEA008BB1CF /* MSAIMetricsManager.m in Sources */,
				1E90FD7418EDB86400CF0417 /* MSAICrashDetails.m in Sources */,
				1E49A4DB161222D400463151 /* AppInsightsPrivate.m in Sources */,
				1BC4F2541A66D7B500A80E7F /* MSAIUser.m in Sources */,
				1BC4F24D1A66D7B500A80E7F /* MSAIRequestData.m in Sources */,
				1BC4F23B1A66D7B500A80E7F /* MSAIExceptionDetails.m in Sources */,
				1BC4F2251A66D7B500A80E7F /* MSAIApplication.m in Sources */,
				1EC29CD21A5EE7DD0031071D /* MSAIMetricsSession.m in Sources */,
				1BC4F2391A66D7B500A80E7F /* MSAIExceptionData.m in Sources */,
				1B62F4D91A692A3200EB5AD0 /* MSAIContext.m in Sources */,
				1E754E5D1621FBB70070AB92 /* MSAICrashManager.m in Sources */,
				1E754E611621FBB70070AB92 /* MSAICrashReportTextFormatter.m in Sources */,
				1BC4F2491A66D7B500A80E7F /* MSAIPageViewPerfData.m in Sources */,
				1BBBCF351A6594AE00253031 /* MSAIChannel.m in Sources */,
				1BC4F2301A66D7B500A80E7F /* MSAIDevice.m in Sources */,
				1BC4F2431A66D7B500A80E7F /* MSAIMetricData.m in Sources */,
				1E0FEE29173BDB260061331F /* MSAIKeychainUtils.m in Sources */,
				1BC4F22B1A66D7B500A80E7F /* MSAIDataPoint.m in Sources */,
			);
			runOnlyForDeploymentPostprocessing = 0;
		};
		1E5A458B16F0DFC200B55C04 /* Sources */ = {
			isa = PBXSourcesBuildPhase;
			buildActionMask = 2147483647;
			files = (
				1E566D071A275C4C0070F514 /* MSAICrashReportTextFormatterTests.m in Sources */,
				1EFF03E517F2485500A5F13C /* MSAICrashManagerTests.m in Sources */,
				E40E0B0917DA19DC005E38C1 /* MSAIAppClientTests.m in Sources */,
				1BE29B391A6E76490014A10F /* MSAIChannelTests.m in Sources */,
				1E70A23617F31B82001BB32D /* MSAIHelperTests.m in Sources */,
				1BE29B371A6E58860014A10F /* MSAIMetricsManagerTests.m in Sources */,
				1EA1170716F53B91001C015C /* MSAITestHelper.m in Sources */,
				E4507E4317F0658F00171A0D /* MSAIKeychainUtilsTests.m in Sources */,
			);
			runOnlyForDeploymentPostprocessing = 0;
		};
/* End PBXSourcesBuildPhase section */

/* Begin PBXTargetDependency section */
		1E754E431621F6290070AB92 /* PBXTargetDependency */ = {
			isa = PBXTargetDependency;
			target = 1E8E66AD15BC3D7700632A2E /* AppInsights-iOS Documentation */;
			targetProxy = 1E754E421621F6290070AB92 /* PBXContainerItemProxy */;
		};
		1EA116FF16F4D302001C015C /* PBXTargetDependency */ = {
			isa = PBXTargetDependency;
			target = 1E5954CB15B6F24A00A03429 /* AppInsights-iOS */;
			targetProxy = 1EA116FE16F4D302001C015C /* PBXContainerItemProxy */;
		};
/* End PBXTargetDependency section */

/* Begin XCBuildConfiguration section */
		1E4F61EB1621AD970033EFC5 /* Debug */ = {
			isa = XCBuildConfiguration;
			buildSettings = {
				INFOPLIST_FILE = "/Users/andreaslinde/SourceCode/AI/AppInsights-iOS/Resources/AppInsights-iOS-Info.plist";
				PRODUCT_NAME = "AppInsights-iOS.framework";
			};
			name = Debug;
		};
		1E4F61EC1621AD970033EFC5 /* Release */ = {
			isa = XCBuildConfiguration;
			buildSettings = {
				INFOPLIST_FILE = "/Users/andreaslinde/SourceCode/AI/AppInsights-iOS/Resources/AppInsights-iOS-Info.plist";
				PRODUCT_NAME = "AppInsights-iOS.framework";
			};
			name = Release;
		};
		1E5954F015B6F24A00A03429 /* Debug */ = {
			isa = XCBuildConfiguration;
			buildSettings = {
				"ARCHS[sdk=iphonesimulator*]" = "$(MSAI_SIM_ARCHS)";
				DSTROOT = /tmp/AIS.dst;
				FRAMEWORK_SEARCH_PATHS = (
					"$(inherited)",
					"\"$(SRCROOT)/../Vendor\"",
					"$(PROJECT_DIR)",
				);
				GCC_THUMB_SUPPORT = NO;
				PRODUCT_NAME = "AppInsights-iOS";
				PUBLIC_HEADERS_FOLDER_PATH = "include/$(PRODUCT_NAME)";
				SKIP_INSTALL = YES;
				"VALID_ARCHS[sdk=iphonesimulator*]" = "$(BIT_SIM_ARCHS)";
			};
			name = Debug;
		};
		1E5954F115B6F24A00A03429 /* Release */ = {
			isa = XCBuildConfiguration;
			buildSettings = {
				"ARCHS[sdk=iphonesimulator*]" = "$(MSAI_SIM_ARCHS)";
				DSTROOT = /tmp/AIS.dst;
				FRAMEWORK_SEARCH_PATHS = (
					"$(inherited)",
					"\"$(SRCROOT)/../Vendor\"",
					"$(PROJECT_DIR)",
				);
				GCC_THUMB_SUPPORT = NO;
				OTHER_CFLAGS = (
					"$(inherited)",
					"-DNS_BLOCK_ASSERTIONS=1",
				);
				PRODUCT_NAME = "AppInsights-iOS";
				PUBLIC_HEADERS_FOLDER_PATH = "include/$(PRODUCT_NAME)";
				SKIP_INSTALL = YES;
				"VALID_ARCHS[sdk=iphonesimulator*]" = "$(BIT_SIM_ARCHS)";
			};
			name = Release;
		};
		1E5A45A016F0DFC200B55C04 /* Debug */ = {
			isa = XCBuildConfiguration;
			buildSettings = {
				CLANG_CXX_LANGUAGE_STANDARD = "gnu++0x";
				CLANG_CXX_LIBRARY = "libc++";
				CLANG_WARN_CONSTANT_CONVERSION = YES;
				CLANG_WARN_EMPTY_BODY = YES;
				CLANG_WARN_ENUM_CONVERSION = YES;
				CLANG_WARN_INT_CONVERSION = YES;
				CLANG_WARN__DUPLICATE_METHOD_MATCH = YES;
				FRAMEWORK_SEARCH_PATHS = (
					"\"$(SDKROOT)/Developer/Library/Frameworks\"",
					"\"$(DEVELOPER_LIBRARY_DIR)/Frameworks\"",
					"\"$(SRCROOT)/../Vendor\"",
					"\"$(SRCROOT)/AppInsights-iOSTests\"",
					"$(inherited)",
					"$(PROJECT_DIR)",
				);
				GCC_PRECOMPILE_PREFIX_HEADER = YES;
				GCC_PREFIX_HEADER = "AppInsights-iOSTests/AppInsights-iOSTests-Prefix.pch";
				GCC_PREPROCESSOR_DEFINITIONS = (
					"DEBUG=1",
					"$(inherited)",
				);
				GCC_WARN_UNINITIALIZED_AUTOS = YES;
				INFOPLIST_FILE = "AppInsights-iOSTests/AppInsights-iOSTests-Info.plist";
				IPHONEOS_DEPLOYMENT_TARGET = 6.1;
				LIBRARY_SEARCH_PATHS = (
					"$(inherited)",
					"\"$(SRCROOT)/AppInsights-iOSTests\"",
				);
				ONLY_ACTIVE_ARCH = YES;
				PRODUCT_NAME = "AppInsights-iOSTests";
			};
			name = Debug;
		};
		1E5A45A116F0DFC200B55C04 /* Release */ = {
			isa = XCBuildConfiguration;
			buildSettings = {
				CLANG_CXX_LANGUAGE_STANDARD = "gnu++0x";
				CLANG_CXX_LIBRARY = "libc++";
				CLANG_WARN_CONSTANT_CONVERSION = YES;
				CLANG_WARN_EMPTY_BODY = YES;
				CLANG_WARN_ENUM_CONVERSION = YES;
				CLANG_WARN_INT_CONVERSION = YES;
				CLANG_WARN__DUPLICATE_METHOD_MATCH = YES;
				COPY_PHASE_STRIP = YES;
				FRAMEWORK_SEARCH_PATHS = (
					"\"$(SDKROOT)/Developer/Library/Frameworks\"",
					"\"$(DEVELOPER_LIBRARY_DIR)/Frameworks\"",
					"\"$(SRCROOT)/../Vendor\"",
					"\"$(SRCROOT)/AppInsights-iOSTests\"",
					"$(inherited)",
					"$(PROJECT_DIR)",
				);
				GCC_PRECOMPILE_PREFIX_HEADER = YES;
				GCC_PREFIX_HEADER = "AppInsights-iOSTests/AppInsights-iOSTests-Prefix.pch";
				GCC_WARN_UNINITIALIZED_AUTOS = YES;
				INFOPLIST_FILE = "AppInsights-iOSTests/AppInsights-iOSTests-Info.plist";
				IPHONEOS_DEPLOYMENT_TARGET = 6.1;
				LIBRARY_SEARCH_PATHS = (
					"$(inherited)",
					"\"$(SRCROOT)/AppInsights-iOSTests\"",
				);
				ONLY_ACTIVE_ARCH = YES;
				PRODUCT_NAME = "AppInsights-iOSTests";
				VALIDATE_PRODUCT = YES;
			};
			name = Release;
		};
		1E68F4A716F7843F00053706 /* CodeCoverage */ = {
			isa = XCBuildConfiguration;
			baseConfigurationReference = 1E66CA9115D4100500F35BED /* buildnumber.xcconfig */;
			buildSettings = {
				ALWAYS_SEARCH_USER_PATHS = NO;
				CLANG_ENABLE_OBJC_ARC = YES;
				CLANG_WARN_ENUM_CONVERSION = YES;
				COPY_PHASE_STRIP = NO;
				DEAD_CODE_STRIPPING = NO;
				GCC_C_LANGUAGE_STANDARD = gnu99;
				GCC_DYNAMIC_NO_PIC = NO;
				GCC_GENERATE_TEST_COVERAGE_FILES = YES;
				GCC_INSTRUMENT_PROGRAM_FLOW_ARCS = YES;
				GCC_OPTIMIZATION_LEVEL = 0;
				GCC_PRECOMPILE_PREFIX_HEADER = YES;
				GCC_PREFIX_HEADER = "$(SRCROOT)/../Classes/AppInsights-Prefix.pch";
				GCC_PREPROCESSOR_DEFINITIONS = (
					"BITHOCKEY_STATIC_LIBRARY=1",
					"DEBUG=1",
					"$(inherited)",
				);
				GCC_SYMBOLS_PRIVATE_EXTERN = NO;
				GCC_THUMB_SUPPORT = NO;
				GCC_VERSION = "";
				GCC_WARN_ABOUT_MISSING_NEWLINE = YES;
				GCC_WARN_ABOUT_MISSING_PROTOTYPES = YES;
				GCC_WARN_ABOUT_RETURN_TYPE = YES;
				GCC_WARN_STRICT_SELECTOR_MATCH = YES;
				GCC_WARN_UNDECLARED_SELECTOR = YES;
				GCC_WARN_UNUSED_VARIABLE = YES;
				INFOPLIST_FILE = "../Resources/AIS-Info.plist";
				IPHONEOS_DEPLOYMENT_TARGET = 6.0;
				"IPHONEOS_DEPLOYMENT_TARGET[arch=arm64]" = 7.0;
				MACOSX_DEPLOYMENT_TARGET = 10.5;
				OTHER_CFLAGS = (
					"-Wshorten-64-to-32",
					"-Wall",
				);
				RUN_CLANG_STATIC_ANALYZER = YES;
				SDKROOT = iphoneos;
			};
			name = CodeCoverage;
		};
		1E68F4A816F7843F00053706 /* CodeCoverage */ = {
			isa = XCBuildConfiguration;
			buildSettings = {
				"ARCHS[sdk=iphonesimulator*]" = "$(MSAI_SIM_ARCHS)";
				DSTROOT = /tmp/AIS.dst;
				FRAMEWORK_SEARCH_PATHS = (
					"$(inherited)",
					"\"$(SRCROOT)/../Vendor\"",
					"$(PROJECT_DIR)",
				);
				GCC_THUMB_SUPPORT = NO;
				GENERATE_PROFILING_CODE = YES;
				PRODUCT_NAME = "AppInsights-iOS";
				PUBLIC_HEADERS_FOLDER_PATH = "include/$(PRODUCT_NAME)";
				SKIP_INSTALL = YES;
				"VALID_ARCHS[sdk=iphonesimulator*]" = "$(BIT_SIM_ARCHS)";
			};
			name = CodeCoverage;
		};
		1E68F4AA16F7843F00053706 /* CodeCoverage */ = {
			isa = XCBuildConfiguration;
			buildSettings = {
				GCC_THUMB_SUPPORT = NO;
				INFOPLIST_FILE = "/Users/andreaslinde/SourceCode/AI/AppInsights-iOS/Resources/AppInsights-iOS-Info.plist";
				PRODUCT_NAME = "AppInsights-iOS Documentation";
			};
			name = CodeCoverage;
		};
		1E68F4AB16F7843F00053706 /* CodeCoverage */ = {
			isa = XCBuildConfiguration;
			buildSettings = {
				INFOPLIST_FILE = "/Users/andreaslinde/SourceCode/AI/AppInsights-iOS/Resources/AppInsights-iOS-Info.plist";
				PRODUCT_NAME = "AppInsights-iOS.framework";
			};
			name = CodeCoverage;
		};
		1E68F4AC16F7843F00053706 /* CodeCoverage */ = {
			isa = XCBuildConfiguration;
			buildSettings = {
				"ARCHS[sdk=iphonesimulator*]" = "$(MSAI_SIM_ARCHS)";
				CLANG_CXX_LANGUAGE_STANDARD = "gnu++0x";
				CLANG_CXX_LIBRARY = "libc++";
				CLANG_WARN_CONSTANT_CONVERSION = YES;
				CLANG_WARN_EMPTY_BODY = YES;
				CLANG_WARN_ENUM_CONVERSION = YES;
				CLANG_WARN_INT_CONVERSION = YES;
				CLANG_WARN__DUPLICATE_METHOD_MATCH = YES;
				FRAMEWORK_SEARCH_PATHS = (
					"\"$(SDKROOT)/Developer/Library/Frameworks\"",
					"\"$(DEVELOPER_LIBRARY_DIR)/Frameworks\"",
					"\"$(SRCROOT)/../Vendor\"",
					"\"$(SRCROOT)/AppInsights-iOSTests\"",
					"$(inherited)",
					"$(PROJECT_DIR)",
				);
				GCC_PRECOMPILE_PREFIX_HEADER = YES;
				GCC_PREFIX_HEADER = "AppInsights-iOSTests/AppInsights-iOSTests-Prefix.pch";
				GCC_PREPROCESSOR_DEFINITIONS = (
					"DEBUG=1",
					"$(inherited)",
				);
				GCC_WARN_UNINITIALIZED_AUTOS = YES;
				GENERATE_PROFILING_CODE = YES;
				INFOPLIST_FILE = "AppInsights-iOSTests/AppInsights-iOSTests-Info.plist";
				IPHONEOS_DEPLOYMENT_TARGET = 6.1;
				LIBRARY_SEARCH_PATHS = (
					"$(inherited)",
					"\"$(SRCROOT)/AppInsights-iOSTests\"",
				);
				ONLY_ACTIVE_ARCH = YES;
				PRODUCT_NAME = "AppInsights-iOSTests";
			};
			name = CodeCoverage;
		};
		1E8E66AE15BC3D7700632A2E /* Debug */ = {
			isa = XCBuildConfiguration;
			buildSettings = {
				GCC_THUMB_SUPPORT = NO;
				INFOPLIST_FILE = "/Users/andreaslinde/SourceCode/AI/AppInsights-iOS/Resources/AppInsights-iOS-Info.plist";
				PRODUCT_NAME = "AppInsights-iOS Documentation";
			};
			name = Debug;
		};
		1E8E66AF15BC3D7700632A2E /* Release */ = {
			isa = XCBuildConfiguration;
			buildSettings = {
				GCC_THUMB_SUPPORT = NO;
				INFOPLIST_FILE = "/Users/andreaslinde/SourceCode/AI/AppInsights-iOS/Resources/AppInsights-iOS-Info.plist";
				PRODUCT_NAME = "AppInsights-iOS Documentation";
			};
			name = Release;
		};
		E400563C148D79B500EB22B9 /* Debug */ = {
			isa = XCBuildConfiguration;
			baseConfigurationReference = 1E66CA9115D4100500F35BED /* buildnumber.xcconfig */;
			buildSettings = {
				ALWAYS_SEARCH_USER_PATHS = NO;
				CLANG_ENABLE_OBJC_ARC = YES;
				CLANG_WARN_ENUM_CONVERSION = YES;
				COPY_PHASE_STRIP = NO;
				DEAD_CODE_STRIPPING = NO;
				GCC_C_LANGUAGE_STANDARD = gnu99;
				GCC_DYNAMIC_NO_PIC = NO;
				GCC_OPTIMIZATION_LEVEL = 0;
				GCC_PRECOMPILE_PREFIX_HEADER = YES;
				GCC_PREFIX_HEADER = "$(SRCROOT)/../Classes/AppInsights-Prefix.pch";
				GCC_PREPROCESSOR_DEFINITIONS = (
					"BITHOCKEY_STATIC_LIBRARY=1",
					"DEBUG=1",
					"$(inherited)",
				);
				GCC_SYMBOLS_PRIVATE_EXTERN = NO;
				GCC_THUMB_SUPPORT = NO;
				GCC_VERSION = "";
				GCC_WARN_ABOUT_MISSING_NEWLINE = YES;
				GCC_WARN_ABOUT_MISSING_PROTOTYPES = YES;
				GCC_WARN_ABOUT_RETURN_TYPE = YES;
				GCC_WARN_STRICT_SELECTOR_MATCH = YES;
				GCC_WARN_UNDECLARED_SELECTOR = YES;
				GCC_WARN_UNUSED_VARIABLE = YES;
				INFOPLIST_FILE = "../Resources/AIS-Info.plist";
				IPHONEOS_DEPLOYMENT_TARGET = 6.0;
				"IPHONEOS_DEPLOYMENT_TARGET[arch=arm64]" = 7.0;
				MACOSX_DEPLOYMENT_TARGET = 10.5;
				ONLY_ACTIVE_ARCH = YES;
				OTHER_CFLAGS = (
					"-Wshorten-64-to-32",
					"-Wall",
				);
				RUN_CLANG_STATIC_ANALYZER = YES;
				SDKROOT = iphoneos;
			};
			name = Debug;
		};
		E400563D148D79B500EB22B9 /* Release */ = {
			isa = XCBuildConfiguration;
			baseConfigurationReference = 1E66CA9115D4100500F35BED /* buildnumber.xcconfig */;
			buildSettings = {
				ALWAYS_SEARCH_USER_PATHS = NO;
				CLANG_ENABLE_OBJC_ARC = YES;
				CLANG_WARN_ENUM_CONVERSION = YES;
				COPY_PHASE_STRIP = NO;
				DEAD_CODE_STRIPPING = NO;
				GCC_C_LANGUAGE_STANDARD = gnu99;
				GCC_PRECOMPILE_PREFIX_HEADER = YES;
				GCC_PREFIX_HEADER = "$(SRCROOT)/../Classes/AppInsights-Prefix.pch";
				GCC_PREPROCESSOR_DEFINITIONS = (
					"BITHOCKEY_STATIC_LIBRARY=1",
					"$(inherited)",
				);
				GCC_THUMB_SUPPORT = NO;
				GCC_VERSION = "";
				GCC_WARN_ABOUT_MISSING_NEWLINE = YES;
				GCC_WARN_ABOUT_MISSING_PROTOTYPES = YES;
				GCC_WARN_ABOUT_RETURN_TYPE = YES;
				GCC_WARN_STRICT_SELECTOR_MATCH = YES;
				GCC_WARN_UNDECLARED_SELECTOR = YES;
				GCC_WARN_UNUSED_VARIABLE = YES;
				INFOPLIST_FILE = "../Resources/AIS-Info.plist";
				IPHONEOS_DEPLOYMENT_TARGET = 6.0;
				"IPHONEOS_DEPLOYMENT_TARGET[arch=arm64]" = 7.0;
				MACOSX_DEPLOYMENT_TARGET = 10.5;
				OTHER_CFLAGS = (
					"-Wshorten-64-to-32",
					"-Wall",
				);
				RUN_CLANG_STATIC_ANALYZER = YES;
				SDKROOT = iphoneos;
				VALIDATE_PRODUCT = NO;
			};
			name = Release;
		};
/* End XCBuildConfiguration section */

/* Begin XCConfigurationList section */
		1E4F61EA1621AD970033EFC5 /* Build configuration list for PBXAggregateTarget "AppInsights-iOS Framework" */ = {
			isa = XCConfigurationList;
			buildConfigurations = (
				1E4F61EB1621AD970033EFC5 /* Debug */,
				1E68F4AB16F7843F00053706 /* CodeCoverage */,
				1E4F61EC1621AD970033EFC5 /* Release */,
			);
			defaultConfigurationIsVisible = 0;
			defaultConfigurationName = Release;
		};
		1E5954EF15B6F24A00A03429 /* Build configuration list for PBXNativeTarget "AppInsights-iOS" */ = {
			isa = XCConfigurationList;
			buildConfigurations = (
				1E5954F015B6F24A00A03429 /* Debug */,
				1E68F4A816F7843F00053706 /* CodeCoverage */,
				1E5954F115B6F24A00A03429 /* Release */,
			);
			defaultConfigurationIsVisible = 0;
			defaultConfigurationName = Release;
		};
		1E5A45A216F0DFC200B55C04 /* Build configuration list for PBXNativeTarget "AppInsights-iOSTests" */ = {
			isa = XCConfigurationList;
			buildConfigurations = (
				1E5A45A016F0DFC200B55C04 /* Debug */,
				1E68F4AC16F7843F00053706 /* CodeCoverage */,
				1E5A45A116F0DFC200B55C04 /* Release */,
			);
			defaultConfigurationIsVisible = 0;
			defaultConfigurationName = Release;
		};
		1E8E66B015BC3D7700632A2E /* Build configuration list for PBXAggregateTarget "AppInsights-iOS Documentation" */ = {
			isa = XCConfigurationList;
			buildConfigurations = (
				1E8E66AE15BC3D7700632A2E /* Debug */,
				1E68F4AA16F7843F00053706 /* CodeCoverage */,
				1E8E66AF15BC3D7700632A2E /* Release */,
			);
			defaultConfigurationIsVisible = 0;
			defaultConfigurationName = Release;
		};
		E4005614148D79B500EB22B9 /* Build configuration list for PBXProject "AppInsights-iOS" */ = {
			isa = XCConfigurationList;
			buildConfigurations = (
				E400563C148D79B500EB22B9 /* Debug */,
				1E68F4A716F7843F00053706 /* CodeCoverage */,
				E400563D148D79B500EB22B9 /* Release */,
			);
			defaultConfigurationIsVisible = 0;
			defaultConfigurationName = Release;
		};
/* End XCConfigurationList section */
	};
	rootObject = E4005611148D79B500EB22B9 /* Project object */;
}
