// !$*UTF8*$!
{
	archiveVersion = 1;
	classes = {
	};
	objectVersion = 46;
	objects = {

/* Begin PBXAggregateTarget section */
		1E4F61E91621AD970033EFC5 /* ApplicationInsights Framework */ = {
			isa = PBXAggregateTarget;
			buildConfigurationList = 1E4F61EA1621AD970033EFC5 /* Build configuration list for PBXAggregateTarget "ApplicationInsights Framework" */;
			buildPhases = (
				1E4F61ED1621ADE70033EFC5 /* Build universal embedded framework */,
			);
			dependencies = (
				1E754E431621F6290070AB92 /* PBXTargetDependency */,
			);
			name = "ApplicationInsights Framework";
			productName = "ApplicationInsights Framework";
		};
		1E8E66AD15BC3D7700632A2E /* ApplicationInsights Documentation */ = {
			isa = PBXAggregateTarget;
			buildConfigurationList = 1E8E66B015BC3D7700632A2E /* Build configuration list for PBXAggregateTarget "ApplicationInsights Documentation" */;
			buildPhases = (
				1E8E66B215BC3D8200632A2E /* ShellScript */,
			);
			dependencies = (
			);
			name = "ApplicationInsights Documentation";
			productName = "ApplicationInsights Documentation";
		};
/* End PBXAggregateTarget section */

/* Begin PBXBuildFile section */
		1B3B73081A94BC8E008DCADA /* CoreTelephony.framework in Frameworks */ = {isa = PBXBuildFile; fileRef = 1B3B73071A94BC8E008DCADA /* CoreTelephony.framework */; settings = {ATTRIBUTES = (Weak, ); }; };
		1B3FB89E1A93756100D06311 /* MSAIReachability.h in Headers */ = {isa = PBXBuildFile; fileRef = 1B3FB89C1A93756100D06311 /* MSAIReachability.h */; };
		1B3FB89F1A93756100D06311 /* MSAIReachability.m in Sources */ = {isa = PBXBuildFile; fileRef = 1B3FB89D1A93756100D06311 /* MSAIReachability.m */; };
		1B47E02E1A84D3DF000B4C3D /* MSAIEnvelopeManager.h in Headers */ = {isa = PBXBuildFile; fileRef = 1B47E02C1A84D3DF000B4C3D /* MSAIEnvelopeManager.h */; };
		1B47E02F1A84D3DF000B4C3D /* MSAIEnvelopeManager.m in Sources */ = {isa = PBXBuildFile; fileRef = 1B47E02D1A84D3DF000B4C3D /* MSAIEnvelopeManager.m */; };
		1B62F4D81A692A3200EB5AD0 /* MSAIContext.h in Headers */ = {isa = PBXBuildFile; fileRef = 1B62F4D61A692A3200EB5AD0 /* MSAIContext.h */; };
		1B62F4D91A692A3200EB5AD0 /* MSAIContext.m in Sources */ = {isa = PBXBuildFile; fileRef = 1B62F4D71A692A3200EB5AD0 /* MSAIContext.m */; };
		1B85606F1A7A6A9D00A54FB7 /* UIKit.framework in Frameworks */ = {isa = PBXBuildFile; fileRef = 1B85606E1A7A6A9D00A54FB7 /* UIKit.framework */; };
		1BBBCF341A6594AE00253031 /* MSAIChannel.h in Headers */ = {isa = PBXBuildFile; fileRef = 1BBBCF2E1A6594AE00253031 /* MSAIChannel.h */; };
		1BBBCF351A6594AE00253031 /* MSAIChannel.m in Sources */ = {isa = PBXBuildFile; fileRef = 1BBBCF2F1A6594AE00253031 /* MSAIChannel.m */; };
		1BBBCF361A6594AE00253031 /* MSAITelemetryContext.h in Headers */ = {isa = PBXBuildFile; fileRef = 1BBBCF301A6594AE00253031 /* MSAITelemetryContext.h */; };
		1BBBCF371A6594AE00253031 /* MSAITelemetryContext.m in Sources */ = {isa = PBXBuildFile; fileRef = 1BBBCF311A6594AE00253031 /* MSAITelemetryContext.m */; };
		1BC8596B1A7ACA820018FB6B /* MSAICategoryContainer.h in Headers */ = {isa = PBXBuildFile; fileRef = 1BC859691A7ACA820018FB6B /* MSAICategoryContainer.h */; };
		1BC8596C1A7ACA820018FB6B /* MSAICategoryContainer.m in Sources */ = {isa = PBXBuildFile; fileRef = 1BC8596A1A7ACA820018FB6B /* MSAICategoryContainer.m */; };
		1BE29B481A6FB8C20014A10F /* MSAISender.h in Headers */ = {isa = PBXBuildFile; fileRef = 1BE29B461A6FB8C20014A10F /* MSAISender.h */; };
		1BE29B491A6FB8C20014A10F /* MSAISender.m in Sources */ = {isa = PBXBuildFile; fileRef = 1BE29B471A6FB8C20014A10F /* MSAISender.m */; };
		1BE53D761AB889420048ABBC /* MSAIContextHelper.h in Headers */ = {isa = PBXBuildFile; fileRef = 1BE53D741AB889420048ABBC /* MSAIContextHelper.h */; };
		1BE53D771AB889420048ABBC /* MSAIContextHelper.m in Sources */ = {isa = PBXBuildFile; fileRef = 1BE53D751AB889420048ABBC /* MSAIContextHelper.m */; };
		1E0FEE28173BDB260061331F /* MSAIKeychainUtils.h in Headers */ = {isa = PBXBuildFile; fileRef = 1E0FEE26173BDB260061331F /* MSAIKeychainUtils.h */; };
		1E0FEE29173BDB260061331F /* MSAIKeychainUtils.m in Sources */ = {isa = PBXBuildFile; fileRef = 1E0FEE27173BDB260061331F /* MSAIKeychainUtils.m */; };
		1E49A4BE161222B900463151 /* MSAIHelper.h in Headers */ = {isa = PBXBuildFile; fileRef = 1E49A4A5161222B900463151 /* MSAIHelper.h */; };
		1E49A4C1161222B900463151 /* MSAIHelper.m in Sources */ = {isa = PBXBuildFile; fileRef = 1E49A4A6161222B900463151 /* MSAIHelper.m */; };
		1E49A4D8161222D400463151 /* ApplicationInsightsPrivate.h in Headers */ = {isa = PBXBuildFile; fileRef = 1E49A4D4161222D400463151 /* ApplicationInsightsPrivate.h */; settings = {ATTRIBUTES = (Private, ); }; };
		1E49A4DB161222D400463151 /* ApplicationInsightsPrivate.m in Sources */ = {isa = PBXBuildFile; fileRef = 1E49A4D5161222D400463151 /* ApplicationInsightsPrivate.m */; };
		1E5954D315B6F24A00A03429 /* MSAIApplicationInsights.m in Sources */ = {isa = PBXBuildFile; fileRef = E41EB466148D7BF50015DEDC /* MSAIApplicationInsights.m */; };
		1E5954DC15B6F24A00A03429 /* Foundation.framework in Frameworks */ = {isa = PBXBuildFile; fileRef = E400561D148D79B500EB22B9 /* Foundation.framework */; };
		1E59559A15B6FDA500A03429 /* MSAIApplicationInsights.h in Headers */ = {isa = PBXBuildFile; fileRef = E41EB465148D7BF50015DEDC /* MSAIApplicationInsights.h */; settings = {ATTRIBUTES = (Public, ); }; };
		1E59559B15B6FDA500A03429 /* ApplicationInsights.h in Headers */ = {isa = PBXBuildFile; fileRef = 1E71509A15B5C76F004E88FF /* ApplicationInsights.h */; settings = {ATTRIBUTES = (Public, ); }; };
		1E5A459516F0DFC200B55C04 /* Foundation.framework in Frameworks */ = {isa = PBXBuildFile; fileRef = E400561D148D79B500EB22B9 /* Foundation.framework */; };
		1E84DB3417E099BA00AC83FD /* ApplicationInsightsFeatureConfig.h in Headers */ = {isa = PBXBuildFile; fileRef = 1E84DB3317E0977C00AC83FD /* ApplicationInsightsFeatureConfig.h */; settings = {ATTRIBUTES = (Public, ); }; };
		1EA1170016F4D32C001C015C /* libApplicationInsights.a in Frameworks */ = {isa = PBXBuildFile; fileRef = 1E5954F215B6F24A00A03429 /* libApplicationInsights.a */; };
		1EB2E4C618FD4CEA008BB1CF /* MSAITelemetryManager.h in Headers */ = {isa = PBXBuildFile; fileRef = 1EB2E4C418FD4CEA008BB1CF /* MSAITelemetryManager.h */; settings = {ATTRIBUTES = (Public, ); }; };
		1EB2E4C718FD4CEA008BB1CF /* MSAITelemetryManager.m in Sources */ = {isa = PBXBuildFile; fileRef = 1EB2E4C518FD4CEA008BB1CF /* MSAITelemetryManager.m */; };
		594931B3422F36B9D1DA449C /* MSAIPersistence.h in Headers */ = {isa = PBXBuildFile; fileRef = 594931F0F69C22CBB67A2AD9 /* MSAIPersistence.h */; };
		59493E4E3899627127FA6760 /* MSAIPersistence.m in Sources */ = {isa = PBXBuildFile; fileRef = 59493E91C1D38C3FC5F77D19 /* MSAIPersistence.m */; };
		8000A3D41B0E973F009F2B29 /* MSAICategoryContainerTests.m in Sources */ = {isa = PBXBuildFile; fileRef = 8000A3D31B0E973F009F2B29 /* MSAICategoryContainerTests.m */; };
		8004739C1ABB8FC200BBFE62 /* MSAIPersistencePrivate.h in Headers */ = {isa = PBXBuildFile; fileRef = 8004739B1ABB8FC200BBFE62 /* MSAIPersistencePrivate.h */; settings = {ATTRIBUTES = (Private, ); }; };
		803871BD1A94C0A600BF295F /* MSAIPageViewLogging_UIViewController.h in Headers */ = {isa = PBXBuildFile; fileRef = 1BC8596D1A7ACC040018FB6B /* MSAIPageViewLogging_UIViewController.h */; };
		803871C21A94C26500BF295F /* MSAIContextPrivate.h in Headers */ = {isa = PBXBuildFile; fileRef = 1B62F4DA1A692A6F00EB5AD0 /* MSAIContextPrivate.h */; settings = {ATTRIBUTES = (Private, ); }; };
		803871C31A94C26500BF295F /* MSAITelemetryManagerPrivate.h in Headers */ = {isa = PBXBuildFile; fileRef = 1EB2E4C818FD4E90008BB1CF /* MSAITelemetryManagerPrivate.h */; settings = {ATTRIBUTES = (Private, ); }; };
		803871C41A94C26500BF295F /* MSAIChannelPrivate.h in Headers */ = {isa = PBXBuildFile; fileRef = 1B4D17E41A666EE30079D948 /* MSAIChannelPrivate.h */; settings = {ATTRIBUTES = (Private, ); }; };
		803871C51A94C26500BF295F /* MSAITelemetryContextPrivate.h in Headers */ = {isa = PBXBuildFile; fileRef = 1BE129921A725797004D2AEE /* MSAITelemetryContextPrivate.h */; settings = {ATTRIBUTES = (Private, ); }; };
		803871C61A94C26500BF295F /* MSAIEnvelopeManagerPrivate.h in Headers */ = {isa = PBXBuildFile; fileRef = 1B47E0301A84D413000B4C3D /* MSAIEnvelopeManagerPrivate.h */; settings = {ATTRIBUTES = (Private, ); }; };
		803871C71A94C26500BF295F /* MSAISenderPrivate.h in Headers */ = {isa = PBXBuildFile; fileRef = 1BE29B4A1A6FBAB50014A10F /* MSAISenderPrivate.h */; settings = {ATTRIBUTES = (Private, ); }; };
		8042486D1AC2266A001DBE4F /* MSAIAppClient.h in Headers */ = {isa = PBXBuildFile; fileRef = E40E0B0A17DA1AFF005E38C1 /* MSAIAppClient.h */; };
		80677CDB1B2EF23000B324E5 /* MSAINullability.h in Headers */ = {isa = PBXBuildFile; fileRef = 80677CDA1B2EF23000B324E5 /* MSAINullability.h */; settings = {ATTRIBUTES = (Public, ); }; };
		807CFD681A71294E004EA1B6 /* MSAIOrderedDictionary.h in Headers */ = {isa = PBXBuildFile; fileRef = 807CFD661A71294E004EA1B6 /* MSAIOrderedDictionary.h */; };
		807CFD691A71294E004EA1B6 /* MSAIOrderedDictionary.m in Sources */ = {isa = PBXBuildFile; fileRef = 807CFD671A71294E004EA1B6 /* MSAIOrderedDictionary.m */; };
		807CFD6E1A712969004EA1B6 /* MSAIObject.h in Headers */ = {isa = PBXBuildFile; fileRef = 807CFD6A1A712969004EA1B6 /* MSAIObject.h */; settings = {ATTRIBUTES = (Public, ); }; };
		807CFD6F1A712969004EA1B6 /* MSAIObject.m in Sources */ = {isa = PBXBuildFile; fileRef = 807CFD6B1A712969004EA1B6 /* MSAIObject.m */; };
		807CFD701A712969004EA1B6 /* MSAITelemetryData.h in Headers */ = {isa = PBXBuildFile; fileRef = 807CFD6C1A712969004EA1B6 /* MSAITelemetryData.h */; };
		807CFD711A712969004EA1B6 /* MSAITelemetryData.m in Sources */ = {isa = PBXBuildFile; fileRef = 807CFD6D1A712969004EA1B6 /* MSAITelemetryData.m */; };
		807CFDA31A712974004EA1B6 /* MSAIApplication.h in Headers */ = {isa = PBXBuildFile; fileRef = 807CFD721A712974004EA1B6 /* MSAIApplication.h */; };
		807CFDA41A712974004EA1B6 /* MSAIApplication.m in Sources */ = {isa = PBXBuildFile; fileRef = 807CFD731A712974004EA1B6 /* MSAIApplication.m */; };
		807CFDA51A712974004EA1B6 /* MSAIBase.h in Headers */ = {isa = PBXBuildFile; fileRef = 807CFD741A712974004EA1B6 /* MSAIBase.h */; };
		807CFDA61A712974004EA1B6 /* MSAIBase.m in Sources */ = {isa = PBXBuildFile; fileRef = 807CFD751A712974004EA1B6 /* MSAIBase.m */; };
		807CFDA71A712974004EA1B6 /* MSAIData.h in Headers */ = {isa = PBXBuildFile; fileRef = 807CFD761A712974004EA1B6 /* MSAIData.h */; };
		807CFDA81A712974004EA1B6 /* MSAIData.m in Sources */ = {isa = PBXBuildFile; fileRef = 807CFD771A712974004EA1B6 /* MSAIData.m */; };
		807CFDA91A712974004EA1B6 /* MSAIDataPoint.h in Headers */ = {isa = PBXBuildFile; fileRef = 807CFD781A712974004EA1B6 /* MSAIDataPoint.h */; };
		807CFDAA1A712974004EA1B6 /* MSAIDataPoint.m in Sources */ = {isa = PBXBuildFile; fileRef = 807CFD791A712974004EA1B6 /* MSAIDataPoint.m */; };
		807CFDAB1A712974004EA1B6 /* MSAIDataPointType.h in Headers */ = {isa = PBXBuildFile; fileRef = 807CFD7A1A712974004EA1B6 /* MSAIDataPointType.h */; };
		807CFDAC1A712974004EA1B6 /* MSAIDependencyKind.h in Headers */ = {isa = PBXBuildFile; fileRef = 807CFD7B1A712974004EA1B6 /* MSAIDependencyKind.h */; };
		807CFDAD1A712974004EA1B6 /* MSAIDependencySourceType.h in Headers */ = {isa = PBXBuildFile; fileRef = 807CFD7C1A712974004EA1B6 /* MSAIDependencySourceType.h */; };
		807CFDAE1A712974004EA1B6 /* MSAIDevice.h in Headers */ = {isa = PBXBuildFile; fileRef = 807CFD7D1A712974004EA1B6 /* MSAIDevice.h */; };
		807CFDAF1A712974004EA1B6 /* MSAIDevice.m in Sources */ = {isa = PBXBuildFile; fileRef = 807CFD7E1A712974004EA1B6 /* MSAIDevice.m */; };
		807CFDB01A712974004EA1B6 /* MSAIDomain.h in Headers */ = {isa = PBXBuildFile; fileRef = 807CFD7F1A712974004EA1B6 /* MSAIDomain.h */; };
		807CFDB11A712974004EA1B6 /* MSAIDomain.m in Sources */ = {isa = PBXBuildFile; fileRef = 807CFD801A712974004EA1B6 /* MSAIDomain.m */; };
		807CFDB21A712974004EA1B6 /* MSAIEnums.h in Headers */ = {isa = PBXBuildFile; fileRef = 807CFD811A712974004EA1B6 /* MSAIEnums.h */; };
		807CFDB31A712974004EA1B6 /* MSAIEnvelope.h in Headers */ = {isa = PBXBuildFile; fileRef = 807CFD821A712974004EA1B6 /* MSAIEnvelope.h */; };
		807CFDB41A712974004EA1B6 /* MSAIEnvelope.m in Sources */ = {isa = PBXBuildFile; fileRef = 807CFD831A712974004EA1B6 /* MSAIEnvelope.m */; };
		807CFDB51A712974004EA1B6 /* MSAIEventData.h in Headers */ = {isa = PBXBuildFile; fileRef = 807CFD841A712974004EA1B6 /* MSAIEventData.h */; };
		807CFDB61A712974004EA1B6 /* MSAIEventData.m in Sources */ = {isa = PBXBuildFile; fileRef = 807CFD851A712974004EA1B6 /* MSAIEventData.m */; };
		807CFDBB1A712974004EA1B6 /* MSAIInternal.h in Headers */ = {isa = PBXBuildFile; fileRef = 807CFD8A1A712974004EA1B6 /* MSAIInternal.h */; };
		807CFDBC1A712974004EA1B6 /* MSAIInternal.m in Sources */ = {isa = PBXBuildFile; fileRef = 807CFD8B1A712974004EA1B6 /* MSAIInternal.m */; };
		807CFDBD1A712974004EA1B6 /* MSAILocation.h in Headers */ = {isa = PBXBuildFile; fileRef = 807CFD8C1A712974004EA1B6 /* MSAILocation.h */; };
		807CFDBE1A712974004EA1B6 /* MSAILocation.m in Sources */ = {isa = PBXBuildFile; fileRef = 807CFD8D1A712974004EA1B6 /* MSAILocation.m */; };
		807CFDBF1A712974004EA1B6 /* MSAIMessageData.h in Headers */ = {isa = PBXBuildFile; fileRef = 807CFD8E1A712974004EA1B6 /* MSAIMessageData.h */; };
		807CFDC01A712974004EA1B6 /* MSAIMessageData.m in Sources */ = {isa = PBXBuildFile; fileRef = 807CFD8F1A712974004EA1B6 /* MSAIMessageData.m */; };
		807CFDC11A712974004EA1B6 /* MSAIMetricData.h in Headers */ = {isa = PBXBuildFile; fileRef = 807CFD901A712974004EA1B6 /* MSAIMetricData.h */; };
		807CFDC21A712974004EA1B6 /* MSAIMetricData.m in Sources */ = {isa = PBXBuildFile; fileRef = 807CFD911A712974004EA1B6 /* MSAIMetricData.m */; };
		807CFDC31A712974004EA1B6 /* MSAIOperation.h in Headers */ = {isa = PBXBuildFile; fileRef = 807CFD921A712974004EA1B6 /* MSAIOperation.h */; };
		807CFDC41A712974004EA1B6 /* MSAIOperation.m in Sources */ = {isa = PBXBuildFile; fileRef = 807CFD931A712974004EA1B6 /* MSAIOperation.m */; };
		807CFDC51A712974004EA1B6 /* MSAIPageViewData.h in Headers */ = {isa = PBXBuildFile; fileRef = 807CFD941A712974004EA1B6 /* MSAIPageViewData.h */; };
		807CFDC61A712974004EA1B6 /* MSAIPageViewData.m in Sources */ = {isa = PBXBuildFile; fileRef = 807CFD951A712974004EA1B6 /* MSAIPageViewData.m */; };
		807CFDC71A712974004EA1B6 /* MSAIPageViewPerfData.h in Headers */ = {isa = PBXBuildFile; fileRef = 807CFD961A712974004EA1B6 /* MSAIPageViewPerfData.h */; };
		807CFDC81A712974004EA1B6 /* MSAIPageViewPerfData.m in Sources */ = {isa = PBXBuildFile; fileRef = 807CFD971A712974004EA1B6 /* MSAIPageViewPerfData.m */; };
		807CFDC91A712974004EA1B6 /* MSAIRemoteDependencyData.h in Headers */ = {isa = PBXBuildFile; fileRef = 807CFD981A712974004EA1B6 /* MSAIRemoteDependencyData.h */; };
		807CFDCA1A712974004EA1B6 /* MSAIRemoteDependencyData.m in Sources */ = {isa = PBXBuildFile; fileRef = 807CFD991A712974004EA1B6 /* MSAIRemoteDependencyData.m */; };
		807CFDCB1A712974004EA1B6 /* MSAIRequestData.h in Headers */ = {isa = PBXBuildFile; fileRef = 807CFD9A1A712974004EA1B6 /* MSAIRequestData.h */; };
		807CFDCC1A712974004EA1B6 /* MSAIRequestData.m in Sources */ = {isa = PBXBuildFile; fileRef = 807CFD9B1A712974004EA1B6 /* MSAIRequestData.m */; };
		807CFDCD1A712974004EA1B6 /* MSAISession.h in Headers */ = {isa = PBXBuildFile; fileRef = 807CFD9C1A712974004EA1B6 /* MSAISession.h */; };
		807CFDCE1A712974004EA1B6 /* MSAISession.m in Sources */ = {isa = PBXBuildFile; fileRef = 807CFD9D1A712974004EA1B6 /* MSAISession.m */; };
		807CFDCF1A712974004EA1B6 /* MSAISeverityLevel.h in Headers */ = {isa = PBXBuildFile; fileRef = 807CFD9E1A712974004EA1B6 /* MSAISeverityLevel.h */; };
		807CFDD21A712974004EA1B6 /* MSAIUser.h in Headers */ = {isa = PBXBuildFile; fileRef = 807CFDA11A712974004EA1B6 /* MSAIUser.h */; settings = {ATTRIBUTES = (Public, ); }; };
		807CFDD31A712974004EA1B6 /* MSAIUser.m in Sources */ = {isa = PBXBuildFile; fileRef = 807CFDA21A712974004EA1B6 /* MSAIUser.m */; };
		809E9E5A1AC455D9008A1AB5 /* MSAISessionState.h in Headers */ = {isa = PBXBuildFile; fileRef = 809E9E571AC455D9008A1AB5 /* MSAISessionState.h */; };
		809E9E5B1AC455D9008A1AB5 /* MSAISessionStateData.h in Headers */ = {isa = PBXBuildFile; fileRef = 809E9E581AC455D9008A1AB5 /* MSAISessionStateData.h */; };
		809E9E5C1AC455D9008A1AB5 /* MSAISessionStateData.m in Sources */ = {isa = PBXBuildFile; fileRef = 809E9E591AC455D9008A1AB5 /* MSAISessionStateData.m */; };
		80B69EED1ADDC09900C47B0A /* MSAIGZIP.h in Headers */ = {isa = PBXBuildFile; fileRef = 80B69EEB1ADDC09900C47B0A /* MSAIGZIP.h */; };
		80E1A4121AE54B5300603B0A /* MSAIAppClientTests.m in Sources */ = {isa = PBXBuildFile; fileRef = 80E1A3EA1AE54B5300603B0A /* MSAIAppClientTests.m */; };
		80E1A4131AE54B5300603B0A /* MSAIApplicationInsightsTests.m in Sources */ = {isa = PBXBuildFile; fileRef = 80E1A3EB1AE54B5300603B0A /* MSAIApplicationInsightsTests.m */; };
		80E1A4141AE54B5300603B0A /* MSAIApplicationTests.m in Sources */ = {isa = PBXBuildFile; fileRef = 80E1A3EC1AE54B5300603B0A /* MSAIApplicationTests.m */; };
		80E1A4151AE54B5300603B0A /* MSAIBaseTests.m in Sources */ = {isa = PBXBuildFile; fileRef = 80E1A3ED1AE54B5300603B0A /* MSAIBaseTests.m */; };
		80E1A4161AE54B5300603B0A /* MSAIChannelTests.m in Sources */ = {isa = PBXBuildFile; fileRef = 80E1A3EE1AE54B5300603B0A /* MSAIChannelTests.m */; };
		80E1A4191AE54B5300603B0A /* MSAIDataPointTests.m in Sources */ = {isa = PBXBuildFile; fileRef = 80E1A3F11AE54B5300603B0A /* MSAIDataPointTests.m */; };
		80E1A41A1AE54B5300603B0A /* MSAIDataTests.m in Sources */ = {isa = PBXBuildFile; fileRef = 80E1A3F21AE54B5300603B0A /* MSAIDataTests.m */; };
		80E1A41B1AE54B5300603B0A /* MSAIDeviceTests.m in Sources */ = {isa = PBXBuildFile; fileRef = 80E1A3F31AE54B5300603B0A /* MSAIDeviceTests.m */; };
		80E1A41C1AE54B5300603B0A /* MSAIDomainTests.m in Sources */ = {isa = PBXBuildFile; fileRef = 80E1A3F41AE54B5300603B0A /* MSAIDomainTests.m */; };
		80E1A41D1AE54B5300603B0A /* MSAIEnvelopeManagerTests.m in Sources */ = {isa = PBXBuildFile; fileRef = 80E1A3F51AE54B5300603B0A /* MSAIEnvelopeManagerTests.m */; };
		80E1A41E1AE54B5300603B0A /* MSAIEnvelopeTests.m in Sources */ = {isa = PBXBuildFile; fileRef = 80E1A3F61AE54B5300603B0A /* MSAIEnvelopeTests.m */; };
		80E1A41F1AE54B5300603B0A /* MSAIEventDataTests.m in Sources */ = {isa = PBXBuildFile; fileRef = 80E1A3F71AE54B5300603B0A /* MSAIEventDataTests.m */; };
		80E1A4221AE54B5300603B0A /* MSAIHelperTests.m in Sources */ = {isa = PBXBuildFile; fileRef = 80E1A3FA1AE54B5300603B0A /* MSAIHelperTests.m */; };
		80E1A4231AE54B5300603B0A /* MSAIInternalTests.m in Sources */ = {isa = PBXBuildFile; fileRef = 80E1A3FB1AE54B5300603B0A /* MSAIInternalTests.m */; };
		80E1A4241AE54B5300603B0A /* MSAIKeychainUtilsTests.m in Sources */ = {isa = PBXBuildFile; fileRef = 80E1A3FC1AE54B5300603B0A /* MSAIKeychainUtilsTests.m */; };
		80E1A4251AE54B5300603B0A /* MSAILocationTests.m in Sources */ = {isa = PBXBuildFile; fileRef = 80E1A3FD1AE54B5300603B0A /* MSAILocationTests.m */; };
		80E1A4261AE54B5300603B0A /* MSAIMessageDataTests.m in Sources */ = {isa = PBXBuildFile; fileRef = 80E1A3FE1AE54B5300603B0A /* MSAIMessageDataTests.m */; };
		80E1A4271AE54B5300603B0A /* MSAIMetricDataTests.m in Sources */ = {isa = PBXBuildFile; fileRef = 80E1A3FF1AE54B5300603B0A /* MSAIMetricDataTests.m */; };
		80E1A4281AE54B5300603B0A /* MSAIOperationTests.m in Sources */ = {isa = PBXBuildFile; fileRef = 80E1A4001AE54B5300603B0A /* MSAIOperationTests.m */; };
		80E1A4291AE54B5300603B0A /* MSAIPageViewDataTests.m in Sources */ = {isa = PBXBuildFile; fileRef = 80E1A4011AE54B5300603B0A /* MSAIPageViewDataTests.m */; };
		80E1A42A1AE54B5300603B0A /* MSAIPageViewPerfDataTests.m in Sources */ = {isa = PBXBuildFile; fileRef = 80E1A4021AE54B5300603B0A /* MSAIPageViewPerfDataTests.m */; };
		80E1A42B1AE54B5300603B0A /* MSAIPersistenceTest.m in Sources */ = {isa = PBXBuildFile; fileRef = 80E1A4031AE54B5300603B0A /* MSAIPersistenceTest.m */; };
		80E1A42C1AE54B5300603B0A /* MSAIReachabilityTests.m in Sources */ = {isa = PBXBuildFile; fileRef = 80E1A4041AE54B5300603B0A /* MSAIReachabilityTests.m */; };
		80E1A42D1AE54B5300603B0A /* MSAIRemoteDependencyDataTests.m in Sources */ = {isa = PBXBuildFile; fileRef = 80E1A4051AE54B5300603B0A /* MSAIRemoteDependencyDataTests.m */; };
		80E1A42E1AE54B5300603B0A /* MSAIRequestDataTests.m in Sources */ = {isa = PBXBuildFile; fileRef = 80E1A4061AE54B5300603B0A /* MSAIRequestDataTests.m */; };
		80E1A42F1AE54B5300603B0A /* MSAISenderTests.m in Sources */ = {isa = PBXBuildFile; fileRef = 80E1A4071AE54B5300603B0A /* MSAISenderTests.m */; };
		80E1A4301AE54B5300603B0A /* MSAIContextHelperTests.m in Sources */ = {isa = PBXBuildFile; fileRef = 80E1A4081AE54B5300603B0A /* MSAIContextHelperTests.m */; };
		80E1A4311AE54B5300603B0A /* MSAISessionTests.m in Sources */ = {isa = PBXBuildFile; fileRef = 80E1A4091AE54B5300603B0A /* MSAISessionTests.m */; };
		80E1A4331AE54B5300603B0A /* MSAITelemetryContextTests.m in Sources */ = {isa = PBXBuildFile; fileRef = 80E1A40B1AE54B5300603B0A /* MSAITelemetryContextTests.m */; };
		80E1A4341AE54B5300603B0A /* MSAITelemetryManagerTests.m in Sources */ = {isa = PBXBuildFile; fileRef = 80E1A40C1AE54B5300603B0A /* MSAITelemetryManagerTests.m */; };
		80E1A4351AE54B5300603B0A /* MSAITestHelper.m in Sources */ = {isa = PBXBuildFile; fileRef = 80E1A40E1AE54B5300603B0A /* MSAITestHelper.m */; };
		80E1A4361AE54B5300603B0A /* MSAITestsDependencyInjection.m in Sources */ = {isa = PBXBuildFile; fileRef = 80E1A4101AE54B5300603B0A /* MSAITestsDependencyInjection.m */; };
		80E1A4371AE54B5300603B0A /* MSAIUserTests.m in Sources */ = {isa = PBXBuildFile; fileRef = 80E1A4111AE54B5300603B0A /* MSAIUserTests.m */; };
		80E1A44A1AE54B6C00603B0A /* OCMockitoIOS.framework in Frameworks */ = {isa = PBXBuildFile; fileRef = 80E1A4461AE54B6C00603B0A /* OCMockitoIOS.framework */; };
		80E1A44C1AE54C7800603B0A /* OCHamcrestIOS.framework in Frameworks */ = {isa = PBXBuildFile; fileRef = 80E1A44B1AE54C7800603B0A /* OCHamcrestIOS.framework */; };
		80E1A45A1AE54D6200603B0A /* libOCMock.a in Frameworks */ = {isa = PBXBuildFile; fileRef = 80E1A44D1AE54C8500603B0A /* libOCMock.a */; };
		80ECBD1F1ADE9E39005CACF4 /* libz.dylib in Frameworks */ = {isa = PBXBuildFile; fileRef = 80B69EEF1ADDC49100C47B0A /* libz.dylib */; };
		80F334B21A9C93290098026F /* MSAIApplicationInsightsPrivate.h in Headers */ = {isa = PBXBuildFile; fileRef = 80F334B11A9C93290098026F /* MSAIApplicationInsightsPrivate.h */; settings = {ATTRIBUTES = (Private, ); }; };
		E40E0B0D17DA1AFF005E38C1 /* MSAIAppClient.m in Sources */ = {isa = PBXBuildFile; fileRef = E40E0B0B17DA1AFF005E38C1 /* MSAIAppClient.m */; };
		E4933E8017B66CDA00B11ACC /* MSAIHTTPOperation.h in Headers */ = {isa = PBXBuildFile; fileRef = E4933E7E17B66CDA00B11ACC /* MSAIHTTPOperation.h */; };
		E4933E8117B66CDA00B11ACC /* MSAIHTTPOperation.m in Sources */ = {isa = PBXBuildFile; fileRef = E4933E7F17B66CDA00B11ACC /* MSAIHTTPOperation.m */; };
/* End PBXBuildFile section */

/* Begin PBXContainerItemProxy section */
		1E754E421621F6290070AB92 /* PBXContainerItemProxy */ = {
			isa = PBXContainerItemProxy;
			containerPortal = E4005611148D79B500EB22B9 /* Project object */;
			proxyType = 1;
			remoteGlobalIDString = 1E8E66AD15BC3D7700632A2E;
			remoteInfo = "ApplicationInsights Documentation";
		};
		1EA116FE16F4D302001C015C /* PBXContainerItemProxy */ = {
			isa = PBXContainerItemProxy;
			containerPortal = E4005611148D79B500EB22B9 /* Project object */;
			proxyType = 1;
			remoteGlobalIDString = 1E5954CB15B6F24A00A03429;
			remoteInfo = ApplicationInsights;
		};
/* End PBXContainerItemProxy section */

/* Begin PBXFileReference section */
		1B2439BF1AB8AB8100B07374 /* MSAIContextHelperPrivate.h */ = {isa = PBXFileReference; lastKnownFileType = sourcecode.c.h; path = MSAIContextHelperPrivate.h; sourceTree = "<group>"; };
		1B2B6E851C5AFF3600D89D13 /* module.modulemap */ = {isa = PBXFileReference; lastKnownFileType = "sourcecode.module-map"; path = module.modulemap; sourceTree = "<group>"; };
		1B2B6E891C5B039800D89D13 /* release.xcconfig */ = {isa = PBXFileReference; lastKnownFileType = text.xcconfig; path = release.xcconfig; sourceTree = "<group>"; };
		1B3B73071A94BC8E008DCADA /* CoreTelephony.framework */ = {isa = PBXFileReference; lastKnownFileType = wrapper.framework; name = CoreTelephony.framework; path = System/Library/Frameworks/CoreTelephony.framework; sourceTree = SDKROOT; };
		1B3FB89C1A93756100D06311 /* MSAIReachability.h */ = {isa = PBXFileReference; fileEncoding = 4; lastKnownFileType = sourcecode.c.h; path = MSAIReachability.h; sourceTree = "<group>"; };
		1B3FB89D1A93756100D06311 /* MSAIReachability.m */ = {isa = PBXFileReference; fileEncoding = 4; lastKnownFileType = sourcecode.c.objc; path = MSAIReachability.m; sourceTree = "<group>"; };
		1B3FB8A51A9383C300D06311 /* MSAIReachabilityPrivate.h */ = {isa = PBXFileReference; lastKnownFileType = sourcecode.c.h; path = MSAIReachabilityPrivate.h; sourceTree = "<group>"; };
		1B47E02C1A84D3DF000B4C3D /* MSAIEnvelopeManager.h */ = {isa = PBXFileReference; fileEncoding = 4; lastKnownFileType = sourcecode.c.h; path = MSAIEnvelopeManager.h; sourceTree = "<group>"; };
		1B47E02D1A84D3DF000B4C3D /* MSAIEnvelopeManager.m */ = {isa = PBXFileReference; fileEncoding = 4; lastKnownFileType = sourcecode.c.objc; path = MSAIEnvelopeManager.m; sourceTree = "<group>"; };
		1B47E0301A84D413000B4C3D /* MSAIEnvelopeManagerPrivate.h */ = {isa = PBXFileReference; lastKnownFileType = sourcecode.c.h; path = MSAIEnvelopeManagerPrivate.h; sourceTree = "<group>"; };
		1B4D17E41A666EE30079D948 /* MSAIChannelPrivate.h */ = {isa = PBXFileReference; lastKnownFileType = sourcecode.c.h; path = MSAIChannelPrivate.h; sourceTree = "<group>"; };
		1B62F4D61A692A3200EB5AD0 /* MSAIContext.h */ = {isa = PBXFileReference; fileEncoding = 4; lastKnownFileType = sourcecode.c.h; path = MSAIContext.h; sourceTree = "<group>"; };
		1B62F4D71A692A3200EB5AD0 /* MSAIContext.m */ = {isa = PBXFileReference; fileEncoding = 4; lastKnownFileType = sourcecode.c.objc; path = MSAIContext.m; sourceTree = "<group>"; };
		1B62F4DA1A692A6F00EB5AD0 /* MSAIContextPrivate.h */ = {isa = PBXFileReference; lastKnownFileType = sourcecode.c.h; path = MSAIContextPrivate.h; sourceTree = "<group>"; };
		1B85606E1A7A6A9D00A54FB7 /* UIKit.framework */ = {isa = PBXFileReference; lastKnownFileType = wrapper.framework; name = UIKit.framework; path = System/Library/Frameworks/UIKit.framework; sourceTree = SDKROOT; };
		1BBBCF2E1A6594AE00253031 /* MSAIChannel.h */ = {isa = PBXFileReference; fileEncoding = 4; lastKnownFileType = sourcecode.c.h; path = MSAIChannel.h; sourceTree = "<group>"; };
		1BBBCF2F1A6594AE00253031 /* MSAIChannel.m */ = {isa = PBXFileReference; fileEncoding = 4; lastKnownFileType = sourcecode.c.objc; path = MSAIChannel.m; sourceTree = "<group>"; };
		1BBBCF301A6594AE00253031 /* MSAITelemetryContext.h */ = {isa = PBXFileReference; fileEncoding = 4; lastKnownFileType = sourcecode.c.h; path = MSAITelemetryContext.h; sourceTree = "<group>"; };
		1BBBCF311A6594AE00253031 /* MSAITelemetryContext.m */ = {isa = PBXFileReference; fileEncoding = 4; lastKnownFileType = sourcecode.c.objc; path = MSAITelemetryContext.m; sourceTree = "<group>"; };
		1BC859691A7ACA820018FB6B /* MSAICategoryContainer.h */ = {isa = PBXFileReference; fileEncoding = 4; lastKnownFileType = sourcecode.c.h; path = MSAICategoryContainer.h; sourceTree = "<group>"; };
		1BC8596A1A7ACA820018FB6B /* MSAICategoryContainer.m */ = {isa = PBXFileReference; fileEncoding = 4; lastKnownFileType = sourcecode.c.objc; path = MSAICategoryContainer.m; sourceTree = "<group>"; };
		1BC8596D1A7ACC040018FB6B /* MSAIPageViewLogging_UIViewController.h */ = {isa = PBXFileReference; lastKnownFileType = sourcecode.c.h; path = MSAIPageViewLogging_UIViewController.h; sourceTree = "<group>"; };
		1BE129921A725797004D2AEE /* MSAITelemetryContextPrivate.h */ = {isa = PBXFileReference; lastKnownFileType = sourcecode.c.h; path = MSAITelemetryContextPrivate.h; sourceTree = "<group>"; };
		1BE29B461A6FB8C20014A10F /* MSAISender.h */ = {isa = PBXFileReference; fileEncoding = 4; lastKnownFileType = sourcecode.c.h; path = MSAISender.h; sourceTree = "<group>"; };
		1BE29B471A6FB8C20014A10F /* MSAISender.m */ = {isa = PBXFileReference; fileEncoding = 4; lastKnownFileType = sourcecode.c.objc; path = MSAISender.m; sourceTree = "<group>"; };
		1BE29B4A1A6FBAB50014A10F /* MSAISenderPrivate.h */ = {isa = PBXFileReference; lastKnownFileType = sourcecode.c.h; path = MSAISenderPrivate.h; sourceTree = "<group>"; };
		1BE53D741AB889420048ABBC /* MSAIContextHelper.h */ = {isa = PBXFileReference; fileEncoding = 4; lastKnownFileType = sourcecode.c.h; path = MSAIContextHelper.h; sourceTree = "<group>"; };
		1BE53D751AB889420048ABBC /* MSAIContextHelper.m */ = {isa = PBXFileReference; fileEncoding = 4; lastKnownFileType = sourcecode.c.objc; path = MSAIContextHelper.m; sourceTree = "<group>"; };
		1E0FEE26173BDB260061331F /* MSAIKeychainUtils.h */ = {isa = PBXFileReference; fileEncoding = 4; lastKnownFileType = sourcecode.c.h; path = MSAIKeychainUtils.h; sourceTree = "<group>"; };
		1E0FEE27173BDB260061331F /* MSAIKeychainUtils.m */ = {isa = PBXFileReference; fileEncoding = 4; lastKnownFileType = sourcecode.c.objc; path = MSAIKeychainUtils.m; sourceTree = "<group>"; };
		1E3A26131B2B2CFE00D59683 /* libc++.dylib */ = {isa = PBXFileReference; lastKnownFileType = "compiled.mach-o.dylib"; name = "libc++.dylib"; path = "usr/lib/libc++.dylib"; sourceTree = SDKROOT; };
		1E3A2B4C19645DC800D5BD66 /* ApplicationInsights-Prefix.pch */ = {isa = PBXFileReference; lastKnownFileType = sourcecode.c.h; path = "ApplicationInsights-Prefix.pch"; sourceTree = "<group>"; };
		1E49A4A5161222B900463151 /* MSAIHelper.h */ = {isa = PBXFileReference; fileEncoding = 4; lastKnownFileType = sourcecode.c.h; path = MSAIHelper.h; sourceTree = "<group>"; };
		1E49A4A6161222B900463151 /* MSAIHelper.m */ = {isa = PBXFileReference; fileEncoding = 4; lastKnownFileType = sourcecode.c.objc; path = MSAIHelper.m; sourceTree = "<group>"; };
		1E49A4D4161222D400463151 /* ApplicationInsightsPrivate.h */ = {isa = PBXFileReference; fileEncoding = 4; lastKnownFileType = sourcecode.c.h; path = ApplicationInsightsPrivate.h; sourceTree = "<group>"; };
		1E49A4D5161222D400463151 /* ApplicationInsightsPrivate.m */ = {isa = PBXFileReference; fileEncoding = 4; lastKnownFileType = sourcecode.c.objc; path = ApplicationInsightsPrivate.m; sourceTree = "<group>"; };
		1E5954F215B6F24A00A03429 /* libApplicationInsights.a */ = {isa = PBXFileReference; explicitFileType = archive.ar; includeInIndex = 0; path = libApplicationInsights.a; sourceTree = BUILT_PRODUCTS_DIR; };
		1E5A459016F0DFC200B55C04 /* ApplicationInsightsTests.xctest */ = {isa = PBXFileReference; explicitFileType = wrapper.cfbundle; includeInIndex = 0; path = ApplicationInsightsTests.xctest; sourceTree = BUILT_PRODUCTS_DIR; };
		1E66CA9115D4100500F35BED /* buildnumber.xcconfig */ = {isa = PBXFileReference; lastKnownFileType = text.xcconfig; path = buildnumber.xcconfig; sourceTree = "<group>"; };
		1E71509A15B5C76F004E88FF /* ApplicationInsights.h */ = {isa = PBXFileReference; fileEncoding = 4; lastKnownFileType = sourcecode.c.h; path = ApplicationInsights.h; sourceTree = "<group>"; };
		1E754DC61621BC170070AB92 /* ApplicationInsights.xcconfig */ = {isa = PBXFileReference; lastKnownFileType = text.xcconfig; path = ApplicationInsights.xcconfig; sourceTree = "<group>"; };
		1E84DB3317E0977C00AC83FD /* ApplicationInsightsFeatureConfig.h */ = {isa = PBXFileReference; lastKnownFileType = sourcecode.c.h; path = ApplicationInsightsFeatureConfig.h; sourceTree = "<group>"; };
		1EB2E4C418FD4CEA008BB1CF /* MSAITelemetryManager.h */ = {isa = PBXFileReference; fileEncoding = 4; lastKnownFileType = sourcecode.c.h; path = MSAITelemetryManager.h; sourceTree = "<group>"; };
		1EB2E4C518FD4CEA008BB1CF /* MSAITelemetryManager.m */ = {isa = PBXFileReference; fileEncoding = 4; lastKnownFileType = sourcecode.c.objc; path = MSAITelemetryManager.m; sourceTree = "<group>"; };
		1EB2E4C818FD4E90008BB1CF /* MSAITelemetryManagerPrivate.h */ = {isa = PBXFileReference; lastKnownFileType = sourcecode.c.h; path = MSAITelemetryManagerPrivate.h; sourceTree = "<group>"; };
		594931F0F69C22CBB67A2AD9 /* MSAIPersistence.h */ = {isa = PBXFileReference; fileEncoding = 4; lastKnownFileType = sourcecode.c.h; path = MSAIPersistence.h; sourceTree = "<group>"; };
		59493E91C1D38C3FC5F77D19 /* MSAIPersistence.m */ = {isa = PBXFileReference; fileEncoding = 4; lastKnownFileType = sourcecode.c.objc; path = MSAIPersistence.m; sourceTree = "<group>"; };
		8000A3D21B0E8D83009F2B29 /* ApplicationInsights-Info.plist */ = {isa = PBXFileReference; fileEncoding = 4; lastKnownFileType = text.plist.xml; path = "ApplicationInsights-Info.plist"; sourceTree = "<group>"; };
		8000A3D31B0E973F009F2B29 /* MSAICategoryContainerTests.m */ = {isa = PBXFileReference; fileEncoding = 4; lastKnownFileType = sourcecode.c.objc; name = MSAICategoryContainerTests.m; path = ApplicationInsightsTests/MSAICategoryContainerTests.m; sourceTree = SOURCE_ROOT; };
		8004739B1ABB8FC200BBFE62 /* MSAIPersistencePrivate.h */ = {isa = PBXFileReference; fileEncoding = 4; lastKnownFileType = sourcecode.c.h; path = MSAIPersistencePrivate.h; sourceTree = "<group>"; };
		80677CDA1B2EF23000B324E5 /* MSAINullability.h */ = {isa = PBXFileReference; fileEncoding = 4; lastKnownFileType = sourcecode.c.h; path = MSAINullability.h; sourceTree = "<group>"; };
		807CFD661A71294E004EA1B6 /* MSAIOrderedDictionary.h */ = {isa = PBXFileReference; fileEncoding = 4; lastKnownFileType = sourcecode.c.h; path = MSAIOrderedDictionary.h; sourceTree = "<group>"; };
		807CFD671A71294E004EA1B6 /* MSAIOrderedDictionary.m */ = {isa = PBXFileReference; fileEncoding = 4; lastKnownFileType = sourcecode.c.objc; path = MSAIOrderedDictionary.m; sourceTree = "<group>"; };
		807CFD6A1A712969004EA1B6 /* MSAIObject.h */ = {isa = PBXFileReference; fileEncoding = 4; lastKnownFileType = sourcecode.c.h; path = MSAIObject.h; sourceTree = "<group>"; };
		807CFD6B1A712969004EA1B6 /* MSAIObject.m */ = {isa = PBXFileReference; fileEncoding = 4; lastKnownFileType = sourcecode.c.objc; path = MSAIObject.m; sourceTree = "<group>"; };
		807CFD6C1A712969004EA1B6 /* MSAITelemetryData.h */ = {isa = PBXFileReference; fileEncoding = 4; lastKnownFileType = sourcecode.c.h; path = MSAITelemetryData.h; sourceTree = "<group>"; };
		807CFD6D1A712969004EA1B6 /* MSAITelemetryData.m */ = {isa = PBXFileReference; fileEncoding = 4; lastKnownFileType = sourcecode.c.objc; path = MSAITelemetryData.m; sourceTree = "<group>"; };
		807CFD721A712974004EA1B6 /* MSAIApplication.h */ = {isa = PBXFileReference; fileEncoding = 4; lastKnownFileType = sourcecode.c.h; path = MSAIApplication.h; sourceTree = "<group>"; };
		807CFD731A712974004EA1B6 /* MSAIApplication.m */ = {isa = PBXFileReference; fileEncoding = 4; lastKnownFileType = sourcecode.c.objc; path = MSAIApplication.m; sourceTree = "<group>"; };
		807CFD741A712974004EA1B6 /* MSAIBase.h */ = {isa = PBXFileReference; fileEncoding = 4; lastKnownFileType = sourcecode.c.h; path = MSAIBase.h; sourceTree = "<group>"; };
		807CFD751A712974004EA1B6 /* MSAIBase.m */ = {isa = PBXFileReference; fileEncoding = 4; lastKnownFileType = sourcecode.c.objc; path = MSAIBase.m; sourceTree = "<group>"; };
		807CFD761A712974004EA1B6 /* MSAIData.h */ = {isa = PBXFileReference; fileEncoding = 4; lastKnownFileType = sourcecode.c.h; path = MSAIData.h; sourceTree = "<group>"; };
		807CFD771A712974004EA1B6 /* MSAIData.m */ = {isa = PBXFileReference; fileEncoding = 4; lastKnownFileType = sourcecode.c.objc; path = MSAIData.m; sourceTree = "<group>"; };
		807CFD781A712974004EA1B6 /* MSAIDataPoint.h */ = {isa = PBXFileReference; fileEncoding = 4; lastKnownFileType = sourcecode.c.h; path = MSAIDataPoint.h; sourceTree = "<group>"; };
		807CFD791A712974004EA1B6 /* MSAIDataPoint.m */ = {isa = PBXFileReference; fileEncoding = 4; lastKnownFileType = sourcecode.c.objc; path = MSAIDataPoint.m; sourceTree = "<group>"; };
		807CFD7A1A712974004EA1B6 /* MSAIDataPointType.h */ = {isa = PBXFileReference; fileEncoding = 4; lastKnownFileType = sourcecode.c.h; path = MSAIDataPointType.h; sourceTree = "<group>"; };
		807CFD7B1A712974004EA1B6 /* MSAIDependencyKind.h */ = {isa = PBXFileReference; fileEncoding = 4; lastKnownFileType = sourcecode.c.h; path = MSAIDependencyKind.h; sourceTree = "<group>"; };
		807CFD7C1A712974004EA1B6 /* MSAIDependencySourceType.h */ = {isa = PBXFileReference; fileEncoding = 4; lastKnownFileType = sourcecode.c.h; path = MSAIDependencySourceType.h; sourceTree = "<group>"; };
		807CFD7D1A712974004EA1B6 /* MSAIDevice.h */ = {isa = PBXFileReference; fileEncoding = 4; lastKnownFileType = sourcecode.c.h; path = MSAIDevice.h; sourceTree = "<group>"; };
		807CFD7E1A712974004EA1B6 /* MSAIDevice.m */ = {isa = PBXFileReference; fileEncoding = 4; lastKnownFileType = sourcecode.c.objc; path = MSAIDevice.m; sourceTree = "<group>"; };
		807CFD7F1A712974004EA1B6 /* MSAIDomain.h */ = {isa = PBXFileReference; fileEncoding = 4; lastKnownFileType = sourcecode.c.h; path = MSAIDomain.h; sourceTree = "<group>"; };
		807CFD801A712974004EA1B6 /* MSAIDomain.m */ = {isa = PBXFileReference; fileEncoding = 4; lastKnownFileType = sourcecode.c.objc; path = MSAIDomain.m; sourceTree = "<group>"; };
		807CFD811A712974004EA1B6 /* MSAIEnums.h */ = {isa = PBXFileReference; fileEncoding = 4; lastKnownFileType = sourcecode.c.h; path = MSAIEnums.h; sourceTree = "<group>"; };
		807CFD821A712974004EA1B6 /* MSAIEnvelope.h */ = {isa = PBXFileReference; fileEncoding = 4; lastKnownFileType = sourcecode.c.h; path = MSAIEnvelope.h; sourceTree = "<group>"; };
		807CFD831A712974004EA1B6 /* MSAIEnvelope.m */ = {isa = PBXFileReference; fileEncoding = 4; lastKnownFileType = sourcecode.c.objc; path = MSAIEnvelope.m; sourceTree = "<group>"; };
		807CFD841A712974004EA1B6 /* MSAIEventData.h */ = {isa = PBXFileReference; fileEncoding = 4; lastKnownFileType = sourcecode.c.h; path = MSAIEventData.h; sourceTree = "<group>"; };
		807CFD851A712974004EA1B6 /* MSAIEventData.m */ = {isa = PBXFileReference; fileEncoding = 4; lastKnownFileType = sourcecode.c.objc; path = MSAIEventData.m; sourceTree = "<group>"; };
		807CFD8A1A712974004EA1B6 /* MSAIInternal.h */ = {isa = PBXFileReference; fileEncoding = 4; lastKnownFileType = sourcecode.c.h; path = MSAIInternal.h; sourceTree = "<group>"; };
		807CFD8B1A712974004EA1B6 /* MSAIInternal.m */ = {isa = PBXFileReference; fileEncoding = 4; lastKnownFileType = sourcecode.c.objc; path = MSAIInternal.m; sourceTree = "<group>"; };
		807CFD8C1A712974004EA1B6 /* MSAILocation.h */ = {isa = PBXFileReference; fileEncoding = 4; lastKnownFileType = sourcecode.c.h; path = MSAILocation.h; sourceTree = "<group>"; };
		807CFD8D1A712974004EA1B6 /* MSAILocation.m */ = {isa = PBXFileReference; fileEncoding = 4; lastKnownFileType = sourcecode.c.objc; path = MSAILocation.m; sourceTree = "<group>"; };
		807CFD8E1A712974004EA1B6 /* MSAIMessageData.h */ = {isa = PBXFileReference; fileEncoding = 4; lastKnownFileType = sourcecode.c.h; path = MSAIMessageData.h; sourceTree = "<group>"; };
		807CFD8F1A712974004EA1B6 /* MSAIMessageData.m */ = {isa = PBXFileReference; fileEncoding = 4; lastKnownFileType = sourcecode.c.objc; path = MSAIMessageData.m; sourceTree = "<group>"; };
		807CFD901A712974004EA1B6 /* MSAIMetricData.h */ = {isa = PBXFileReference; fileEncoding = 4; lastKnownFileType = sourcecode.c.h; path = MSAIMetricData.h; sourceTree = "<group>"; };
		807CFD911A712974004EA1B6 /* MSAIMetricData.m */ = {isa = PBXFileReference; fileEncoding = 4; lastKnownFileType = sourcecode.c.objc; path = MSAIMetricData.m; sourceTree = "<group>"; };
		807CFD921A712974004EA1B6 /* MSAIOperation.h */ = {isa = PBXFileReference; fileEncoding = 4; lastKnownFileType = sourcecode.c.h; path = MSAIOperation.h; sourceTree = "<group>"; };
		807CFD931A712974004EA1B6 /* MSAIOperation.m */ = {isa = PBXFileReference; fileEncoding = 4; lastKnownFileType = sourcecode.c.objc; path = MSAIOperation.m; sourceTree = "<group>"; };
		807CFD941A712974004EA1B6 /* MSAIPageViewData.h */ = {isa = PBXFileReference; fileEncoding = 4; lastKnownFileType = sourcecode.c.h; path = MSAIPageViewData.h; sourceTree = "<group>"; };
		807CFD951A712974004EA1B6 /* MSAIPageViewData.m */ = {isa = PBXFileReference; fileEncoding = 4; lastKnownFileType = sourcecode.c.objc; path = MSAIPageViewData.m; sourceTree = "<group>"; };
		807CFD961A712974004EA1B6 /* MSAIPageViewPerfData.h */ = {isa = PBXFileReference; fileEncoding = 4; lastKnownFileType = sourcecode.c.h; path = MSAIPageViewPerfData.h; sourceTree = "<group>"; };
		807CFD971A712974004EA1B6 /* MSAIPageViewPerfData.m */ = {isa = PBXFileReference; fileEncoding = 4; lastKnownFileType = sourcecode.c.objc; path = MSAIPageViewPerfData.m; sourceTree = "<group>"; };
		807CFD981A712974004EA1B6 /* MSAIRemoteDependencyData.h */ = {isa = PBXFileReference; fileEncoding = 4; lastKnownFileType = sourcecode.c.h; path = MSAIRemoteDependencyData.h; sourceTree = "<group>"; };
		807CFD991A712974004EA1B6 /* MSAIRemoteDependencyData.m */ = {isa = PBXFileReference; fileEncoding = 4; lastKnownFileType = sourcecode.c.objc; path = MSAIRemoteDependencyData.m; sourceTree = "<group>"; };
		807CFD9A1A712974004EA1B6 /* MSAIRequestData.h */ = {isa = PBXFileReference; fileEncoding = 4; lastKnownFileType = sourcecode.c.h; path = MSAIRequestData.h; sourceTree = "<group>"; };
		807CFD9B1A712974004EA1B6 /* MSAIRequestData.m */ = {isa = PBXFileReference; fileEncoding = 4; lastKnownFileType = sourcecode.c.objc; path = MSAIRequestData.m; sourceTree = "<group>"; };
		807CFD9C1A712974004EA1B6 /* MSAISession.h */ = {isa = PBXFileReference; fileEncoding = 4; lastKnownFileType = sourcecode.c.h; path = MSAISession.h; sourceTree = "<group>"; };
		807CFD9D1A712974004EA1B6 /* MSAISession.m */ = {isa = PBXFileReference; fileEncoding = 4; lastKnownFileType = sourcecode.c.objc; path = MSAISession.m; sourceTree = "<group>"; };
		807CFD9E1A712974004EA1B6 /* MSAISeverityLevel.h */ = {isa = PBXFileReference; fileEncoding = 4; lastKnownFileType = sourcecode.c.h; path = MSAISeverityLevel.h; sourceTree = "<group>"; };
		807CFDA11A712974004EA1B6 /* MSAIUser.h */ = {isa = PBXFileReference; fileEncoding = 4; lastKnownFileType = sourcecode.c.h; path = MSAIUser.h; sourceTree = "<group>"; };
		807CFDA21A712974004EA1B6 /* MSAIUser.m */ = {isa = PBXFileReference; fileEncoding = 4; lastKnownFileType = sourcecode.c.objc; path = MSAIUser.m; sourceTree = "<group>"; };
		809E9E571AC455D9008A1AB5 /* MSAISessionState.h */ = {isa = PBXFileReference; fileEncoding = 4; lastKnownFileType = sourcecode.c.h; path = MSAISessionState.h; sourceTree = "<group>"; };
		809E9E581AC455D9008A1AB5 /* MSAISessionStateData.h */ = {isa = PBXFileReference; fileEncoding = 4; lastKnownFileType = sourcecode.c.h; path = MSAISessionStateData.h; sourceTree = "<group>"; };
		809E9E591AC455D9008A1AB5 /* MSAISessionStateData.m */ = {isa = PBXFileReference; fileEncoding = 4; lastKnownFileType = sourcecode.c.objc; path = MSAISessionStateData.m; sourceTree = "<group>"; };
		80B69EEB1ADDC09900C47B0A /* MSAIGZIP.h */ = {isa = PBXFileReference; fileEncoding = 4; lastKnownFileType = sourcecode.c.h; path = MSAIGZIP.h; sourceTree = "<group>"; };
		80B69EEF1ADDC49100C47B0A /* libz.dylib */ = {isa = PBXFileReference; lastKnownFileType = "compiled.mach-o.dylib"; name = libz.dylib; path = usr/lib/libz.dylib; sourceTree = SDKROOT; };
		80E1A3EA1AE54B5300603B0A /* MSAIAppClientTests.m */ = {isa = PBXFileReference; fileEncoding = 4; lastKnownFileType = sourcecode.c.objc; name = MSAIAppClientTests.m; path = ApplicationInsightsTests/MSAIAppClientTests.m; sourceTree = SOURCE_ROOT; };
		80E1A3EB1AE54B5300603B0A /* MSAIApplicationInsightsTests.m */ = {isa = PBXFileReference; fileEncoding = 4; lastKnownFileType = sourcecode.c.objc; name = MSAIApplicationInsightsTests.m; path = ApplicationInsightsTests/MSAIApplicationInsightsTests.m; sourceTree = SOURCE_ROOT; };
		80E1A3EC1AE54B5300603B0A /* MSAIApplicationTests.m */ = {isa = PBXFileReference; fileEncoding = 4; lastKnownFileType = sourcecode.c.objc; name = MSAIApplicationTests.m; path = ApplicationInsightsTests/MSAIApplicationTests.m; sourceTree = SOURCE_ROOT; };
		80E1A3ED1AE54B5300603B0A /* MSAIBaseTests.m */ = {isa = PBXFileReference; fileEncoding = 4; lastKnownFileType = sourcecode.c.objc; name = MSAIBaseTests.m; path = ApplicationInsightsTests/MSAIBaseTests.m; sourceTree = SOURCE_ROOT; };
		80E1A3EE1AE54B5300603B0A /* MSAIChannelTests.m */ = {isa = PBXFileReference; fileEncoding = 4; lastKnownFileType = sourcecode.c.objc; name = MSAIChannelTests.m; path = ApplicationInsightsTests/MSAIChannelTests.m; sourceTree = SOURCE_ROOT; };
		80E1A3F11AE54B5300603B0A /* MSAIDataPointTests.m */ = {isa = PBXFileReference; fileEncoding = 4; lastKnownFileType = sourcecode.c.objc; name = MSAIDataPointTests.m; path = ApplicationInsightsTests/MSAIDataPointTests.m; sourceTree = SOURCE_ROOT; };
		80E1A3F21AE54B5300603B0A /* MSAIDataTests.m */ = {isa = PBXFileReference; fileEncoding = 4; lastKnownFileType = sourcecode.c.objc; name = MSAIDataTests.m; path = ApplicationInsightsTests/MSAIDataTests.m; sourceTree = SOURCE_ROOT; };
		80E1A3F31AE54B5300603B0A /* MSAIDeviceTests.m */ = {isa = PBXFileReference; fileEncoding = 4; lastKnownFileType = sourcecode.c.objc; name = MSAIDeviceTests.m; path = ApplicationInsightsTests/MSAIDeviceTests.m; sourceTree = SOURCE_ROOT; };
		80E1A3F41AE54B5300603B0A /* MSAIDomainTests.m */ = {isa = PBXFileReference; fileEncoding = 4; lastKnownFileType = sourcecode.c.objc; name = MSAIDomainTests.m; path = ApplicationInsightsTests/MSAIDomainTests.m; sourceTree = SOURCE_ROOT; };
		80E1A3F51AE54B5300603B0A /* MSAIEnvelopeManagerTests.m */ = {isa = PBXFileReference; fileEncoding = 4; lastKnownFileType = sourcecode.c.objc; name = MSAIEnvelopeManagerTests.m; path = ApplicationInsightsTests/MSAIEnvelopeManagerTests.m; sourceTree = SOURCE_ROOT; };
		80E1A3F61AE54B5300603B0A /* MSAIEnvelopeTests.m */ = {isa = PBXFileReference; fileEncoding = 4; lastKnownFileType = sourcecode.c.objc; name = MSAIEnvelopeTests.m; path = ApplicationInsightsTests/MSAIEnvelopeTests.m; sourceTree = SOURCE_ROOT; };
		80E1A3F71AE54B5300603B0A /* MSAIEventDataTests.m */ = {isa = PBXFileReference; fileEncoding = 4; lastKnownFileType = sourcecode.c.objc; name = MSAIEventDataTests.m; path = ApplicationInsightsTests/MSAIEventDataTests.m; sourceTree = SOURCE_ROOT; };
		80E1A3FA1AE54B5300603B0A /* MSAIHelperTests.m */ = {isa = PBXFileReference; fileEncoding = 4; lastKnownFileType = sourcecode.c.objc; name = MSAIHelperTests.m; path = ApplicationInsightsTests/MSAIHelperTests.m; sourceTree = SOURCE_ROOT; };
		80E1A3FB1AE54B5300603B0A /* MSAIInternalTests.m */ = {isa = PBXFileReference; fileEncoding = 4; lastKnownFileType = sourcecode.c.objc; name = MSAIInternalTests.m; path = ApplicationInsightsTests/MSAIInternalTests.m; sourceTree = SOURCE_ROOT; };
		80E1A3FC1AE54B5300603B0A /* MSAIKeychainUtilsTests.m */ = {isa = PBXFileReference; fileEncoding = 4; lastKnownFileType = sourcecode.c.objc; name = MSAIKeychainUtilsTests.m; path = ApplicationInsightsTests/MSAIKeychainUtilsTests.m; sourceTree = SOURCE_ROOT; };
		80E1A3FD1AE54B5300603B0A /* MSAILocationTests.m */ = {isa = PBXFileReference; fileEncoding = 4; lastKnownFileType = sourcecode.c.objc; name = MSAILocationTests.m; path = ApplicationInsightsTests/MSAILocationTests.m; sourceTree = SOURCE_ROOT; };
		80E1A3FE1AE54B5300603B0A /* MSAIMessageDataTests.m */ = {isa = PBXFileReference; fileEncoding = 4; lastKnownFileType = sourcecode.c.objc; name = MSAIMessageDataTests.m; path = ApplicationInsightsTests/MSAIMessageDataTests.m; sourceTree = SOURCE_ROOT; };
		80E1A3FF1AE54B5300603B0A /* MSAIMetricDataTests.m */ = {isa = PBXFileReference; fileEncoding = 4; lastKnownFileType = sourcecode.c.objc; name = MSAIMetricDataTests.m; path = ApplicationInsightsTests/MSAIMetricDataTests.m; sourceTree = SOURCE_ROOT; };
		80E1A4001AE54B5300603B0A /* MSAIOperationTests.m */ = {isa = PBXFileReference; fileEncoding = 4; lastKnownFileType = sourcecode.c.objc; name = MSAIOperationTests.m; path = ApplicationInsightsTests/MSAIOperationTests.m; sourceTree = SOURCE_ROOT; };
		80E1A4011AE54B5300603B0A /* MSAIPageViewDataTests.m */ = {isa = PBXFileReference; fileEncoding = 4; lastKnownFileType = sourcecode.c.objc; name = MSAIPageViewDataTests.m; path = ApplicationInsightsTests/MSAIPageViewDataTests.m; sourceTree = SOURCE_ROOT; };
		80E1A4021AE54B5300603B0A /* MSAIPageViewPerfDataTests.m */ = {isa = PBXFileReference; fileEncoding = 4; lastKnownFileType = sourcecode.c.objc; name = MSAIPageViewPerfDataTests.m; path = ApplicationInsightsTests/MSAIPageViewPerfDataTests.m; sourceTree = SOURCE_ROOT; };
		80E1A4031AE54B5300603B0A /* MSAIPersistenceTest.m */ = {isa = PBXFileReference; fileEncoding = 4; lastKnownFileType = sourcecode.c.objc; name = MSAIPersistenceTest.m; path = ApplicationInsightsTests/MSAIPersistenceTest.m; sourceTree = SOURCE_ROOT; };
		80E1A4041AE54B5300603B0A /* MSAIReachabilityTests.m */ = {isa = PBXFileReference; fileEncoding = 4; lastKnownFileType = sourcecode.c.objc; name = MSAIReachabilityTests.m; path = ApplicationInsightsTests/MSAIReachabilityTests.m; sourceTree = SOURCE_ROOT; };
		80E1A4051AE54B5300603B0A /* MSAIRemoteDependencyDataTests.m */ = {isa = PBXFileReference; fileEncoding = 4; lastKnownFileType = sourcecode.c.objc; name = MSAIRemoteDependencyDataTests.m; path = ApplicationInsightsTests/MSAIRemoteDependencyDataTests.m; sourceTree = SOURCE_ROOT; };
		80E1A4061AE54B5300603B0A /* MSAIRequestDataTests.m */ = {isa = PBXFileReference; fileEncoding = 4; lastKnownFileType = sourcecode.c.objc; name = MSAIRequestDataTests.m; path = ApplicationInsightsTests/MSAIRequestDataTests.m; sourceTree = SOURCE_ROOT; };
		80E1A4071AE54B5300603B0A /* MSAISenderTests.m */ = {isa = PBXFileReference; fileEncoding = 4; lastKnownFileType = sourcecode.c.objc; name = MSAISenderTests.m; path = ApplicationInsightsTests/MSAISenderTests.m; sourceTree = SOURCE_ROOT; };
		80E1A4081AE54B5300603B0A /* MSAIContextHelperTests.m */ = {isa = PBXFileReference; fileEncoding = 4; lastKnownFileType = sourcecode.c.objc; name = MSAIContextHelperTests.m; path = ApplicationInsightsTests/MSAIContextHelperTests.m; sourceTree = SOURCE_ROOT; };
		80E1A4091AE54B5300603B0A /* MSAISessionTests.m */ = {isa = PBXFileReference; fileEncoding = 4; lastKnownFileType = sourcecode.c.objc; name = MSAISessionTests.m; path = ApplicationInsightsTests/MSAISessionTests.m; sourceTree = SOURCE_ROOT; };
		80E1A40B1AE54B5300603B0A /* MSAITelemetryContextTests.m */ = {isa = PBXFileReference; fileEncoding = 4; lastKnownFileType = sourcecode.c.objc; name = MSAITelemetryContextTests.m; path = ApplicationInsightsTests/MSAITelemetryContextTests.m; sourceTree = SOURCE_ROOT; };
		80E1A40C1AE54B5300603B0A /* MSAITelemetryManagerTests.m */ = {isa = PBXFileReference; fileEncoding = 4; lastKnownFileType = sourcecode.c.objc; name = MSAITelemetryManagerTests.m; path = ApplicationInsightsTests/MSAITelemetryManagerTests.m; sourceTree = SOURCE_ROOT; };
		80E1A40D1AE54B5300603B0A /* MSAITestHelper.h */ = {isa = PBXFileReference; fileEncoding = 4; lastKnownFileType = sourcecode.c.h; name = MSAITestHelper.h; path = ApplicationInsightsTests/MSAITestHelper.h; sourceTree = SOURCE_ROOT; };
		80E1A40E1AE54B5300603B0A /* MSAITestHelper.m */ = {isa = PBXFileReference; fileEncoding = 4; lastKnownFileType = sourcecode.c.objc; name = MSAITestHelper.m; path = ApplicationInsightsTests/MSAITestHelper.m; sourceTree = SOURCE_ROOT; };
		80E1A40F1AE54B5300603B0A /* MSAITestsDependencyInjection.h */ = {isa = PBXFileReference; fileEncoding = 4; lastKnownFileType = sourcecode.c.h; name = MSAITestsDependencyInjection.h; path = ApplicationInsightsTests/MSAITestsDependencyInjection.h; sourceTree = SOURCE_ROOT; };
		80E1A4101AE54B5300603B0A /* MSAITestsDependencyInjection.m */ = {isa = PBXFileReference; fileEncoding = 4; lastKnownFileType = sourcecode.c.objc; name = MSAITestsDependencyInjection.m; path = ApplicationInsightsTests/MSAITestsDependencyInjection.m; sourceTree = SOURCE_ROOT; };
		80E1A4111AE54B5300603B0A /* MSAIUserTests.m */ = {isa = PBXFileReference; fileEncoding = 4; lastKnownFileType = sourcecode.c.objc; name = MSAIUserTests.m; path = ApplicationInsightsTests/MSAIUserTests.m; sourceTree = SOURCE_ROOT; };
		80E1A4381AE54B6C00603B0A /* ApplicationInsightsTests-Info.plist */ = {isa = PBXFileReference; fileEncoding = 4; lastKnownFileType = text.plist.xml; name = "ApplicationInsightsTests-Info.plist"; path = "ApplicationInsightsTests/ApplicationInsightsTests-Info.plist"; sourceTree = SOURCE_ROOT; };
		80E1A4391AE54B6C00603B0A /* ApplicationInsightsTests-Prefix.pch */ = {isa = PBXFileReference; fileEncoding = 4; lastKnownFileType = sourcecode.c.h; name = "ApplicationInsightsTests-Prefix.pch"; path = "ApplicationInsightsTests/ApplicationInsightsTests-Prefix.pch"; sourceTree = SOURCE_ROOT; };
		80E1A4461AE54B6C00603B0A /* OCMockitoIOS.framework */ = {isa = PBXFileReference; lastKnownFileType = wrapper.framework; name = OCMockitoIOS.framework; path = ApplicationInsightsTests/OCMockitoIOS.framework; sourceTree = SOURCE_ROOT; };
		80E1A44B1AE54C7800603B0A /* OCHamcrestIOS.framework */ = {isa = PBXFileReference; lastKnownFileType = wrapper.framework; name = OCHamcrestIOS.framework; path = ApplicationInsightsTests/OCHamcrestIOS.framework; sourceTree = SOURCE_ROOT; };
		80E1A44D1AE54C8500603B0A /* libOCMock.a */ = {isa = PBXFileReference; lastKnownFileType = archive.ar; name = libOCMock.a; path = ApplicationInsightsTests/libOCMock.a; sourceTree = SOURCE_ROOT; };
		80E1A44F1AE54C8500603B0A /* NSNotificationCenter+OCMAdditions.h */ = {isa = PBXFileReference; fileEncoding = 4; lastKnownFileType = sourcecode.c.h; path = "NSNotificationCenter+OCMAdditions.h"; sourceTree = "<group>"; };
		80E1A4501AE54C8500603B0A /* OCMArg.h */ = {isa = PBXFileReference; fileEncoding = 4; lastKnownFileType = sourcecode.c.h; path = OCMArg.h; sourceTree = "<group>"; };
		80E1A4511AE54C8500603B0A /* OCMConstraint.h */ = {isa = PBXFileReference; fileEncoding = 4; lastKnownFileType = sourcecode.c.h; path = OCMConstraint.h; sourceTree = "<group>"; };
		80E1A4521AE54C8500603B0A /* OCMLocation.h */ = {isa = PBXFileReference; fileEncoding = 4; lastKnownFileType = sourcecode.c.h; path = OCMLocation.h; sourceTree = "<group>"; };
		80E1A4531AE54C8500603B0A /* OCMMacroState.h */ = {isa = PBXFileReference; fileEncoding = 4; lastKnownFileType = sourcecode.c.h; path = OCMMacroState.h; sourceTree = "<group>"; };
		80E1A4541AE54C8500603B0A /* OCMock.h */ = {isa = PBXFileReference; fileEncoding = 4; lastKnownFileType = sourcecode.c.h; path = OCMock.h; sourceTree = "<group>"; };
		80E1A4551AE54C8500603B0A /* OCMockObject.h */ = {isa = PBXFileReference; fileEncoding = 4; lastKnownFileType = sourcecode.c.h; path = OCMockObject.h; sourceTree = "<group>"; };
		80E1A4561AE54C8500603B0A /* OCMRecorder.h */ = {isa = PBXFileReference; fileEncoding = 4; lastKnownFileType = sourcecode.c.h; path = OCMRecorder.h; sourceTree = "<group>"; };
		80E1A4571AE54C8500603B0A /* OCMStubRecorder.h */ = {isa = PBXFileReference; fileEncoding = 4; lastKnownFileType = sourcecode.c.h; path = OCMStubRecorder.h; sourceTree = "<group>"; };
		80F334B11A9C93290098026F /* MSAIApplicationInsightsPrivate.h */ = {isa = PBXFileReference; fileEncoding = 4; lastKnownFileType = sourcecode.c.h; path = MSAIApplicationInsightsPrivate.h; sourceTree = "<group>"; };
		E400561D148D79B500EB22B9 /* Foundation.framework */ = {isa = PBXFileReference; lastKnownFileType = wrapper.framework; name = Foundation.framework; path = System/Library/Frameworks/Foundation.framework; sourceTree = SDKROOT; };
		E40E0B0A17DA1AFF005E38C1 /* MSAIAppClient.h */ = {isa = PBXFileReference; fileEncoding = 4; lastKnownFileType = sourcecode.c.h; path = MSAIAppClient.h; sourceTree = "<group>"; };
		E40E0B0B17DA1AFF005E38C1 /* MSAIAppClient.m */ = {isa = PBXFileReference; fileEncoding = 4; lastKnownFileType = sourcecode.c.objc; path = MSAIAppClient.m; sourceTree = "<group>"; };
		E41EB465148D7BF50015DEDC /* MSAIApplicationInsights.h */ = {isa = PBXFileReference; fileEncoding = 4; lastKnownFileType = sourcecode.c.h; path = MSAIApplicationInsights.h; sourceTree = "<group>"; };
		E41EB466148D7BF50015DEDC /* MSAIApplicationInsights.m */ = {isa = PBXFileReference; fileEncoding = 4; lastKnownFileType = sourcecode.c.objc; path = MSAIApplicationInsights.m; sourceTree = "<group>"; };
		E4933E7E17B66CDA00B11ACC /* MSAIHTTPOperation.h */ = {isa = PBXFileReference; fileEncoding = 4; lastKnownFileType = sourcecode.c.h; path = MSAIHTTPOperation.h; sourceTree = "<group>"; };
		E4933E7F17B66CDA00B11ACC /* MSAIHTTPOperation.m */ = {isa = PBXFileReference; fileEncoding = 4; lastKnownFileType = sourcecode.c.objc; path = MSAIHTTPOperation.m; sourceTree = "<group>"; };
/* End PBXFileReference section */

/* Begin PBXFrameworksBuildPhase section */
		1E5954DB15B6F24A00A03429 /* Frameworks */ = {
			isa = PBXFrameworksBuildPhase;
			buildActionMask = 2147483647;
			files = (
				1B85606F1A7A6A9D00A54FB7 /* UIKit.framework in Frameworks */,
				1E5954DC15B6F24A00A03429 /* Foundation.framework in Frameworks */,
			);
			runOnlyForDeploymentPostprocessing = 0;
		};
		1E5A458C16F0DFC200B55C04 /* Frameworks */ = {
			isa = PBXFrameworksBuildPhase;
			buildActionMask = 2147483647;
			files = (
				80E1A45A1AE54D6200603B0A /* libOCMock.a in Frameworks */,
				80ECBD1F1ADE9E39005CACF4 /* libz.dylib in Frameworks */,
				1B3B73081A94BC8E008DCADA /* CoreTelephony.framework in Frameworks */,
				1EA1170016F4D32C001C015C /* libApplicationInsights.a in Frameworks */,
				80E1A44C1AE54C7800603B0A /* OCHamcrestIOS.framework in Frameworks */,
				1E5A459516F0DFC200B55C04 /* Foundation.framework in Frameworks */,
				80E1A44A1AE54B6C00603B0A /* OCMockitoIOS.framework in Frameworks */,
			);
			runOnlyForDeploymentPostprocessing = 0;
		};
/* End PBXFrameworksBuildPhase section */

/* Begin PBXGroup section */
		1BA913001A9357A500251386 /* Persistence */ = {
			isa = PBXGroup;
			children = (
				594931F0F69C22CBB67A2AD9 /* MSAIPersistence.h */,
				59493E91C1D38C3FC5F77D19 /* MSAIPersistence.m */,
				8004739B1ABB8FC200BBFE62 /* MSAIPersistencePrivate.h */,
			);
			name = Persistence;
			sourceTree = "<group>";
		};
		1BBBCEC21A65927400253031 /* Channel */ = {
			isa = PBXGroup;
			children = (
				1BBBCF2E1A6594AE00253031 /* MSAIChannel.h */,
				1BBBCF2F1A6594AE00253031 /* MSAIChannel.m */,
				1B4D17E41A666EE30079D948 /* MSAIChannelPrivate.h */,
				1B47E02C1A84D3DF000B4C3D /* MSAIEnvelopeManager.h */,
				1B47E02D1A84D3DF000B4C3D /* MSAIEnvelopeManager.m */,
				1B47E0301A84D413000B4C3D /* MSAIEnvelopeManagerPrivate.h */,
				1BBBCF301A6594AE00253031 /* MSAITelemetryContext.h */,
				1BBBCF311A6594AE00253031 /* MSAITelemetryContext.m */,
				1BE129921A725797004D2AEE /* MSAITelemetryContextPrivate.h */,
			);
			name = Channel;
			sourceTree = "<group>";
		};
		1BBBCEC31A65927900253031 /* Contracts */ = {
			isa = PBXGroup;
			children = (
				807CFD721A712974004EA1B6 /* MSAIApplication.h */,
				807CFD731A712974004EA1B6 /* MSAIApplication.m */,
				807CFD741A712974004EA1B6 /* MSAIBase.h */,
				807CFD751A712974004EA1B6 /* MSAIBase.m */,
				807CFD761A712974004EA1B6 /* MSAIData.h */,
				807CFD771A712974004EA1B6 /* MSAIData.m */,
				807CFD781A712974004EA1B6 /* MSAIDataPoint.h */,
				807CFD791A712974004EA1B6 /* MSAIDataPoint.m */,
				807CFD7A1A712974004EA1B6 /* MSAIDataPointType.h */,
				807CFD7B1A712974004EA1B6 /* MSAIDependencyKind.h */,
				807CFD7C1A712974004EA1B6 /* MSAIDependencySourceType.h */,
				807CFD7D1A712974004EA1B6 /* MSAIDevice.h */,
				807CFD7E1A712974004EA1B6 /* MSAIDevice.m */,
				807CFD7F1A712974004EA1B6 /* MSAIDomain.h */,
				807CFD801A712974004EA1B6 /* MSAIDomain.m */,
				807CFD811A712974004EA1B6 /* MSAIEnums.h */,
				807CFD821A712974004EA1B6 /* MSAIEnvelope.h */,
				807CFD831A712974004EA1B6 /* MSAIEnvelope.m */,
				807CFD841A712974004EA1B6 /* MSAIEventData.h */,
				807CFD851A712974004EA1B6 /* MSAIEventData.m */,
				807CFD8A1A712974004EA1B6 /* MSAIInternal.h */,
				807CFD8B1A712974004EA1B6 /* MSAIInternal.m */,
				807CFD8C1A712974004EA1B6 /* MSAILocation.h */,
				807CFD8D1A712974004EA1B6 /* MSAILocation.m */,
				807CFD8E1A712974004EA1B6 /* MSAIMessageData.h */,
				807CFD8F1A712974004EA1B6 /* MSAIMessageData.m */,
				807CFD901A712974004EA1B6 /* MSAIMetricData.h */,
				807CFD911A712974004EA1B6 /* MSAIMetricData.m */,
				807CFD6A1A712969004EA1B6 /* MSAIObject.h */,
				807CFD6B1A712969004EA1B6 /* MSAIObject.m */,
				807CFD921A712974004EA1B6 /* MSAIOperation.h */,
				807CFD931A712974004EA1B6 /* MSAIOperation.m */,
				807CFD941A712974004EA1B6 /* MSAIPageViewData.h */,
				807CFD951A712974004EA1B6 /* MSAIPageViewData.m */,
				807CFD961A712974004EA1B6 /* MSAIPageViewPerfData.h */,
				807CFD971A712974004EA1B6 /* MSAIPageViewPerfData.m */,
				807CFD981A712974004EA1B6 /* MSAIRemoteDependencyData.h */,
				807CFD991A712974004EA1B6 /* MSAIRemoteDependencyData.m */,
				807CFD9A1A712974004EA1B6 /* MSAIRequestData.h */,
				807CFD9B1A712974004EA1B6 /* MSAIRequestData.m */,
				807CFD9C1A712974004EA1B6 /* MSAISession.h */,
				807CFD9D1A712974004EA1B6 /* MSAISession.m */,
				809E9E571AC455D9008A1AB5 /* MSAISessionState.h */,
				809E9E581AC455D9008A1AB5 /* MSAISessionStateData.h */,
				809E9E591AC455D9008A1AB5 /* MSAISessionStateData.m */,
				807CFD9E1A712974004EA1B6 /* MSAISeverityLevel.h */,
				807CFD6C1A712969004EA1B6 /* MSAITelemetryData.h */,
				807CFD6D1A712969004EA1B6 /* MSAITelemetryData.m */,
				807CFDA11A712974004EA1B6 /* MSAIUser.h */,
				807CFDA21A712974004EA1B6 /* MSAIUser.m */,
			);
			name = Contracts;
			sourceTree = "<group>";
		};
		1E5A459616F0DFC200B55C04 /* ApplicationInsights Tests */ = {
			isa = PBXGroup;
			children = (
				80E1A3EA1AE54B5300603B0A /* MSAIAppClientTests.m */,
				80E1A3EB1AE54B5300603B0A /* MSAIApplicationInsightsTests.m */,
				80E1A3EC1AE54B5300603B0A /* MSAIApplicationTests.m */,
				80E1A3ED1AE54B5300603B0A /* MSAIBaseTests.m */,
				80E1A3EE1AE54B5300603B0A /* MSAIChannelTests.m */,
				80E1A3F11AE54B5300603B0A /* MSAIDataPointTests.m */,
				80E1A3F21AE54B5300603B0A /* MSAIDataTests.m */,
				80E1A3F31AE54B5300603B0A /* MSAIDeviceTests.m */,
				80E1A3F41AE54B5300603B0A /* MSAIDomainTests.m */,
				80E1A3F51AE54B5300603B0A /* MSAIEnvelopeManagerTests.m */,
				80E1A3F61AE54B5300603B0A /* MSAIEnvelopeTests.m */,
				80E1A3F71AE54B5300603B0A /* MSAIEventDataTests.m */,
				80E1A3FA1AE54B5300603B0A /* MSAIHelperTests.m */,
				80E1A3FB1AE54B5300603B0A /* MSAIInternalTests.m */,
				80E1A3FC1AE54B5300603B0A /* MSAIKeychainUtilsTests.m */,
				80E1A3FD1AE54B5300603B0A /* MSAILocationTests.m */,
				80E1A3FE1AE54B5300603B0A /* MSAIMessageDataTests.m */,
				80E1A3FF1AE54B5300603B0A /* MSAIMetricDataTests.m */,
				80E1A4001AE54B5300603B0A /* MSAIOperationTests.m */,
				80E1A4011AE54B5300603B0A /* MSAIPageViewDataTests.m */,
				80E1A4021AE54B5300603B0A /* MSAIPageViewPerfDataTests.m */,
				80E1A4031AE54B5300603B0A /* MSAIPersistenceTest.m */,
				80E1A4041AE54B5300603B0A /* MSAIReachabilityTests.m */,
				80E1A4051AE54B5300603B0A /* MSAIRemoteDependencyDataTests.m */,
				80E1A4061AE54B5300603B0A /* MSAIRequestDataTests.m */,
				80E1A4071AE54B5300603B0A /* MSAISenderTests.m */,
				80E1A4081AE54B5300603B0A /* MSAIContextHelperTests.m */,
				80E1A4091AE54B5300603B0A /* MSAISessionTests.m */,
				80E1A40B1AE54B5300603B0A /* MSAITelemetryContextTests.m */,
				80E1A40C1AE54B5300603B0A /* MSAITelemetryManagerTests.m */,
				80E1A40E1AE54B5300603B0A /* MSAITestHelper.m */,
				80E1A40F1AE54B5300603B0A /* MSAITestsDependencyInjection.h */,
				80E1A4101AE54B5300603B0A /* MSAITestsDependencyInjection.m */,
				80E1A4111AE54B5300603B0A /* MSAIUserTests.m */,
				1E5A459716F0DFC200B55C04 /* Supporting Files */,
				8000A3D31B0E973F009F2B29 /* MSAICategoryContainerTests.m */,
			);
			name = "ApplicationInsights Tests";
			path = ApplicationInsightsTests;
			sourceTree = "<group>";
		};
		1E5A459716F0DFC200B55C04 /* Supporting Files */ = {
			isa = PBXGroup;
			children = (
				80E1A40D1AE54B5300603B0A /* MSAITestHelper.h */,
				80E1A4381AE54B6C00603B0A /* ApplicationInsightsTests-Info.plist */,
				80E1A4391AE54B6C00603B0A /* ApplicationInsightsTests-Prefix.pch */,
				80E1A44D1AE54C8500603B0A /* libOCMock.a */,
				80E1A44E1AE54C8500603B0A /* OCMock */,
				80E1A44B1AE54C7800603B0A /* OCHamcrestIOS.framework */,
				80E1A4461AE54B6C00603B0A /* OCMockitoIOS.framework */,
			);
			name = "Supporting Files";
			sourceTree = "<group>";
		};
		1E66CA8F15D40FF600F35BED /* Support */ = {
			isa = PBXGroup;
			children = (
				1B2B6E891C5B039800D89D13 /* release.xcconfig */,
				1B2B6E851C5AFF3600D89D13 /* module.modulemap */,
				1E754DC61621BC170070AB92 /* ApplicationInsights.xcconfig */,
				1E66CA9115D4100500F35BED /* buildnumber.xcconfig */,
			);
			name = Support;
			sourceTree = "<group>";
		};
		1E754E441621F95E0070AB92 /* Helper */ = {
			isa = PBXGroup;
			children = (
				1E49A4D4161222D400463151 /* ApplicationInsightsPrivate.h */,
				1E49A4D5161222D400463151 /* ApplicationInsightsPrivate.m */,
				1BC859691A7ACA820018FB6B /* MSAICategoryContainer.h */,
				1BC8596A1A7ACA820018FB6B /* MSAICategoryContainer.m */,
				1B62F4D61A692A3200EB5AD0 /* MSAIContext.h */,
				1B62F4D71A692A3200EB5AD0 /* MSAIContext.m */,
				1BE53D741AB889420048ABBC /* MSAIContextHelper.h */,
				1BE53D751AB889420048ABBC /* MSAIContextHelper.m */,
				1B2439BF1AB8AB8100B07374 /* MSAIContextHelperPrivate.h */,
				1B62F4DA1A692A6F00EB5AD0 /* MSAIContextPrivate.h */,
				80B69EEB1ADDC09900C47B0A /* MSAIGZIP.h */,
				1E49A4A5161222B900463151 /* MSAIHelper.h */,
				1E49A4A6161222B900463151 /* MSAIHelper.m */,
				1E0FEE26173BDB260061331F /* MSAIKeychainUtils.h */,
				1E0FEE27173BDB260061331F /* MSAIKeychainUtils.m */,
				80677CDA1B2EF23000B324E5 /* MSAINullability.h */,
				807CFD661A71294E004EA1B6 /* MSAIOrderedDictionary.h */,
				807CFD671A71294E004EA1B6 /* MSAIOrderedDictionary.m */,
				1BC8596D1A7ACC040018FB6B /* MSAIPageViewLogging_UIViewController.h */,
			);
			name = Helper;
			sourceTree = "<group>";
		};
		1EB2E4C318FD4CBC008BB1CF /* Telemetry */ = {
			isa = PBXGroup;
			children = (
				1EB2E4C418FD4CEA008BB1CF /* MSAITelemetryManager.h */,
				1EB2E4C518FD4CEA008BB1CF /* MSAITelemetryManager.m */,
				1EB2E4C818FD4E90008BB1CF /* MSAITelemetryManagerPrivate.h */,
			);
			name = Telemetry;
			sourceTree = "<group>";
		};
		80E1A44E1AE54C8500603B0A /* OCMock */ = {
			isa = PBXGroup;
			children = (
				80E1A44F1AE54C8500603B0A /* NSNotificationCenter+OCMAdditions.h */,
				80E1A4501AE54C8500603B0A /* OCMArg.h */,
				80E1A4511AE54C8500603B0A /* OCMConstraint.h */,
				80E1A4521AE54C8500603B0A /* OCMLocation.h */,
				80E1A4531AE54C8500603B0A /* OCMMacroState.h */,
				80E1A4541AE54C8500603B0A /* OCMock.h */,
				80E1A4551AE54C8500603B0A /* OCMockObject.h */,
				80E1A4561AE54C8500603B0A /* OCMRecorder.h */,
				80E1A4571AE54C8500603B0A /* OCMStubRecorder.h */,
			);
			name = OCMock;
			path = ApplicationInsightsTests/OCMock;
			sourceTree = SOURCE_ROOT;
		};
		E400560F148D79B500EB22B9 = {
			isa = PBXGroup;
			children = (
				E41EB489148D7BF90015DEDC /* ApplicationInsights */,
				1E5A459616F0DFC200B55C04 /* ApplicationInsights Tests */,
				E400561C148D79B500EB22B9 /* Frameworks */,
				E4005648148D7A3000EB22B9 /* Resources */,
				1E66CA8F15D40FF600F35BED /* Support */,
				E400561B148D79B500EB22B9 /* Products */,
			);
			indentWidth = 2;
			sourceTree = "<group>";
			tabWidth = 2;
			usesTabs = 0;
		};
		E400561B148D79B500EB22B9 /* Products */ = {
			isa = PBXGroup;
			children = (
				1E5954F215B6F24A00A03429 /* libApplicationInsights.a */,
				1E5A459016F0DFC200B55C04 /* ApplicationInsightsTests.xctest */,
			);
			name = Products;
			sourceTree = "<group>";
		};
		E400561C148D79B500EB22B9 /* Frameworks */ = {
			isa = PBXGroup;
			children = (
				1E3A26131B2B2CFE00D59683 /* libc++.dylib */,
				80B69EEF1ADDC49100C47B0A /* libz.dylib */,
				1B3B73071A94BC8E008DCADA /* CoreTelephony.framework */,
				1B85606E1A7A6A9D00A54FB7 /* UIKit.framework */,
				E400561D148D79B500EB22B9 /* Foundation.framework */,
			);
			name = Frameworks;
			sourceTree = "<group>";
		};
		E4005648148D7A3000EB22B9 /* Resources */ = {
			isa = PBXGroup;
			children = (
				8000A3D21B0E8D83009F2B29 /* ApplicationInsights-Info.plist */,
			);
			name = Resources;
			path = ../Resources;
			sourceTree = "<group>";
		};
		E41EB458148D7BF50015DEDC /* Classes */ = {
			isa = PBXGroup;
			children = (
				1BBBCEC31A65927900253031 /* Contracts */,
				1E754E441621F95E0070AB92 /* Helper */,
				1EB2E4C318FD4CBC008BB1CF /* Telemetry */,
				1BA913001A9357A500251386 /* Persistence */,
				1BBBCEC21A65927400253031 /* Channel */,
				E48A3DE917B3ECF900924C3D /* Network */,
				1E3A2B4C19645DC800D5BD66 /* ApplicationInsights-Prefix.pch */,
				1E71509A15B5C76F004E88FF /* ApplicationInsights.h */,
				1E84DB3317E0977C00AC83FD /* ApplicationInsightsFeatureConfig.h */,
				E41EB465148D7BF50015DEDC /* MSAIApplicationInsights.h */,
				80F334B11A9C93290098026F /* MSAIApplicationInsightsPrivate.h */,
				E41EB466148D7BF50015DEDC /* MSAIApplicationInsights.m */,
			);
			name = Classes;
			path = ../Classes;
			sourceTree = "<group>";
		};
		E41EB489148D7BF90015DEDC /* ApplicationInsights */ = {
			isa = PBXGroup;
			children = (
				E41EB458148D7BF50015DEDC /* Classes */,
			);
			name = ApplicationInsights;
			sourceTree = "<group>";
		};
		E48A3DE917B3ECF900924C3D /* Network */ = {
			isa = PBXGroup;
			children = (
				E48A3DF017B408D800924C3D /* private */,
				E40E0B0A17DA1AFF005E38C1 /* MSAIAppClient.h */,
				E40E0B0B17DA1AFF005E38C1 /* MSAIAppClient.m */,
				1BE29B461A6FB8C20014A10F /* MSAISender.h */,
				1BE29B471A6FB8C20014A10F /* MSAISender.m */,
				1BE29B4A1A6FBAB50014A10F /* MSAISenderPrivate.h */,
				1B3FB89C1A93756100D06311 /* MSAIReachability.h */,
				1B3FB89D1A93756100D06311 /* MSAIReachability.m */,
				1B3FB8A51A9383C300D06311 /* MSAIReachabilityPrivate.h */,
			);
			name = Network;
			sourceTree = "<group>";
		};
		E48A3DF017B408D800924C3D /* private */ = {
			isa = PBXGroup;
			children = (
				E4933E7E17B66CDA00B11ACC /* MSAIHTTPOperation.h */,
				E4933E7F17B66CDA00B11ACC /* MSAIHTTPOperation.m */,
			);
			name = private;
			sourceTree = "<group>";
		};
/* End PBXGroup section */

/* Begin PBXHeadersBuildPhase section */
		1E59558B15B6FD8800A03429 /* Headers */ = {
			isa = PBXHeadersBuildPhase;
			buildActionMask = 2147483647;
			files = (
				1E59559B15B6FDA500A03429 /* ApplicationInsights.h in Headers */,
				1E84DB3417E099BA00AC83FD /* ApplicationInsightsFeatureConfig.h in Headers */,
				80677CDB1B2EF23000B324E5 /* MSAINullability.h in Headers */,
				807CFDAB1A712974004EA1B6 /* MSAIDataPointType.h in Headers */,
				1B47E02E1A84D3DF000B4C3D /* MSAIEnvelopeManager.h in Headers */,
				1E59559A15B6FDA500A03429 /* MSAIApplicationInsights.h in Headers */,
				8042486D1AC2266A001DBE4F /* MSAIAppClient.h in Headers */,
				807CFDA31A712974004EA1B6 /* MSAIApplication.h in Headers */,
				807CFDA71A712974004EA1B6 /* MSAIData.h in Headers */,
				1BBBCF341A6594AE00253031 /* MSAIChannel.h in Headers */,
				1B62F4D81A692A3200EB5AD0 /* MSAIContext.h in Headers */,
				1E49A4D8161222D400463151 /* ApplicationInsightsPrivate.h in Headers */,
				803871C21A94C26500BF295F /* MSAIContextPrivate.h in Headers */,
				803871C31A94C26500BF295F /* MSAITelemetryManagerPrivate.h in Headers */,
				80F334B21A9C93290098026F /* MSAIApplicationInsightsPrivate.h in Headers */,
				8004739C1ABB8FC200BBFE62 /* MSAIPersistencePrivate.h in Headers */,
				803871C41A94C26500BF295F /* MSAIChannelPrivate.h in Headers */,
				803871C51A94C26500BF295F /* MSAITelemetryContextPrivate.h in Headers */,
				803871BD1A94C0A600BF295F /* MSAIPageViewLogging_UIViewController.h in Headers */,
				1BC8596B1A7ACA820018FB6B /* MSAICategoryContainer.h in Headers */,
				803871C61A94C26500BF295F /* MSAIEnvelopeManagerPrivate.h in Headers */,
				803871C71A94C26500BF295F /* MSAISenderPrivate.h in Headers */,
				1BBBCF361A6594AE00253031 /* MSAITelemetryContext.h in Headers */,
				80B69EED1ADDC09900C47B0A /* MSAIGZIP.h in Headers */,
				807CFDC31A712974004EA1B6 /* MSAIOperation.h in Headers */,
				809E9E5B1AC455D9008A1AB5 /* MSAISessionStateData.h in Headers */,
				807CFDB31A712974004EA1B6 /* MSAIEnvelope.h in Headers */,
				807CFDAD1A712974004EA1B6 /* MSAIDependencySourceType.h in Headers */,
				807CFDBF1A712974004EA1B6 /* MSAIMessageData.h in Headers */,
				807CFDC71A712974004EA1B6 /* MSAIPageViewPerfData.h in Headers */,
				1B3FB89E1A93756100D06311 /* MSAIReachability.h in Headers */,
				807CFDCD1A712974004EA1B6 /* MSAISession.h in Headers */,
				1EB2E4C618FD4CEA008BB1CF /* MSAITelemetryManager.h in Headers */,
				807CFDC51A712974004EA1B6 /* MSAIPageViewData.h in Headers */,
				807CFD701A712969004EA1B6 /* MSAITelemetryData.h in Headers */,
				807CFD681A71294E004EA1B6 /* MSAIOrderedDictionary.h in Headers */,
				1BE29B481A6FB8C20014A10F /* MSAISender.h in Headers */,
				807CFDB01A712974004EA1B6 /* MSAIDomain.h in Headers */,
				807CFDA91A712974004EA1B6 /* MSAIDataPoint.h in Headers */,
				E4933E8017B66CDA00B11ACC /* MSAIHTTPOperation.h in Headers */,
				807CFDAE1A712974004EA1B6 /* MSAIDevice.h in Headers */,
				807CFDB51A712974004EA1B6 /* MSAIEventData.h in Headers */,
				807CFDC91A712974004EA1B6 /* MSAIRemoteDependencyData.h in Headers */,
				1E49A4BE161222B900463151 /* MSAIHelper.h in Headers */,
				807CFDCB1A712974004EA1B6 /* MSAIRequestData.h in Headers */,
				807CFDA51A712974004EA1B6 /* MSAIBase.h in Headers */,
				807CFD6E1A712969004EA1B6 /* MSAIObject.h in Headers */,
				807CFDD21A712974004EA1B6 /* MSAIUser.h in Headers */,
				807CFDB21A712974004EA1B6 /* MSAIEnums.h in Headers */,
				807CFDCF1A712974004EA1B6 /* MSAISeverityLevel.h in Headers */,
				807CFDBB1A712974004EA1B6 /* MSAIInternal.h in Headers */,
				807CFDAC1A712974004EA1B6 /* MSAIDependencyKind.h in Headers */,
				809E9E5A1AC455D9008A1AB5 /* MSAISessionState.h in Headers */,
				807CFDC11A712974004EA1B6 /* MSAIMetricData.h in Headers */,
				1BE53D761AB889420048ABBC /* MSAIContextHelper.h in Headers */,
				807CFDBD1A712974004EA1B6 /* MSAILocation.h in Headers */,
				1E0FEE28173BDB260061331F /* MSAIKeychainUtils.h in Headers */,
				594931B3422F36B9D1DA449C /* MSAIPersistence.h in Headers */,
			);
			runOnlyForDeploymentPostprocessing = 0;
		};
/* End PBXHeadersBuildPhase section */

/* Begin PBXNativeTarget section */
		1E5954CB15B6F24A00A03429 /* ApplicationInsights */ = {
			isa = PBXNativeTarget;
			buildConfigurationList = 1E5954EF15B6F24A00A03429 /* Build configuration list for PBXNativeTarget "ApplicationInsights" */;
			buildPhases = (
				1E5954CC15B6F24A00A03429 /* Sources */,
				1E5954DB15B6F24A00A03429 /* Frameworks */,
				1E59558B15B6FD8800A03429 /* Headers */,
			);
			buildRules = (
			);
			dependencies = (
			);
			name = ApplicationInsights;
			productName = ApplicationInsights;
			productReference = 1E5954F215B6F24A00A03429 /* libApplicationInsights.a */;
			productType = "com.apple.product-type.library.static";
		};
		1E5A458F16F0DFC200B55C04 /* ApplicationInsights Tests */ = {
			isa = PBXNativeTarget;
			buildConfigurationList = 1E5A45A216F0DFC200B55C04 /* Build configuration list for PBXNativeTarget "ApplicationInsights Tests" */;
			buildPhases = (
				1E5A458B16F0DFC200B55C04 /* Sources */,
				1E5A458C16F0DFC200B55C04 /* Frameworks */,
				1E5A458D16F0DFC200B55C04 /* Resources */,
			);
			buildRules = (
			);
			dependencies = (
				1EA116FF16F4D302001C015C /* PBXTargetDependency */,
			);
			name = "ApplicationInsights Tests";
			productName = ApplicationInsightsTests;
			productReference = 1E5A459016F0DFC200B55C04 /* ApplicationInsightsTests.xctest */;
			productType = "com.apple.product-type.bundle.unit-test";
		};
/* End PBXNativeTarget section */

/* Begin PBXProject section */
		E4005611148D79B500EB22B9 /* Project object */ = {
			isa = PBXProject;
			attributes = {
				LastTestingUpgradeCheck = 0600;
				LastUpgradeCheck = 0710;
			};
			buildConfigurationList = E4005614148D79B500EB22B9 /* Build configuration list for PBXProject "ApplicationInsights" */;
			compatibilityVersion = "Xcode 3.2";
			developmentRegion = English;
			hasScannedForEncodings = 0;
			knownRegions = (
				en,
			);
			mainGroup = E400560F148D79B500EB22B9;
			productRefGroup = E400561B148D79B500EB22B9 /* Products */;
			projectDirPath = "";
			projectRoot = "";
			targets = (
				1E5954CB15B6F24A00A03429 /* ApplicationInsights */,
				1E8E66AD15BC3D7700632A2E /* ApplicationInsights Documentation */,
				1E4F61E91621AD970033EFC5 /* ApplicationInsights Framework */,
				1E5A458F16F0DFC200B55C04 /* ApplicationInsights Tests */,
			);
		};
/* End PBXProject section */

/* Begin PBXResourcesBuildPhase section */
		1E5A458D16F0DFC200B55C04 /* Resources */ = {
			isa = PBXResourcesBuildPhase;
			buildActionMask = 2147483647;
			files = (
			);
			runOnlyForDeploymentPostprocessing = 0;
		};
/* End PBXResourcesBuildPhase section */

/* Begin PBXShellScriptBuildPhase section */
		1E4F61ED1621ADE70033EFC5 /* Build universal embedded framework */ = {
			isa = PBXShellScriptBuildPhase;
			buildActionMask = 2147483647;
			files = (
			);
			inputPaths = (
			);
			name = "Build universal embedded framework";
			outputPaths = (
			);
			runOnlyForDeploymentPostprocessing = 0;
			shellPath = /bin/sh;
			shellScript = "# Sets the target folders and the final framework product.\nFMK_NAME=ApplicationInsights\nFMK_VERSION=A\n\n# Documentation\nAIS_DOCSET_VERSION_NAME=\"com.microsoft.applicationinsights.${AIS_DOCSET_NAME}-${VERSION_STRING}\"\n\n# Install dir will be the final output to the framework.\n# The following line create it in the root folder of the current project.\nPRODUCTS_DIR=${SRCROOT}/../Products\nZIP_FOLDER=${FMK_NAME}\nTEMP_DIR=${PRODUCTS_DIR}/${ZIP_FOLDER}\nINSTALL_DIR=${TEMP_DIR}/${FMK_NAME}.framework\n\n# Working dir will be deleted after the framework creation.\nWRK_DIR=build\nDEVICE_DIR=${WRK_DIR}/Release-iphoneos\nSIMULATOR_DIR=${WRK_DIR}/Release-iphonesimulator\n\n# Working dir will be deleted after the framework creation.\nWRK_DIR=build\nDEVICE_DIR=${WRK_DIR}/Release-iphoneos\nSIMULATOR_DIR=${WRK_DIR}/Release-iphonesimulator\n\n# Building the full featured SDK\n\n# Building both architectures.\nxcodebuild -project \"ApplicationInsights.xcodeproj\" -configuration \"Release\" -target \"${FMK_NAME}\" -sdk iphoneos\nxcodebuild -project \"ApplicationInsights.xcodeproj\" -configuration \"Release\" -target \"${FMK_NAME}\" -sdk iphonesimulator\n\n# Cleaning the products directory to make sure we have the latest files in it.\nif [ -d \"${TEMP_DIR}\" ]\nthen\nrm -rf \"${TEMP_DIR}\"\nfi\n\n# Creates and renews the final product folder.\nmkdir -p \"${INSTALL_DIR}\"\nmkdir -p \"${INSTALL_DIR}/Modules\"\nmkdir -p \"${INSTALL_DIR}/Versions\"\nmkdir -p \"${INSTALL_DIR}/Versions/${FMK_VERSION}\"\nmkdir -p \"${INSTALL_DIR}/Versions/${FMK_VERSION}/Resources\"\nmkdir -p \"${INSTALL_DIR}/Versions/${FMK_VERSION}/Headers\"\n\n# Creates the internal links.\n# It MUST uses relative path, otherwise will not work when the folder is copied/moved.\nln -s \"${FMK_VERSION}\" \"${INSTALL_DIR}/Versions/Current\"\nln -s \"Versions/Current/Headers\" \"${INSTALL_DIR}/Headers\"\nln -s \"Versions/Current/Resources\" \"${INSTALL_DIR}/Resources\"\nln -s \"Versions/Current/${FMK_NAME}\" \"${INSTALL_DIR}/${FMK_NAME}\"\n\n# Copy the swift import file\ncp -f \"${SRCROOT}/module.modulemap\" \"${INSTALL_DIR}/Modules/\"\n\n# Copies the headers and resources files to the final product folder.\ncp -R \"${SRCROOT}/build/Release-iphoneos/include/${FMK_NAME}/\" \"${INSTALL_DIR}/Versions/${FMK_VERSION}/Headers/\"\ncp -f \"${SRCROOT}/${FMK_NAME}.xcconfig\" \"${INSTALL_DIR}/Versions/${FMK_VERSION}/Resources/\"\n\n# Uses the Lipo Tool to merge both binary files (i386 + armv6/armv7) into one Universal final product.\nlipo -create \"${DEVICE_DIR}/lib${FMK_NAME}.a\" \"${SIMULATOR_DIR}/lib${FMK_NAME}.a\" -output \"${INSTALL_DIR}/Versions/${FMK_VERSION}/${FMK_NAME}\"\n\nrm -r \"${WRK_DIR}\"\n\n# build embeddedframework folder and move framework into it\nmkdir \"${INSTALL_DIR}/../${FMK_NAME}\"\nmv \"${INSTALL_DIR}\" \"${INSTALL_DIR}/../${FMK_NAME}/${FMK_NAME}.framework\"\n\n# copy license, changelog, documentation, integration json\n#cp -f \"${SRCROOT}/../Docs/Changelog-template.md\" \"${TEMP_DIR}/CHANGELOG\"\ncp -f \"${SRCROOT}/../Docs/Readme-template.md\" \"${TEMP_DIR}/README.md\"\ncp -f \"${SRCROOT}/../Docs/Readme-template.md\" \"${SRCROOT}/../README.md\"\ncp -f \"${SRCROOT}/../LICENSE\" \"${TEMP_DIR}\"\nmkdir \"${TEMP_DIR}/${AIS_DOCSET_VERSION_NAME}.docset\"\ncp -R \"${SRCROOT}/../documentation/docset/Contents\" \"${TEMP_DIR}/${AIS_DOCSET_VERSION_NAME}.docset\"\n\n# build zip\ncd \"${PRODUCTS_DIR}\"\nrm -f \"${FMK_NAME}-${VERSION_STRING}.zip\"\nzip -yr \"${FMK_NAME}-${VERSION_STRING}.zip\" \"${ZIP_FOLDER}\" -x \\*/.*\n";
		};
		1E8E66B215BC3D8200632A2E /* ShellScript */ = {
			isa = PBXShellScriptBuildPhase;
			buildActionMask = 2147483647;
			files = (
			);
			inputPaths = (
			);
			outputPaths = (
			);
			runOnlyForDeploymentPostprocessing = 0;
			shellPath = /bin/sh;
			shellScript = "/usr/local/bin/appledoc \\\n  --output \"${SOURCE_ROOT}/../documentation\" \\\n  --ignore Vendor \\\n  --ignore Products \\\n  --ignore Support \\\n  --ignore .m \\\n  --ignore *Private.h \\\n  --create-html \\\n  --create-docset \\\n  --install-docset \\\n  --keep-intermediate-files \\\n  --project-name \"${MSAI_DOCSET_NAME} ${VERSION_STRING}\" \\\n  --project-version \"${VERSION_STRING}\" \\\n  --project-company \"Microsoft\" \\\n  --company-id \"com.microsoft\" \\\n  --docset-bundle-name \"${MSAI_DOCSET_NAME} ${VERSION_STRING}\" \\\n  --docset-feed-name \"${MSAI_DOCSET_NAME}\" \\\n  --docset-desc \"\" \\\n  --docset-platform-family \"iphoneos\" \\\n  --index-desc \"${SOURCE_ROOT}/../docs/index.md\" \\\n  --include \"${SOURCE_ROOT}/../docs/index.html\" \\\n  --include \"${SOURCE_ROOT}/../docs/\" \\\n  --merge-categories \\\n  --no-repeat-first-par \\\n  --warn-undocumented-object \\\n  --warn-undocumented-member \\\n  --warn-empty-description \\\n  --warn-unknown-directive \\\n  --warn-invalid-crossref \\\n  --warn-missing-arg \\\n  --logformat xcode \\\n  --exit-threshold 2 \\\n  \"${SOURCE_ROOT}/../\"\n";
		};
/* End PBXShellScriptBuildPhase section */

/* Begin PBXSourcesBuildPhase section */
		1E5954CC15B6F24A00A03429 /* Sources */ = {
			isa = PBXSourcesBuildPhase;
			buildActionMask = 2147483647;
			files = (
				807CFDCC1A712974004EA1B6 /* MSAIRequestData.m in Sources */,
				807CFDC81A712974004EA1B6 /* MSAIPageViewPerfData.m in Sources */,
				807CFDAA1A712974004EA1B6 /* MSAIDataPoint.m in Sources */,
				807CFDC01A712974004EA1B6 /* MSAIMessageData.m in Sources */,
				807CFDC41A712974004EA1B6 /* MSAIOperation.m in Sources */,
				807CFD6F1A712969004EA1B6 /* MSAIObject.m in Sources */,
				807CFDAF1A712974004EA1B6 /* MSAIDevice.m in Sources */,
				807CFDCA1A712974004EA1B6 /* MSAIRemoteDependencyData.m in Sources */,
				1E5954D315B6F24A00A03429 /* MSAIApplicationInsights.m in Sources */,
				1BE29B491A6FB8C20014A10F /* MSAISender.m in Sources */,
				1BBBCF371A6594AE00253031 /* MSAITelemetryContext.m in Sources */,
				807CFDC21A712974004EA1B6 /* MSAIMetricData.m in Sources */,
				1B47E02F1A84D3DF000B4C3D /* MSAIEnvelopeManager.m in Sources */,
				E40E0B0D17DA1AFF005E38C1 /* MSAIAppClient.m in Sources */,
				807CFDA61A712974004EA1B6 /* MSAIBase.m in Sources */,
				1B3FB89F1A93756100D06311 /* MSAIReachability.m in Sources */,
				809E9E5C1AC455D9008A1AB5 /* MSAISessionStateData.m in Sources */,
				807CFDBC1A712974004EA1B6 /* MSAIInternal.m in Sources */,
				807CFDBE1A712974004EA1B6 /* MSAILocation.m in Sources */,
				E4933E8117B66CDA00B11ACC /* MSAIHTTPOperation.m in Sources */,
				1BE53D771AB889420048ABBC /* MSAIContextHelper.m in Sources */,
				807CFDB41A712974004EA1B6 /* MSAIEnvelope.m in Sources */,
				1E49A4C1161222B900463151 /* MSAIHelper.m in Sources */,
				807CFDCE1A712974004EA1B6 /* MSAISession.m in Sources */,
				807CFD691A71294E004EA1B6 /* MSAIOrderedDictionary.m in Sources */,
				807CFDC61A712974004EA1B6 /* MSAIPageViewData.m in Sources */,
				1EB2E4C718FD4CEA008BB1CF /* MSAITelemetryManager.m in Sources */,
				1E49A4DB161222D400463151 /* ApplicationInsightsPrivate.m in Sources */,
				807CFD711A712969004EA1B6 /* MSAITelemetryData.m in Sources */,
				1BC8596C1A7ACA820018FB6B /* MSAICategoryContainer.m in Sources */,
				807CFDB11A712974004EA1B6 /* MSAIDomain.m in Sources */,
				807CFDD31A712974004EA1B6 /* MSAIUser.m in Sources */,
				807CFDB61A712974004EA1B6 /* MSAIEventData.m in Sources */,
				807CFDA81A712974004EA1B6 /* MSAIData.m in Sources */,
				1B62F4D91A692A3200EB5AD0 /* MSAIContext.m in Sources */,
				807CFDA41A712974004EA1B6 /* MSAIApplication.m in Sources */,
				1BBBCF351A6594AE00253031 /* MSAIChannel.m in Sources */,
				1E0FEE29173BDB260061331F /* MSAIKeychainUtils.m in Sources */,
				59493E4E3899627127FA6760 /* MSAIPersistence.m in Sources */,
			);
			runOnlyForDeploymentPostprocessing = 0;
		};
		1E5A458B16F0DFC200B55C04 /* Sources */ = {
			isa = PBXSourcesBuildPhase;
			buildActionMask = 2147483647;
			files = (
				80E1A4151AE54B5300603B0A /* MSAIBaseTests.m in Sources */,
				8000A3D41B0E973F009F2B29 /* MSAICategoryContainerTests.m in Sources */,
				80E1A42F1AE54B5300603B0A /* MSAISenderTests.m in Sources */,
				80E1A4291AE54B5300603B0A /* MSAIPageViewDataTests.m in Sources */,
				80E1A4361AE54B5300603B0A /* MSAITestsDependencyInjection.m in Sources */,
				80E1A41B1AE54B5300603B0A /* MSAIDeviceTests.m in Sources */,
				80E1A4261AE54B5300603B0A /* MSAIMessageDataTests.m in Sources */,
				80E1A4121AE54B5300603B0A /* MSAIAppClientTests.m in Sources */,
				80E1A41C1AE54B5300603B0A /* MSAIDomainTests.m in Sources */,
				80E1A4371AE54B5300603B0A /* MSAIUserTests.m in Sources */,
				80E1A4271AE54B5300603B0A /* MSAIMetricDataTests.m in Sources */,
				80E1A41F1AE54B5300603B0A /* MSAIEventDataTests.m in Sources */,
				80E1A4231AE54B5300603B0A /* MSAIInternalTests.m in Sources */,
				80E1A4191AE54B5300603B0A /* MSAIDataPointTests.m in Sources */,
				80E1A4221AE54B5300603B0A /* MSAIHelperTests.m in Sources */,
				80E1A42A1AE54B5300603B0A /* MSAIPageViewPerfDataTests.m in Sources */,
				80E1A4161AE54B5300603B0A /* MSAIChannelTests.m in Sources */,
				80E1A42D1AE54B5300603B0A /* MSAIRemoteDependencyDataTests.m in Sources */,
				80E1A4301AE54B5300603B0A /* MSAIContextHelperTests.m in Sources */,
				80E1A42E1AE54B5300603B0A /* MSAIRequestDataTests.m in Sources */,
				80E1A4311AE54B5300603B0A /* MSAISessionTests.m in Sources */,
				80E1A4251AE54B5300603B0A /* MSAILocationTests.m in Sources */,
				80E1A4341AE54B5300603B0A /* MSAITelemetryManagerTests.m in Sources */,
				80E1A41A1AE54B5300603B0A /* MSAIDataTests.m in Sources */,
				80E1A42C1AE54B5300603B0A /* MSAIReachabilityTests.m in Sources */,
				80E1A4141AE54B5300603B0A /* MSAIApplicationTests.m in Sources */,
				80E1A41E1AE54B5300603B0A /* MSAIEnvelopeTests.m in Sources */,
				80E1A4241AE54B5300603B0A /* MSAIKeychainUtilsTests.m in Sources */,
				80E1A4281AE54B5300603B0A /* MSAIOperationTests.m in Sources */,
				80E1A41D1AE54B5300603B0A /* MSAIEnvelopeManagerTests.m in Sources */,
				80E1A4131AE54B5300603B0A /* MSAIApplicationInsightsTests.m in Sources */,
				80E1A4351AE54B5300603B0A /* MSAITestHelper.m in Sources */,
				80E1A42B1AE54B5300603B0A /* MSAIPersistenceTest.m in Sources */,
				80E1A4331AE54B5300603B0A /* MSAITelemetryContextTests.m in Sources */,
			);
			runOnlyForDeploymentPostprocessing = 0;
		};
/* End PBXSourcesBuildPhase section */

/* Begin PBXTargetDependency section */
		1E754E431621F6290070AB92 /* PBXTargetDependency */ = {
			isa = PBXTargetDependency;
			target = 1E8E66AD15BC3D7700632A2E /* ApplicationInsights Documentation */;
			targetProxy = 1E754E421621F6290070AB92 /* PBXContainerItemProxy */;
		};
		1EA116FF16F4D302001C015C /* PBXTargetDependency */ = {
			isa = PBXTargetDependency;
			target = 1E5954CB15B6F24A00A03429 /* ApplicationInsights */;
			targetProxy = 1EA116FE16F4D302001C015C /* PBXContainerItemProxy */;
		};
/* End PBXTargetDependency section */

/* Begin XCBuildConfiguration section */
		1E4F61EB1621AD970033EFC5 /* Debug */ = {
			isa = XCBuildConfiguration;
			buildSettings = {
				INFOPLIST_FILE = "$(PROJECT_DIR)/../Resources/ApplicationInsights-Info.plist";
				PRODUCT_BUNDLE_IDENTIFIER = "com.microsoft.${PRODUCT_NAME:rfc1034identifier}";
				PRODUCT_NAME = ApplicationInsights.framework;
			};
			name = Debug;
		};
		1E4F61EC1621AD970033EFC5 /* Release */ = {
			isa = XCBuildConfiguration;
			buildSettings = {
				INFOPLIST_FILE = "$(PROJECT_DIR)/../Resources/ApplicationInsights-Info.plist";
				PRODUCT_BUNDLE_IDENTIFIER = "com.microsoft.${PRODUCT_NAME:rfc1034identifier}";
				PRODUCT_NAME = ApplicationInsights.framework;
			};
			name = Release;
		};
		1E5954F015B6F24A00A03429 /* Debug */ = {
			isa = XCBuildConfiguration;
			buildSettings = {
				"ARCHS[sdk=iphonesimulator*]" = "$(MSAI_SIM_ARCHS)";
				CLANG_CXX_LANGUAGE_STANDARD = "gnu++0x";
				CLANG_CXX_LIBRARY = "libc++";
				DSTROOT = /tmp/AIS.dst;
				FRAMEWORK_SEARCH_PATHS = (
					"$(inherited)",
					"\"$(SRCROOT)/../Vendor\"",
					"$(PROJECT_DIR)",
				);
				GCC_THUMB_SUPPORT = NO;
				PRODUCT_NAME = ApplicationInsights;
				PUBLIC_HEADERS_FOLDER_PATH = "include/$(PRODUCT_NAME)";
				SKIP_INSTALL = YES;
				"VALID_ARCHS[sdk=iphonesimulator*]" = "$(MSAI_SIM_ARCHS)";
				WARNING_CFLAGS = (
					"-Wall",
					"-Wextra",
					"-Wno-unused-parameter",
				);
			};
			name = Debug;
		};
		1E5954F115B6F24A00A03429 /* Release */ = {
			isa = XCBuildConfiguration;
			buildSettings = {
				"ARCHS[sdk=iphonesimulator*]" = "$(MSAI_SIM_ARCHS)";
				CLANG_CXX_LANGUAGE_STANDARD = "gnu++0x";
				CLANG_CXX_LIBRARY = "libc++";
				DSTROOT = /tmp/AIS.dst;
				FRAMEWORK_SEARCH_PATHS = (
					"$(inherited)",
					"\"$(SRCROOT)/../Vendor\"",
					"$(PROJECT_DIR)",
				);
				GCC_THUMB_SUPPORT = NO;
				PRODUCT_NAME = ApplicationInsights;
				PUBLIC_HEADERS_FOLDER_PATH = "include/$(PRODUCT_NAME)";
				SKIP_INSTALL = YES;
				"VALID_ARCHS[sdk=iphonesimulator*]" = "$(MSAI_SIM_ARCHS)";
				WARNING_CFLAGS = (
					"-Wall",
					"-Wextra",
					"-Wno-unused-parameter",
				);
			};
			name = Release;
		};
		1E5A45A016F0DFC200B55C04 /* Debug */ = {
			isa = XCBuildConfiguration;
			buildSettings = {
				CLANG_CXX_LANGUAGE_STANDARD = "gnu++0x";
				CLANG_CXX_LIBRARY = "libc++";
				CLANG_WARN_CONSTANT_CONVERSION = YES;
				CLANG_WARN_EMPTY_BODY = YES;
				CLANG_WARN_ENUM_CONVERSION = YES;
				CLANG_WARN_INT_CONVERSION = YES;
				CLANG_WARN__DUPLICATE_METHOD_MATCH = YES;
				FRAMEWORK_SEARCH_PATHS = (
					"$(inherited)",
					"\"$(SDKROOT)/Developer/Library/Frameworks\"",
					"$(SRCROOT)/../Vendor",
					"$(SRCROOT)/ApplicationInsightsTests",
				);
				GCC_LINK_WITH_DYNAMIC_LIBRARIES = YES;
				GCC_PREPROCESSOR_DEFINITIONS = (
					"$(inherited)",
					"DEBUG=1",
				);
				GCC_WARN_UNINITIALIZED_AUTOS = YES;
				HEADER_SEARCH_PATHS = (
					"$(inherited)",
					/Applications/Xcode.app/Contents/Developer/Toolchains/XcodeDefault.xctoolchain/usr/include,
					"$(SRCROOT)/../Classes",
					"$(SRCROOT)/ApplicationInsightsTests",
				);
				INFOPLIST_FILE = "ApplicationInsightsTests/ApplicationInsightsTests-Info.plist";
				IPHONEOS_DEPLOYMENT_TARGET = 6.1;
				LIBRARY_SEARCH_PATHS = (
					"$(inherited)",
					"$(SRCROOT)/ApplicationInsightsTests",
				);
				ONLY_ACTIVE_ARCH = YES;
				OTHER_LDFLAGS = (
					"$(inherited)",
					"-ObjC",
				);
				PRODUCT_BUNDLE_IDENTIFIER = "com.microsoft.${PRODUCT_NAME:rfc1034identifier}";
				PRODUCT_NAME = ApplicationInsightsTests;
				WARNING_CFLAGS = (
					"-Wall",
					"-Wextra",
				);
			};
			name = Debug;
		};
		1E5A45A116F0DFC200B55C04 /* Release */ = {
			isa = XCBuildConfiguration;
			buildSettings = {
				CLANG_CXX_LANGUAGE_STANDARD = "gnu++0x";
				CLANG_CXX_LIBRARY = "libc++";
				CLANG_WARN_CONSTANT_CONVERSION = YES;
				CLANG_WARN_EMPTY_BODY = YES;
				CLANG_WARN_ENUM_CONVERSION = YES;
				CLANG_WARN_INT_CONVERSION = YES;
				CLANG_WARN__DUPLICATE_METHOD_MATCH = YES;
				COPY_PHASE_STRIP = YES;
				FRAMEWORK_SEARCH_PATHS = (
					"$(inherited)",
					"\"$(SDKROOT)/Developer/Library/Frameworks\"",
					"$(SRCROOT)/../Vendor",
					"$(SRCROOT)/ApplicationInsightsTests",
				);
				GCC_LINK_WITH_DYNAMIC_LIBRARIES = YES;
				GCC_PRECOMPILE_PREFIX_HEADER = YES;
				GCC_WARN_UNINITIALIZED_AUTOS = YES;
				HEADER_SEARCH_PATHS = (
					"$(inherited)",
					/Applications/Xcode.app/Contents/Developer/Toolchains/XcodeDefault.xctoolchain/usr/include,
					"$(SRCROOT)/../Classes",
					"$(SRCROOT)/ApplicationInsightsTests",
				);
				INFOPLIST_FILE = "ApplicationInsightsTests/ApplicationInsightsTests-Info.plist";
				IPHONEOS_DEPLOYMENT_TARGET = 6.1;
				LIBRARY_SEARCH_PATHS = (
					"$(inherited)",
					"$(SRCROOT)/ApplicationInsightsTests",
				);
				ONLY_ACTIVE_ARCH = YES;
				OTHER_LDFLAGS = (
					"$(inherited)",
					"-ObjC",
				);
				PRODUCT_BUNDLE_IDENTIFIER = "com.microsoft.${PRODUCT_NAME:rfc1034identifier}";
				PRODUCT_NAME = ApplicationInsightsTests;
				VALIDATE_PRODUCT = YES;
				WARNING_CFLAGS = (
					"-Wall",
					"-Wextra",
				);
			};
			name = Release;
		};
		1E8E66AE15BC3D7700632A2E /* Debug */ = {
			isa = XCBuildConfiguration;
			buildSettings = {
				GCC_THUMB_SUPPORT = NO;
				INFOPLIST_FILE = "$(PROJECT_DIR)/../Resources/ApplicationInsights-Info.plist";
				PRODUCT_BUNDLE_IDENTIFIER = "com.microsoft.${PRODUCT_NAME:rfc1034identifier}";
				PRODUCT_NAME = "ApplicationInsights Documentation";
			};
			name = Debug;
		};
		1E8E66AF15BC3D7700632A2E /* Release */ = {
			isa = XCBuildConfiguration;
			buildSettings = {
				GCC_THUMB_SUPPORT = NO;
				INFOPLIST_FILE = "$(PROJECT_DIR)/../Resources/ApplicationInsights-Info.plist";
				PRODUCT_BUNDLE_IDENTIFIER = "com.microsoft.${PRODUCT_NAME:rfc1034identifier}";
				PRODUCT_NAME = "ApplicationInsights Documentation";
			};
			name = Release;
		};
		E400563C148D79B500EB22B9 /* Debug */ = {
			isa = XCBuildConfiguration;
			baseConfigurationReference = 1E66CA9115D4100500F35BED /* buildnumber.xcconfig */;
			buildSettings = {
				ALWAYS_SEARCH_USER_PATHS = NO;
				CLANG_ENABLE_OBJC_ARC = YES;
				CLANG_WARN_ENUM_CONVERSION = YES;
				COPY_PHASE_STRIP = NO;
				DEAD_CODE_STRIPPING = NO;
				ENABLE_TESTABILITY = YES;
				GCC_C_LANGUAGE_STANDARD = gnu99;
				GCC_DYNAMIC_NO_PIC = NO;
				GCC_OPTIMIZATION_LEVEL = 0;
				GCC_PREPROCESSOR_DEFINITIONS = (
					"MSAI_STATIC_LIBRARY=1",
					"DEBUG=1",
					"$(inherited)",
				);
				GCC_SYMBOLS_PRIVATE_EXTERN = NO;
				GCC_THUMB_SUPPORT = NO;
				GCC_VERSION = "";
				GCC_WARN_ABOUT_MISSING_NEWLINE = YES;
				GCC_WARN_ABOUT_MISSING_PROTOTYPES = YES;
				GCC_WARN_ABOUT_RETURN_TYPE = YES;
				GCC_WARN_STRICT_SELECTOR_MATCH = YES;
				GCC_WARN_UNDECLARED_SELECTOR = YES;
				GCC_WARN_UNUSED_VARIABLE = YES;
				INFOPLIST_FILE = "../Resources/AIS-Info.plist";
				IPHONEOS_DEPLOYMENT_TARGET = 6.0;
				"IPHONEOS_DEPLOYMENT_TARGET[arch=arm64]" = 7.0;
				MACOSX_DEPLOYMENT_TARGET = 10.5;
				ONLY_ACTIVE_ARCH = YES;
				RUN_CLANG_STATIC_ANALYZER = YES;
				SDKROOT = iphoneos;
			};
			name = Debug;
		};
		E400563D148D79B500EB22B9 /* Release */ = {
			isa = XCBuildConfiguration;
			baseConfigurationReference = 1E66CA9115D4100500F35BED /* buildnumber.xcconfig */;
			buildSettings = {
				ALWAYS_SEARCH_USER_PATHS = NO;
				CLANG_ENABLE_OBJC_ARC = YES;
				CLANG_WARN_ENUM_CONVERSION = YES;
				COPY_PHASE_STRIP = NO;
				DEAD_CODE_STRIPPING = NO;
				GCC_C_LANGUAGE_STANDARD = gnu99;
				GCC_PREPROCESSOR_DEFINITIONS = (
					"MSAI_STATIC_LIBRARY=1",
					"$(inherited)",
				);
				GCC_THUMB_SUPPORT = NO;
				GCC_VERSION = "";
				GCC_WARN_ABOUT_MISSING_NEWLINE = YES;
				GCC_WARN_ABOUT_MISSING_PROTOTYPES = YES;
				GCC_WARN_ABOUT_RETURN_TYPE = YES;
				GCC_WARN_STRICT_SELECTOR_MATCH = YES;
				GCC_WARN_UNDECLARED_SELECTOR = YES;
				GCC_WARN_UNUSED_VARIABLE = YES;
				INFOPLIST_FILE = "../Resources/AIS-Info.plist";
				IPHONEOS_DEPLOYMENT_TARGET = 6.0;
				"IPHONEOS_DEPLOYMENT_TARGET[arch=arm64]" = 7.0;
				MACOSX_DEPLOYMENT_TARGET = 10.5;
				RUN_CLANG_STATIC_ANALYZER = YES;
				SDKROOT = iphoneos;
				VALIDATE_PRODUCT = NO;
			};
			name = Release;
		};
/* End XCBuildConfiguration section */

/* Begin XCConfigurationList section */
		1E4F61EA1621AD970033EFC5 /* Build configuration list for PBXAggregateTarget "ApplicationInsights Framework" */ = {
			isa = XCConfigurationList;
			buildConfigurations = (
				1E4F61EB1621AD970033EFC5 /* Debug */,
				1E4F61EC1621AD970033EFC5 /* Release */,
			);
			defaultConfigurationIsVisible = 0;
			defaultConfigurationName = Release;
		};
		1E5954EF15B6F24A00A03429 /* Build configuration list for PBXNativeTarget "ApplicationInsights" */ = {
			isa = XCConfigurationList;
			buildConfigurations = (
				1E5954F015B6F24A00A03429 /* Debug */,
				1E5954F115B6F24A00A03429 /* Release */,
			);
			defaultConfigurationIsVisible = 0;
			defaultConfigurationName = Release;
		};
		1E5A45A216F0DFC200B55C04 /* Build configuration list for PBXNativeTarget "ApplicationInsights Tests" */ = {
			isa = XCConfigurationList;
			buildConfigurations = (
				1E5A45A016F0DFC200B55C04 /* Debug */,
				1E5A45A116F0DFC200B55C04 /* Release */,
			);
			defaultConfigurationIsVisible = 0;
			defaultConfigurationName = Release;
		};
		1E8E66B015BC3D7700632A2E /* Build configuration list for PBXAggregateTarget "ApplicationInsights Documentation" */ = {
			isa = XCConfigurationList;
			buildConfigurations = (
				1E8E66AE15BC3D7700632A2E /* Debug */,
				1E8E66AF15BC3D7700632A2E /* Release */,
			);
			defaultConfigurationIsVisible = 0;
			defaultConfigurationName = Release;
		};
		E4005614148D79B500EB22B9 /* Build configuration list for PBXProject "ApplicationInsights" */ = {
			isa = XCConfigurationList;
			buildConfigurations = (
				E400563C148D79B500EB22B9 /* Debug */,
				E400563D148D79B500EB22B9 /* Release */,
			);
			defaultConfigurationIsVisible = 0;
			defaultConfigurationName = Release;
		};
/* End XCConfigurationList section */
	};
	rootObject = E4005611148D79B500EB22B9 /* Project object */;
}
